{
  "version": 4,
  "terraform_version": "1.15.3",
  "serial": 122,
  "lineage": "dc89c51c-72c2-6ffc-b11d-4b4368976487",
  "outputs": {
    "alb_service_a_dns": {
      "value": "multicloud-devops-dev-alb-a-1170719732.ap-southeast-2.elb.amazonaws.com",
      "type": "string"
    },
    "alb_service_b_dns": {
      "value": "multicloud-devops-dev-alb-b-177230446.ap-southeast-2.elb.amazonaws.com",
      "type": "string"
    },
    "codepipeline_name": {
      "value": "not-created (set codestar_connection_arn)",
      "type": "string"
    },
    "dynamodb_table_name": {
      "value": "multicloud-devops-dev-transactions",
      "type": "string"
    },
    "ecr_repo_url_service_a": {
      "value": "587601535321.dkr.ecr.ap-southeast-2.amazonaws.com/multicloud-devops-dev-service-a",
      "type": "string"
    },
    "ecr_repo_url_service_b": {
      "value": "587601535321.dkr.ecr.ap-southeast-2.amazonaws.com/multicloud-devops-dev-service-b",
      "type": "string"
    },
    "ecs_cluster_arn": {
      "value": "arn:aws:ecs:ap-southeast-2:587601535321:cluster/multicloud-devops-dev-devops-cluster",
      "type": "string"
    },
    "ecs_cluster_name": {
      "value": "multicloud-devops-dev-devops-cluster",
      "type": "string"
    },
    "gcp_assets_bucket": {
      "value": "multicloud-devops-dev-assets-multicloud-devops-project",
      "type": "string"
    },
    "public_subnet_ids": {
      "value": [
        "subnet-04044d1108d4ba1a4",
        "subnet-02f48ffc540d2e299"
      ],
      "type": [
        "tuple",
        [
          "string",
          "string"
        ]
      ]
    },
    "s3_pipeline_bucket": {
      "value": "multicloud-devops-dev-pipeline-artifacts-587601535321",
      "type": "string"
    },
    "service_a_url": {
      "value": "http://multicloud-devops-dev-alb-a-1170719732.ap-southeast-2.elb.amazonaws.com",
      "type": "string"
    },
    "service_b_url": {
      "value": "http://multicloud-devops-dev-alb-b-177230446.ap-southeast-2.elb.amazonaws.com",
      "type": "string"
    },
    "sns_topic_arn": {
      "value": "arn:aws:sns:ap-southeast-2:587601535321:multicloud-devops-dev-notifications",
      "type": "string"
    },
    "vpc_id": {
      "value": "vpc-0051b3bf31acfe29d",
      "type": "string"
    }
  },
  "resources": [
    {
      "mode": "data",
      "type": "aws_iam_policy_document",
      "name": "codebuild",
      "provider": "provider[\"registry.terraform.io/hashicorp/aws\"]",
      "instances": [
        {
          "schema_version": 0,
          "attributes": {
            "id": "1260474986",
            "json": "{\n  \"Version\": \"2012-10-17\",\n  \"Statement\": [\n    {\n      \"Effect\": \"Allow\",\n      \"Action\": \"ecr:GetAuthorizationToken\",\n      \"Resource\": \"*\"\n    },\n    {\n      \"Effect\": \"Allow\",\n      \"Action\": [\n        \"ecr:UploadLayerPart\",\n        \"ecr:PutImage\",\n        \"ecr:InitiateLayerUpload\",\n        \"ecr:GetDownloadUrlForLayer\",\n        \"ecr:CompleteLayerUpload\",\n        \"ecr:BatchGetImage\",\n        \"ecr:BatchCheckLayerAvailability\"\n      ],\n      \"Resource\": [\n        \"arn:aws:ecr:ap-southeast-2:587601535321:repository/multicloud-devops-dev-service-b\",\n        \"arn:aws:ecr:ap-southeast-2:587601535321:repository/multicloud-devops-dev-service-a\"\n      ]\n    },\n    {\n      \"Effect\": \"Allow\",\n      \"Action\": [\n        \"logs:PutLogEvents\",\n        \"logs:CreateLogStream\",\n        \"logs:CreateLogGroup\"\n      ],\n      \"Resource\": \"*\"\n    },\n    {\n      \"Effect\": \"Allow\",\n      \"Action\": [\n        \"s3:PutObject\",\n        \"s3:GetObject\",\n        \"s3:GetBucketLocation\",\n        \"s3:GetBucketAcl\"\n      ],\n      \"Resource\": [\n        \"arn:aws:s3:::multicloud-devops-dev-pipeline-artifacts-587601535321/*\",\n        \"arn:aws:s3:::multicloud-devops-dev-pipeline-artifacts-587601535321\"\n      ]\n    },\n    {\n      \"Effect\": \"Allow\",\n      \"Action\": [\n        \"ecs:UpdateService\",\n        \"ecs:RegisterTaskDefinition\",\n        \"ecs:ListTasks\",\n        \"ecs:DescribeTasks\",\n        \"ecs:DescribeTaskDefinition\",\n        \"ecs:DescribeServices\"\n      ],\n      \"Resource\": \"*\"\n    },\n    {\n      \"Effect\": \"Allow\",\n      \"Action\": [\n        \"elasticloadbalancing:ModifyListener\",\n        \"elasticloadbalancing:DescribeTargetHealth\",\n        \"elasticloadbalancing:DescribeTargetGroups\",\n        \"elasticloadbalancing:DescribeListeners\"\n      ],\n      \"Resource\": \"*\"\n    },\n    {\n      \"Effect\": \"Allow\",\n      \"Action\": \"iam:PassRole\",\n      \"Resource\": [\n        \"arn:aws:iam::587601535321:role/multicloud-devops-dev-service-b-task-role\",\n        \"arn:aws:iam::587601535321:role/multicloud-devops-dev-service-a-task-role\",\n        \"arn:aws:iam::587601535321:role/multicloud-devops-dev-ecs-exec-role\"\n      ]\n    }\n  ]\n}",
            "minified_json": "{\"Version\":\"2012-10-17\",\"Statement\":[{\"Effect\":\"Allow\",\"Action\":\"ecr:GetAuthorizationToken\",\"Resource\":\"*\"},{\"Effect\":\"Allow\",\"Action\":[\"ecr:UploadLayerPart\",\"ecr:PutImage\",\"ecr:InitiateLayerUpload\",\"ecr:GetDownloadUrlForLayer\",\"ecr:CompleteLayerUpload\",\"ecr:BatchGetImage\",\"ecr:BatchCheckLayerAvailability\"],\"Resource\":[\"arn:aws:ecr:ap-southeast-2:587601535321:repository/multicloud-devops-dev-service-b\",\"arn:aws:ecr:ap-southeast-2:587601535321:repository/multicloud-devops-dev-service-a\"]},{\"Effect\":\"Allow\",\"Action\":[\"logs:PutLogEvents\",\"logs:CreateLogStream\",\"logs:CreateLogGroup\"],\"Resource\":\"*\"},{\"Effect\":\"Allow\",\"Action\":[\"s3:PutObject\",\"s3:GetObject\",\"s3:GetBucketLocation\",\"s3:GetBucketAcl\"],\"Resource\":[\"arn:aws:s3:::multicloud-devops-dev-pipeline-artifacts-587601535321/*\",\"arn:aws:s3:::multicloud-devops-dev-pipeline-artifacts-587601535321\"]},{\"Effect\":\"Allow\",\"Action\":[\"ecs:UpdateService\",\"ecs:RegisterTaskDefinition\",\"ecs:ListTasks\",\"ecs:DescribeTasks\",\"ecs:DescribeTaskDefinition\",\"ecs:DescribeServices\"],\"Resource\":\"*\"},{\"Effect\":\"Allow\",\"Action\":[\"elasticloadbalancing:ModifyListener\",\"elasticloadbalancing:DescribeTargetHealth\",\"elasticloadbalancing:DescribeTargetGroups\",\"elasticloadbalancing:DescribeListeners\"],\"Resource\":\"*\"},{\"Effect\":\"Allow\",\"Action\":\"iam:PassRole\",\"Resource\":[\"arn:aws:iam::587601535321:role/multicloud-devops-dev-service-b-task-role\",\"arn:aws:iam::587601535321:role/multicloud-devops-dev-service-a-task-role\",\"arn:aws:iam::587601535321:role/multicloud-devops-dev-ecs-exec-role\"]}]}",
            "override_json": null,
            "override_policy_documents": null,
            "policy_id": null,
            "source_json": null,
            "source_policy_documents": null,
            "statement": [
              {
                "actions": [
                  "ecr:GetAuthorizationToken"
                ],
                "condition": [],
                "effect": "Allow",
                "not_actions": [],
                "not_principals": [],
                "not_resources": [],
                "principals": [],
                "resources": [
                  "*"
                ],
                "sid": ""
              },
              {
                "actions": [
                  "ecr:BatchCheckLayerAvailability",
                  "ecr:BatchGetImage",
                  "ecr:CompleteLayerUpload",
                  "ecr:GetDownloadUrlForLayer",
                  "ecr:InitiateLayerUpload",
                  "ecr:PutImage",
                  "ecr:UploadLayerPart"
                ],
                "condition": [],
                "effect": "Allow",
                "not_actions": [],
                "not_principals": [],
                "not_resources": [],
                "principals": [],
                "resources": [
                  "arn:aws:ecr:ap-southeast-2:587601535321:repository/multicloud-devops-dev-service-a",
                  "arn:aws:ecr:ap-southeast-2:587601535321:repository/multicloud-devops-dev-service-b"
                ],
                "sid": ""
              },
              {
                "actions": [
                  "logs:CreateLogGroup",
                  "logs:CreateLogStream",
                  "logs:PutLogEvents"
                ],
                "condition": [],
                "effect": "Allow",
                "not_actions": [],
                "not_principals": [],
                "not_resources": [],
                "principals": [],
                "resources": [
                  "*"
                ],
                "sid": ""
              },
              {
                "actions": [
                  "s3:GetBucketAcl",
                  "s3:GetBucketLocation",
                  "s3:GetObject",
                  "s3:PutObject"
                ],
                "condition": [],
                "effect": "Allow",
                "not_actions": [],
                "not_principals": [],
                "not_resources": [],
                "principals": [],
                "resources": [
                  "arn:aws:s3:::multicloud-devops-dev-pipeline-artifacts-587601535321",
                  "arn:aws:s3:::multicloud-devops-dev-pipeline-artifacts-587601535321/*"
                ],
                "sid": ""
              },
              {
                "actions": [
                  "ecs:DescribeServices",
                  "ecs:DescribeTaskDefinition",
                  "ecs:DescribeTasks",
                  "ecs:ListTasks",
                  "ecs:RegisterTaskDefinition",
                  "ecs:UpdateService"
                ],
                "condition": [],
                "effect": "Allow",
                "not_actions": [],
                "not_principals": [],
                "not_resources": [],
                "principals": [],
                "resources": [
                  "*"
                ],
                "sid": ""
              },
              {
                "actions": [
                  "elasticloadbalancing:DescribeListeners",
                  "elasticloadbalancing:DescribeTargetGroups",
                  "elasticloadbalancing:DescribeTargetHealth",
                  "elasticloadbalancing:ModifyListener"
                ],
                "condition": [],
                "effect": "Allow",
                "not_actions": [],
                "not_principals": [],
                "not_resources": [],
                "principals": [],
                "resources": [
                  "*"
                ],
                "sid": ""
              },
              {
                "actions": [
                  "iam:PassRole"
                ],
                "condition": [],
                "effect": "Allow",
                "not_actions": [],
                "not_principals": [],
                "not_resources": [],
                "principals": [],
                "resources": [
                  "arn:aws:iam::587601535321:role/multicloud-devops-dev-ecs-exec-role",
                  "arn:aws:iam::587601535321:role/multicloud-devops-dev-service-a-task-role",
                  "arn:aws:iam::587601535321:role/multicloud-devops-dev-service-b-task-role"
                ],
                "sid": ""
              }
            ],
            "version": "2012-10-17"
          },
          "sensitive_attributes": [],
          "identity_schema_version": 0
        }
      ]
    },
    {
      "mode": "data",
      "type": "aws_iam_policy_document",
      "name": "codebuild_assume_role",
      "provider": "provider[\"registry.terraform.io/hashicorp/aws\"]",
      "instances": [
        {
          "schema_version": 0,
          "attributes": {
            "id": "1229436035",
            "json": "{\n  \"Version\": \"2012-10-17\",\n  \"Statement\": [\n    {\n      \"Effect\": \"Allow\",\n      \"Action\": \"sts:AssumeRole\",\n      \"Principal\": {\n        \"Service\": \"codebuild.amazonaws.com\"\n      }\n    }\n  ]\n}",
            "minified_json": "{\"Version\":\"2012-10-17\",\"Statement\":[{\"Effect\":\"Allow\",\"Action\":\"sts:AssumeRole\",\"Principal\":{\"Service\":\"codebuild.amazonaws.com\"}}]}",
            "override_json": null,
            "override_policy_documents": null,
            "policy_id": null,
            "source_json": null,
            "source_policy_documents": null,
            "statement": [
              {
                "actions": [
                  "sts:AssumeRole"
                ],
                "condition": [],
                "effect": "Allow",
                "not_actions": [],
                "not_principals": [],
                "not_resources": [],
                "principals": [
                  {
                    "identifiers": [
                      "codebuild.amazonaws.com"
                    ],
                    "type": "Service"
                  }
                ],
                "resources": [],
                "sid": ""
              }
            ],
            "version": "2012-10-17"
          },
          "sensitive_attributes": [],
          "identity_schema_version": 0
        }
      ]
    },
    {
      "mode": "data",
      "type": "aws_iam_policy_document",
      "name": "codepipeline",
      "provider": "provider[\"registry.terraform.io/hashicorp/aws\"]",
      "instances": [
        {
          "schema_version": 0,
          "attributes": {
            "id": "2285419037",
            "json": "{\n  \"Version\": \"2012-10-17\",\n  \"Statement\": [\n    {\n      \"Effect\": \"Allow\",\n      \"Action\": [\n        \"s3:PutObject\",\n        \"s3:GetObject\",\n        \"s3:GetBucketVersioning\"\n      ],\n      \"Resource\": [\n        \"arn:aws:s3:::multicloud-devops-dev-pipeline-artifacts-587601535321/*\",\n        \"arn:aws:s3:::multicloud-devops-dev-pipeline-artifacts-587601535321\"\n      ]\n    },\n    {\n      \"Effect\": \"Allow\",\n      \"Action\": [\n        \"codebuild:StartBuild\",\n        \"codebuild:BatchGetBuilds\"\n      ],\n      \"Resource\": [\n        \"arn:aws:codebuild:ap-southeast-2:587601535321:project/multicloud-devops-dev-deploy-service-b\",\n        \"arn:aws:codebuild:ap-southeast-2:587601535321:project/multicloud-devops-dev-deploy-service-a\",\n        \"arn:aws:codebuild:ap-southeast-2:587601535321:project/multicloud-devops-dev-build-service-b\",\n        \"arn:aws:codebuild:ap-southeast-2:587601535321:project/multicloud-devops-dev-build-service-a\"\n      ]\n    }\n  ]\n}",
            "minified_json": "{\"Version\":\"2012-10-17\",\"Statement\":[{\"Effect\":\"Allow\",\"Action\":[\"s3:PutObject\",\"s3:GetObject\",\"s3:GetBucketVersioning\"],\"Resource\":[\"arn:aws:s3:::multicloud-devops-dev-pipeline-artifacts-587601535321/*\",\"arn:aws:s3:::multicloud-devops-dev-pipeline-artifacts-587601535321\"]},{\"Effect\":\"Allow\",\"Action\":[\"codebuild:StartBuild\",\"codebuild:BatchGetBuilds\"],\"Resource\":[\"arn:aws:codebuild:ap-southeast-2:587601535321:project/multicloud-devops-dev-deploy-service-b\",\"arn:aws:codebuild:ap-southeast-2:587601535321:project/multicloud-devops-dev-deploy-service-a\",\"arn:aws:codebuild:ap-southeast-2:587601535321:project/multicloud-devops-dev-build-service-b\",\"arn:aws:codebuild:ap-southeast-2:587601535321:project/multicloud-devops-dev-build-service-a\"]}]}",
            "override_json": null,
            "override_policy_documents": null,
            "policy_id": null,
            "source_json": null,
            "source_policy_documents": null,
            "statement": [
              {
                "actions": [
                  "s3:GetBucketVersioning",
                  "s3:GetObject",
                  "s3:PutObject"
                ],
                "condition": [],
                "effect": "Allow",
                "not_actions": [],
                "not_principals": [],
                "not_resources": [],
                "principals": [],
                "resources": [
                  "arn:aws:s3:::multicloud-devops-dev-pipeline-artifacts-587601535321",
                  "arn:aws:s3:::multicloud-devops-dev-pipeline-artifacts-587601535321/*"
                ],
                "sid": ""
              },
              {
                "actions": [
                  "codebuild:BatchGetBuilds",
                  "codebuild:StartBuild"
                ],
                "condition": [],
                "effect": "Allow",
                "not_actions": [],
                "not_principals": [],
                "not_resources": [],
                "principals": [],
                "resources": [
                  "arn:aws:codebuild:ap-southeast-2:587601535321:project/multicloud-devops-dev-build-service-a",
                  "arn:aws:codebuild:ap-southeast-2:587601535321:project/multicloud-devops-dev-build-service-b",
                  "arn:aws:codebuild:ap-southeast-2:587601535321:project/multicloud-devops-dev-deploy-service-a",
                  "arn:aws:codebuild:ap-southeast-2:587601535321:project/multicloud-devops-dev-deploy-service-b"
                ],
                "sid": ""
              }
            ],
            "version": "2012-10-17"
          },
          "sensitive_attributes": [],
          "identity_schema_version": 0
        }
      ]
    },
    {
      "mode": "data",
      "type": "aws_iam_policy_document",
      "name": "codepipeline_assume_role",
      "provider": "provider[\"registry.terraform.io/hashicorp/aws\"]",
      "instances": [
        {
          "schema_version": 0,
          "attributes": {
            "id": "2245101310",
            "json": "{\n  \"Version\": \"2012-10-17\",\n  \"Statement\": [\n    {\n      \"Effect\": \"Allow\",\n      \"Action\": \"sts:AssumeRole\",\n      \"Principal\": {\n        \"Service\": \"codepipeline.amazonaws.com\"\n      }\n    }\n  ]\n}",
            "minified_json": "{\"Version\":\"2012-10-17\",\"Statement\":[{\"Effect\":\"Allow\",\"Action\":\"sts:AssumeRole\",\"Principal\":{\"Service\":\"codepipeline.amazonaws.com\"}}]}",
            "override_json": null,
            "override_policy_documents": null,
            "policy_id": null,
            "source_json": null,
            "source_policy_documents": null,
            "statement": [
              {
                "actions": [
                  "sts:AssumeRole"
                ],
                "condition": [],
                "effect": "Allow",
                "not_actions": [],
                "not_principals": [],
                "not_resources": [],
                "principals": [
                  {
                    "identifiers": [
                      "codepipeline.amazonaws.com"
                    ],
                    "type": "Service"
                  }
                ],
                "resources": [],
                "sid": ""
              }
            ],
            "version": "2012-10-17"
          },
          "sensitive_attributes": [],
          "identity_schema_version": 0
        }
      ]
    },
    {
      "mode": "data",
      "type": "aws_iam_policy_document",
      "name": "ecs_assume_role",
      "provider": "provider[\"registry.terraform.io/hashicorp/aws\"]",
      "instances": [
        {
          "schema_version": 0,
          "attributes": {
            "id": "1077804475",
            "json": "{\n  \"Version\": \"2012-10-17\",\n  \"Statement\": [\n    {\n      \"Effect\": \"Allow\",\n      \"Action\": \"sts:AssumeRole\",\n      \"Principal\": {\n        \"Service\": \"ecs-tasks.amazonaws.com\"\n      }\n    }\n  ]\n}",
            "minified_json": "{\"Version\":\"2012-10-17\",\"Statement\":[{\"Effect\":\"Allow\",\"Action\":\"sts:AssumeRole\",\"Principal\":{\"Service\":\"ecs-tasks.amazonaws.com\"}}]}",
            "override_json": null,
            "override_policy_documents": null,
            "policy_id": null,
            "source_json": null,
            "source_policy_documents": null,
            "statement": [
              {
                "actions": [
                  "sts:AssumeRole"
                ],
                "condition": [],
                "effect": "Allow",
                "not_actions": [],
                "not_principals": [],
                "not_resources": [],
                "principals": [
                  {
                    "identifiers": [
                      "ecs-tasks.amazonaws.com"
                    ],
                    "type": "Service"
                  }
                ],
                "resources": [],
                "sid": ""
              }
            ],
            "version": "2012-10-17"
          },
          "sensitive_attributes": [],
          "identity_schema_version": 0
        }
      ]
    },
    {
      "mode": "data",
      "type": "aws_iam_policy_document",
      "name": "entra_auditor_assume",
      "provider": "provider[\"registry.terraform.io/hashicorp/aws\"]",
      "instances": [
        {
          "schema_version": 0,
          "attributes": {
            "id": "1779436926",
            "json": "{\n  \"Version\": \"2012-10-17\",\n  \"Statement\": [\n    {\n      \"Effect\": \"Allow\",\n      \"Action\": \"sts:AssumeRoleWithSAML\",\n      \"Principal\": {\n        \"Federated\": \"arn:aws:iam::587601535321:saml-provider/multicloud-devops-dev-entra-id\"\n      },\n      \"Condition\": {\n        \"StringEquals\": {\n          \"SAML:aud\": \"https://signin.aws.amazon.com/saml\"\n        }\n      }\n    }\n  ]\n}",
            "minified_json": "{\"Version\":\"2012-10-17\",\"Statement\":[{\"Effect\":\"Allow\",\"Action\":\"sts:AssumeRoleWithSAML\",\"Principal\":{\"Federated\":\"arn:aws:iam::587601535321:saml-provider/multicloud-devops-dev-entra-id\"},\"Condition\":{\"StringEquals\":{\"SAML:aud\":\"https://signin.aws.amazon.com/saml\"}}}]}",
            "override_json": null,
            "override_policy_documents": null,
            "policy_id": null,
            "source_json": null,
            "source_policy_documents": null,
            "statement": [
              {
                "actions": [
                  "sts:AssumeRoleWithSAML"
                ],
                "condition": [
                  {
                    "test": "StringEquals",
                    "values": [
                      "https://signin.aws.amazon.com/saml"
                    ],
                    "variable": "SAML:aud"
                  }
                ],
                "effect": "Allow",
                "not_actions": [],
                "not_principals": [],
                "not_resources": [],
                "principals": [
                  {
                    "identifiers": [
                      "arn:aws:iam::587601535321:saml-provider/multicloud-devops-dev-entra-id"
                    ],
                    "type": "Federated"
                  }
                ],
                "resources": [],
                "sid": ""
              }
            ],
            "version": "2012-10-17"
          },
          "sensitive_attributes": [],
          "identity_schema_version": 0
        }
      ]
    },
    {
      "mode": "data",
      "type": "aws_iam_policy_document",
      "name": "entra_devops_assume",
      "provider": "provider[\"registry.terraform.io/hashicorp/aws\"]",
      "instances": [
        {
          "schema_version": 0,
          "attributes": {
            "id": "1779436926",
            "json": "{\n  \"Version\": \"2012-10-17\",\n  \"Statement\": [\n    {\n      \"Effect\": \"Allow\",\n      \"Action\": \"sts:AssumeRoleWithSAML\",\n      \"Principal\": {\n        \"Federated\": \"arn:aws:iam::587601535321:saml-provider/multicloud-devops-dev-entra-id\"\n      },\n      \"Condition\": {\n        \"StringEquals\": {\n          \"SAML:aud\": \"https://signin.aws.amazon.com/saml\"\n        }\n      }\n    }\n  ]\n}",
            "minified_json": "{\"Version\":\"2012-10-17\",\"Statement\":[{\"Effect\":\"Allow\",\"Action\":\"sts:AssumeRoleWithSAML\",\"Principal\":{\"Federated\":\"arn:aws:iam::587601535321:saml-provider/multicloud-devops-dev-entra-id\"},\"Condition\":{\"StringEquals\":{\"SAML:aud\":\"https://signin.aws.amazon.com/saml\"}}}]}",
            "override_json": null,
            "override_policy_documents": null,
            "policy_id": null,
            "source_json": null,
            "source_policy_documents": null,
            "statement": [
              {
                "actions": [
                  "sts:AssumeRoleWithSAML"
                ],
                "condition": [
                  {
                    "test": "StringEquals",
                    "values": [
                      "https://signin.aws.amazon.com/saml"
                    ],
                    "variable": "SAML:aud"
                  }
                ],
                "effect": "Allow",
                "not_actions": [],
                "not_principals": [],
                "not_resources": [],
                "principals": [
                  {
                    "identifiers": [
                      "arn:aws:iam::587601535321:saml-provider/multicloud-devops-dev-entra-id"
                    ],
                    "type": "Federated"
                  }
                ],
                "resources": [],
                "sid": ""
              }
            ],
            "version": "2012-10-17"
          },
          "sensitive_attributes": [],
          "identity_schema_version": 0
        }
      ]
    },
    {
      "mode": "data",
      "type": "aws_iam_policy_document",
      "name": "service_a_dynamodb",
      "provider": "provider[\"registry.terraform.io/hashicorp/aws\"]",
      "instances": [
        {
          "schema_version": 0,
          "attributes": {
            "id": "3592209927",
            "json": "{\n  \"Version\": \"2012-10-17\",\n  \"Statement\": [\n    {\n      \"Effect\": \"Allow\",\n      \"Action\": [\n        \"dynamodb:UpdateItem\",\n        \"dynamodb:Scan\",\n        \"dynamodb:PutItem\",\n        \"dynamodb:GetItem\",\n        \"dynamodb:DeleteItem\"\n      ],\n      \"Resource\": \"arn:aws:dynamodb:ap-southeast-2:587601535321:table/multicloud-devops-dev-transactions\"\n    }\n  ]\n}",
            "minified_json": "{\"Version\":\"2012-10-17\",\"Statement\":[{\"Effect\":\"Allow\",\"Action\":[\"dynamodb:UpdateItem\",\"dynamodb:Scan\",\"dynamodb:PutItem\",\"dynamodb:GetItem\",\"dynamodb:DeleteItem\"],\"Resource\":\"arn:aws:dynamodb:ap-southeast-2:587601535321:table/multicloud-devops-dev-transactions\"}]}",
            "override_json": null,
            "override_policy_documents": null,
            "policy_id": null,
            "source_json": null,
            "source_policy_documents": null,
            "statement": [
              {
                "actions": [
                  "dynamodb:DeleteItem",
                  "dynamodb:GetItem",
                  "dynamodb:PutItem",
                  "dynamodb:Scan",
                  "dynamodb:UpdateItem"
                ],
                "condition": [],
                "effect": "Allow",
                "not_actions": [],
                "not_principals": [],
                "not_resources": [],
                "principals": [],
                "resources": [
                  "arn:aws:dynamodb:ap-southeast-2:587601535321:table/multicloud-devops-dev-transactions"
                ],
                "sid": ""
              }
            ],
            "version": "2012-10-17"
          },
          "sensitive_attributes": [],
          "identity_schema_version": 0
        }
      ]
    },
    {
      "mode": "managed",
      "type": "aws_appautoscaling_policy",
      "name": "service_a_scale_in",
      "provider": "provider[\"registry.terraform.io/hashicorp/aws\"]",
      "instances": [
        {
          "schema_version": 0,
          "attributes": {
            "alarm_arns": [
              "arn:aws:cloudwatch:ap-southeast-2:587601535321:alarm:multicloud-devops-dev-service-a-cpu-low"
            ],
            "arn": "arn:aws:autoscaling:ap-southeast-2:587601535321:scalingPolicy:2cdcf3f5-38f8-4abc-a726-5741e9522501:resource/ecs/service/multicloud-devops-dev-devops-cluster/multicloud-devops-dev-service-a:policyName/multicloud-devops-dev-service-a-scale-in",
            "id": "multicloud-devops-dev-service-a-scale-in",
            "name": "multicloud-devops-dev-service-a-scale-in",
            "policy_type": "StepScaling",
            "resource_id": "service/multicloud-devops-dev-devops-cluster/multicloud-devops-dev-service-a",
            "scalable_dimension": "ecs:service:DesiredCount",
            "service_namespace": "ecs",
            "step_scaling_policy_configuration": [
              {
                "adjustment_type": "ChangeInCapacity",
                "cooldown": 60,
                "metric_aggregation_type": "Average",
                "min_adjustment_magnitude": 0,
                "step_adjustment": [
                  {
                    "metric_interval_lower_bound": "",
                    "metric_interval_upper_bound": "0",
                    "scaling_adjustment": -1
                  }
                ]
              }
            ],
            "target_tracking_scaling_policy_configuration": []
          },
          "sensitive_attributes": [],
          "identity_schema_version": 0,
          "private": "bnVsbA==",
          "dependencies": [
            "aws_appautoscaling_target.service_a",
            "aws_cloudwatch_log_group.service_a",
            "aws_dynamodb_table.transactions",
            "aws_ecr_repository.service_a",
            "aws_ecs_cluster.main",
            "aws_ecs_service.service_a",
            "aws_ecs_task_definition.service_a",
            "aws_iam_role.ecs_task_execution",
            "aws_iam_role.service_a_task",
            "aws_lb.service_a",
            "aws_lb_listener.service_a",
            "aws_lb_target_group.service_a",
            "aws_security_group.alb",
            "aws_security_group.ecs_tasks",
            "aws_subnet.public",
            "aws_vpc.main",
            "data.aws_iam_policy_document.ecs_assume_role"
          ]
        }
      ]
    },
    {
      "mode": "managed",
      "type": "aws_appautoscaling_policy",
      "name": "service_a_scale_out",
      "provider": "provider[\"registry.terraform.io/hashicorp/aws\"]",
      "instances": [
        {
          "schema_version": 0,
          "attributes": {
            "alarm_arns": [
              "arn:aws:cloudwatch:ap-southeast-2:587601535321:alarm:multicloud-devops-dev-service-a-cpu-high"
            ],
            "arn": "arn:aws:autoscaling:ap-southeast-2:587601535321:scalingPolicy:2cdcf3f5-38f8-4abc-a726-5741e9522501:resource/ecs/service/multicloud-devops-dev-devops-cluster/multicloud-devops-dev-service-a:policyName/multicloud-devops-dev-service-a-scale-out",
            "id": "multicloud-devops-dev-service-a-scale-out",
            "name": "multicloud-devops-dev-service-a-scale-out",
            "policy_type": "StepScaling",
            "resource_id": "service/multicloud-devops-dev-devops-cluster/multicloud-devops-dev-service-a",
            "scalable_dimension": "ecs:service:DesiredCount",
            "service_namespace": "ecs",
            "step_scaling_policy_configuration": [
              {
                "adjustment_type": "ChangeInCapacity",
                "cooldown": 60,
                "metric_aggregation_type": "Average",
                "min_adjustment_magnitude": 0,
                "step_adjustment": [
                  {
                    "metric_interval_lower_bound": "0",
                    "metric_interval_upper_bound": "",
                    "scaling_adjustment": 1
                  }
                ]
              }
            ],
            "target_tracking_scaling_policy_configuration": []
          },
          "sensitive_attributes": [],
          "identity_schema_version": 0,
          "private": "bnVsbA==",
          "dependencies": [
            "aws_appautoscaling_target.service_a",
            "aws_cloudwatch_log_group.service_a",
            "aws_dynamodb_table.transactions",
            "aws_ecr_repository.service_a",
            "aws_ecs_cluster.main",
            "aws_ecs_service.service_a",
            "aws_ecs_task_definition.service_a",
            "aws_iam_role.ecs_task_execution",
            "aws_iam_role.service_a_task",
            "aws_lb.service_a",
            "aws_lb_listener.service_a",
            "aws_lb_target_group.service_a",
            "aws_security_group.alb",
            "aws_security_group.ecs_tasks",
            "aws_subnet.public",
            "aws_vpc.main",
            "data.aws_iam_policy_document.ecs_assume_role"
          ]
        }
      ]
    },
    {
      "mode": "managed",
      "type": "aws_appautoscaling_policy",
      "name": "service_b_scale_in",
      "provider": "provider[\"registry.terraform.io/hashicorp/aws\"]",
      "instances": [
        {
          "schema_version": 0,
          "attributes": {
            "alarm_arns": [
              "arn:aws:cloudwatch:ap-southeast-2:587601535321:alarm:multicloud-devops-dev-service-b-cpu-low"
            ],
            "arn": "arn:aws:autoscaling:ap-southeast-2:587601535321:scalingPolicy:d4f9f1b1-8c55-4d78-b5bd-492330215b76:resource/ecs/service/multicloud-devops-dev-devops-cluster/multicloud-devops-dev-service-b:policyName/multicloud-devops-dev-service-b-scale-in",
            "id": "multicloud-devops-dev-service-b-scale-in",
            "name": "multicloud-devops-dev-service-b-scale-in",
            "policy_type": "StepScaling",
            "resource_id": "service/multicloud-devops-dev-devops-cluster/multicloud-devops-dev-service-b",
            "scalable_dimension": "ecs:service:DesiredCount",
            "service_namespace": "ecs",
            "step_scaling_policy_configuration": [
              {
                "adjustment_type": "ChangeInCapacity",
                "cooldown": 60,
                "metric_aggregation_type": "Average",
                "min_adjustment_magnitude": 0,
                "step_adjustment": [
                  {
                    "metric_interval_lower_bound": "",
                    "metric_interval_upper_bound": "0",
                    "scaling_adjustment": -1
                  }
                ]
              }
            ],
            "target_tracking_scaling_policy_configuration": []
          },
          "sensitive_attributes": [],
          "identity_schema_version": 0,
          "private": "bnVsbA==",
          "dependencies": [
            "aws_appautoscaling_target.service_b",
            "aws_cloudwatch_log_group.service_b",
            "aws_ecr_repository.service_b",
            "aws_ecs_cluster.main",
            "aws_ecs_service.service_b",
            "aws_ecs_task_definition.service_b",
            "aws_iam_role.ecs_task_execution",
            "aws_iam_role.service_b_task",
            "aws_lb.service_b",
            "aws_lb_listener.service_b",
            "aws_lb_target_group.service_b",
            "aws_security_group.alb",
            "aws_security_group.ecs_tasks",
            "aws_subnet.public",
            "aws_vpc.main",
            "data.aws_iam_policy_document.ecs_assume_role"
          ]
        }
      ]
    },
    {
      "mode": "managed",
      "type": "aws_appautoscaling_policy",
      "name": "service_b_scale_out",
      "provider": "provider[\"registry.terraform.io/hashicorp/aws\"]",
      "instances": [
        {
          "schema_version": 0,
          "attributes": {
            "alarm_arns": [
              "arn:aws:cloudwatch:ap-southeast-2:587601535321:alarm:multicloud-devops-dev-service-b-cpu-high"
            ],
            "arn": "arn:aws:autoscaling:ap-southeast-2:587601535321:scalingPolicy:d4f9f1b1-8c55-4d78-b5bd-492330215b76:resource/ecs/service/multicloud-devops-dev-devops-cluster/multicloud-devops-dev-service-b:policyName/multicloud-devops-dev-service-b-scale-out",
            "id": "multicloud-devops-dev-service-b-scale-out",
            "name": "multicloud-devops-dev-service-b-scale-out",
            "policy_type": "StepScaling",
            "resource_id": "service/multicloud-devops-dev-devops-cluster/multicloud-devops-dev-service-b",
            "scalable_dimension": "ecs:service:DesiredCount",
            "service_namespace": "ecs",
            "step_scaling_policy_configuration": [
              {
                "adjustment_type": "ChangeInCapacity",
                "cooldown": 60,
                "metric_aggregation_type": "Average",
                "min_adjustment_magnitude": 0,
                "step_adjustment": [
                  {
                    "metric_interval_lower_bound": "0",
                    "metric_interval_upper_bound": "",
                    "scaling_adjustment": 1
                  }
                ]
              }
            ],
            "target_tracking_scaling_policy_configuration": []
          },
          "sensitive_attributes": [],
          "identity_schema_version": 0,
          "private": "bnVsbA==",
          "dependencies": [
            "aws_appautoscaling_target.service_b",
            "aws_cloudwatch_log_group.service_b",
            "aws_ecr_repository.service_b",
            "aws_ecs_cluster.main",
            "aws_ecs_service.service_b",
            "aws_ecs_task_definition.service_b",
            "aws_iam_role.ecs_task_execution",
            "aws_iam_role.service_b_task",
            "aws_lb.service_b",
            "aws_lb_listener.service_b",
            "aws_lb_target_group.service_b",
            "aws_security_group.alb",
            "aws_security_group.ecs_tasks",
            "aws_subnet.public",
            "aws_vpc.main",
            "data.aws_iam_policy_document.ecs_assume_role"
          ]
        }
      ]
    },
    {
      "mode": "managed",
      "type": "aws_appautoscaling_target",
      "name": "service_a",
      "provider": "provider[\"registry.terraform.io/hashicorp/aws\"]",
      "instances": [
        {
          "schema_version": 0,
          "attributes": {
            "arn": "arn:aws:application-autoscaling:ap-southeast-2:587601535321:scalable-target/0ec52cdcf3f538f84abca7265741e9522501",
            "id": "service/multicloud-devops-dev-devops-cluster/multicloud-devops-dev-service-a",
            "max_capacity": 4,
            "min_capacity": 1,
            "resource_id": "service/multicloud-devops-dev-devops-cluster/multicloud-devops-dev-service-a",
            "role_arn": "arn:aws:iam::587601535321:role/aws-service-role/ecs.application-autoscaling.amazonaws.com/AWSServiceRoleForApplicationAutoScaling_ECSService",
            "scalable_dimension": "ecs:service:DesiredCount",
            "service_namespace": "ecs",
            "suspended_state": [
              {
                "dynamic_scaling_in_suspended": false,
                "dynamic_scaling_out_suspended": false,
                "scheduled_scaling_suspended": false
              }
            ],
            "tags": {},
            "tags_all": {
              "Assessment": "DCE04.2-Assessment1",
              "Environment": "dev",
              "ManagedBy": "terraform",
              "Project": "multicloud-devops"
            }
          },
          "sensitive_attributes": [],
          "identity_schema_version": 0,
          "private": "bnVsbA==",
          "dependencies": [
            "aws_cloudwatch_log_group.service_a",
            "aws_dynamodb_table.transactions",
            "aws_ecr_repository.service_a",
            "aws_ecs_cluster.main",
            "aws_ecs_service.service_a",
            "aws_ecs_task_definition.service_a",
            "aws_iam_role.ecs_task_execution",
            "aws_iam_role.service_a_task",
            "aws_lb.service_a",
            "aws_lb_listener.service_a",
            "aws_lb_target_group.service_a",
            "aws_security_group.alb",
            "aws_security_group.ecs_tasks",
            "aws_subnet.public",
            "aws_vpc.main",
            "data.aws_iam_policy_document.ecs_assume_role"
          ]
        }
      ]
    },
    {
      "mode": "managed",
      "type": "aws_appautoscaling_target",
      "name": "service_b",
      "provider": "provider[\"registry.terraform.io/hashicorp/aws\"]",
      "instances": [
        {
          "schema_version": 0,
          "attributes": {
            "arn": "arn:aws:application-autoscaling:ap-southeast-2:587601535321:scalable-target/0ec5d4f9f1b18c554d78b5bd492330215b76",
            "id": "service/multicloud-devops-dev-devops-cluster/multicloud-devops-dev-service-b",
            "max_capacity": 4,
            "min_capacity": 1,
            "resource_id": "service/multicloud-devops-dev-devops-cluster/multicloud-devops-dev-service-b",
            "role_arn": "arn:aws:iam::587601535321:role/aws-service-role/ecs.application-autoscaling.amazonaws.com/AWSServiceRoleForApplicationAutoScaling_ECSService",
            "scalable_dimension": "ecs:service:DesiredCount",
            "service_namespace": "ecs",
            "suspended_state": [
              {
                "dynamic_scaling_in_suspended": false,
                "dynamic_scaling_out_suspended": false,
                "scheduled_scaling_suspended": false
              }
            ],
            "tags": {},
            "tags_all": {
              "Assessment": "DCE04.2-Assessment1",
              "Environment": "dev",
              "ManagedBy": "terraform",
              "Project": "multicloud-devops"
            }
          },
          "sensitive_attributes": [],
          "identity_schema_version": 0,
          "private": "bnVsbA==",
          "dependencies": [
            "aws_cloudwatch_log_group.service_b",
            "aws_ecr_repository.service_b",
            "aws_ecs_cluster.main",
            "aws_ecs_service.service_b",
            "aws_ecs_task_definition.service_b",
            "aws_iam_role.ecs_task_execution",
            "aws_iam_role.service_b_task",
            "aws_lb.service_b",
            "aws_lb_listener.service_b",
            "aws_lb_target_group.service_b",
            "aws_security_group.alb",
            "aws_security_group.ecs_tasks",
            "aws_subnet.public",
            "aws_vpc.main",
            "data.aws_iam_policy_document.ecs_assume_role"
          ]
        }
      ]
    },
    {
      "mode": "managed",
      "type": "aws_cloudwatch_log_group",
      "name": "codebuild_a",
      "provider": "provider[\"registry.terraform.io/hashicorp/aws\"]",
      "instances": [
        {
          "schema_version": 0,
          "attributes": {
            "arn": "arn:aws:logs:ap-southeast-2:587601535321:log-group:/codebuild/multicloud-devops-dev/service-a",
            "id": "/codebuild/multicloud-devops-dev/service-a",
            "kms_key_id": "",
            "log_group_class": "STANDARD",
            "name": "/codebuild/multicloud-devops-dev/service-a",
            "name_prefix": "",
            "retention_in_days": 7,
            "skip_destroy": false,
            "tags": {
              "Name": "multicloud-devops-dev-codebuild-a-logs"
            },
            "tags_all": {
              "Assessment": "DCE04.2-Assessment1",
              "Environment": "dev",
              "ManagedBy": "terraform",
              "Name": "multicloud-devops-dev-codebuild-a-logs",
              "Project": "multicloud-devops"
            }
          },
          "sensitive_attributes": [],
          "identity_schema_version": 0,
          "private": "bnVsbA=="
        }
      ]
    },
    {
      "mode": "managed",
      "type": "aws_cloudwatch_log_group",
      "name": "codebuild_b",
      "provider": "provider[\"registry.terraform.io/hashicorp/aws\"]",
      "instances": [
        {
          "schema_version": 0,
          "attributes": {
            "arn": "arn:aws:logs:ap-southeast-2:587601535321:log-group:/codebuild/multicloud-devops-dev/service-b",
            "id": "/codebuild/multicloud-devops-dev/service-b",
            "kms_key_id": "",
            "log_group_class": "STANDARD",
            "name": "/codebuild/multicloud-devops-dev/service-b",
            "name_prefix": "",
            "retention_in_days": 7,
            "skip_destroy": false,
            "tags": {
              "Name": "multicloud-devops-dev-codebuild-b-logs"
            },
            "tags_all": {
              "Assessment": "DCE04.2-Assessment1",
              "Environment": "dev",
              "ManagedBy": "terraform",
              "Name": "multicloud-devops-dev-codebuild-b-logs",
              "Project": "multicloud-devops"
            }
          },
          "sensitive_attributes": [],
          "identity_schema_version": 0,
          "private": "bnVsbA=="
        }
      ]
    },
    {
      "mode": "managed",
      "type": "aws_cloudwatch_log_group",
      "name": "codebuild_deploy_a",
      "provider": "provider[\"registry.terraform.io/hashicorp/aws\"]",
      "instances": [
        {
          "schema_version": 0,
          "attributes": {
            "arn": "arn:aws:logs:ap-southeast-2:587601535321:log-group:/codebuild/multicloud-devops-dev/deploy-a",
            "id": "/codebuild/multicloud-devops-dev/deploy-a",
            "kms_key_id": "",
            "log_group_class": "STANDARD",
            "name": "/codebuild/multicloud-devops-dev/deploy-a",
            "name_prefix": "",
            "retention_in_days": 7,
            "skip_destroy": false,
            "tags": {
              "Name": "multicloud-devops-dev-codebuild-deploy-a-logs"
            },
            "tags_all": {
              "Assessment": "DCE04.2-Assessment1",
              "Environment": "dev",
              "ManagedBy": "terraform",
              "Name": "multicloud-devops-dev-codebuild-deploy-a-logs",
              "Project": "multicloud-devops"
            }
          },
          "sensitive_attributes": [],
          "identity_schema_version": 0,
          "private": "bnVsbA=="
        }
      ]
    },
    {
      "mode": "managed",
      "type": "aws_cloudwatch_log_group",
      "name": "codebuild_deploy_b",
      "provider": "provider[\"registry.terraform.io/hashicorp/aws\"]",
      "instances": [
        {
          "schema_version": 0,
          "attributes": {
            "arn": "arn:aws:logs:ap-southeast-2:587601535321:log-group:/codebuild/multicloud-devops-dev/deploy-b",
            "id": "/codebuild/multicloud-devops-dev/deploy-b",
            "kms_key_id": "",
            "log_group_class": "STANDARD",
            "name": "/codebuild/multicloud-devops-dev/deploy-b",
            "name_prefix": "",
            "retention_in_days": 7,
            "skip_destroy": false,
            "tags": {
              "Name": "multicloud-devops-dev-codebuild-deploy-b-logs"
            },
            "tags_all": {
              "Assessment": "DCE04.2-Assessment1",
              "Environment": "dev",
              "ManagedBy": "terraform",
              "Name": "multicloud-devops-dev-codebuild-deploy-b-logs",
              "Project": "multicloud-devops"
            }
          },
          "sensitive_attributes": [],
          "identity_schema_version": 0,
          "private": "bnVsbA=="
        }
      ]
    },
    {
      "mode": "managed",
      "type": "aws_cloudwatch_log_group",
      "name": "service_a",
      "provider": "provider[\"registry.terraform.io/hashicorp/aws\"]",
      "instances": [
        {
          "schema_version": 0,
          "attributes": {
            "arn": "arn:aws:logs:ap-southeast-2:587601535321:log-group:/ecs/multicloud-devops-dev/service-a",
            "id": "/ecs/multicloud-devops-dev/service-a",
            "kms_key_id": "",
            "log_group_class": "STANDARD",
            "name": "/ecs/multicloud-devops-dev/service-a",
            "name_prefix": "",
            "retention_in_days": 7,
            "skip_destroy": false,
            "tags": {
              "Name": "multicloud-devops-dev-service-a-logs"
            },
            "tags_all": {
              "Assessment": "DCE04.2-Assessment1",
              "Environment": "dev",
              "ManagedBy": "terraform",
              "Name": "multicloud-devops-dev-service-a-logs",
              "Project": "multicloud-devops"
            }
          },
          "sensitive_attributes": [],
          "identity_schema_version": 0,
          "private": "bnVsbA=="
        }
      ]
    },
    {
      "mode": "managed",
      "type": "aws_cloudwatch_log_group",
      "name": "service_b",
      "provider": "provider[\"registry.terraform.io/hashicorp/aws\"]",
      "instances": [
        {
          "schema_version": 0,
          "attributes": {
            "arn": "arn:aws:logs:ap-southeast-2:587601535321:log-group:/ecs/multicloud-devops-dev/service-b",
            "id": "/ecs/multicloud-devops-dev/service-b",
            "kms_key_id": "",
            "log_group_class": "STANDARD",
            "name": "/ecs/multicloud-devops-dev/service-b",
            "name_prefix": "",
            "retention_in_days": 7,
            "skip_destroy": false,
            "tags": {
              "Name": "multicloud-devops-dev-service-b-logs"
            },
            "tags_all": {
              "Assessment": "DCE04.2-Assessment1",
              "Environment": "dev",
              "ManagedBy": "terraform",
              "Name": "multicloud-devops-dev-service-b-logs",
              "Project": "multicloud-devops"
            }
          },
          "sensitive_attributes": [],
          "identity_schema_version": 0,
          "private": "bnVsbA=="
        }
      ]
    },
    {
      "mode": "managed",
      "type": "aws_cloudwatch_metric_alarm",
      "name": "service_a_cpu_high",
      "provider": "provider[\"registry.terraform.io/hashicorp/aws\"]",
      "instances": [
        {
          "schema_version": 1,
          "attributes": {
            "actions_enabled": true,
            "alarm_actions": [
              "arn:aws:autoscaling:ap-southeast-2:587601535321:scalingPolicy:2cdcf3f5-38f8-4abc-a726-5741e9522501:resource/ecs/service/multicloud-devops-dev-devops-cluster/multicloud-devops-dev-service-a:policyName/multicloud-devops-dev-service-a-scale-out",
              "arn:aws:sns:ap-southeast-2:587601535321:multicloud-devops-dev-notifications"
            ],
            "alarm_description": "Service A CPU \u003e= 70% – trigger scale-out",
            "alarm_name": "multicloud-devops-dev-service-a-cpu-high",
            "arn": "arn:aws:cloudwatch:ap-southeast-2:587601535321:alarm:multicloud-devops-dev-service-a-cpu-high",
            "comparison_operator": "GreaterThanOrEqualToThreshold",
            "datapoints_to_alarm": 0,
            "dimensions": {
              "ClusterName": "multicloud-devops-dev-devops-cluster",
              "ServiceName": "multicloud-devops-dev-service-a"
            },
            "evaluate_low_sample_count_percentiles": "",
            "evaluation_periods": 2,
            "extended_statistic": "",
            "id": "multicloud-devops-dev-service-a-cpu-high",
            "insufficient_data_actions": [],
            "metric_name": "CPUUtilization",
            "metric_query": [],
            "namespace": "AWS/ECS",
            "ok_actions": [],
            "period": 60,
            "statistic": "Average",
            "tags": {
              "Name": "multicloud-devops-dev-service-a-cpu-high"
            },
            "tags_all": {
              "Assessment": "DCE04.2-Assessment1",
              "Environment": "dev",
              "ManagedBy": "terraform",
              "Name": "multicloud-devops-dev-service-a-cpu-high",
              "Project": "multicloud-devops"
            },
            "threshold": 70,
            "threshold_metric_id": "",
            "treat_missing_data": "missing",
            "unit": ""
          },
          "sensitive_attributes": [],
          "identity_schema_version": 0,
          "private": "eyJzY2hlbWFfdmVyc2lvbiI6IjEifQ==",
          "dependencies": [
            "aws_appautoscaling_policy.service_a_scale_out",
            "aws_appautoscaling_target.service_a",
            "aws_cloudwatch_log_group.service_a",
            "aws_dynamodb_table.transactions",
            "aws_ecr_repository.service_a",
            "aws_ecs_cluster.main",
            "aws_ecs_service.service_a",
            "aws_ecs_task_definition.service_a",
            "aws_iam_role.ecs_task_execution",
            "aws_iam_role.service_a_task",
            "aws_lb.service_a",
            "aws_lb_listener.service_a",
            "aws_lb_target_group.service_a",
            "aws_security_group.alb",
            "aws_security_group.ecs_tasks",
            "aws_sns_topic.notifications",
            "aws_subnet.public",
            "aws_vpc.main",
            "data.aws_iam_policy_document.ecs_assume_role"
          ]
        }
      ]
    },
    {
      "mode": "managed",
      "type": "aws_cloudwatch_metric_alarm",
      "name": "service_a_cpu_low",
      "provider": "provider[\"registry.terraform.io/hashicorp/aws\"]",
      "instances": [
        {
          "schema_version": 1,
          "attributes": {
            "actions_enabled": true,
            "alarm_actions": [
              "arn:aws:autoscaling:ap-southeast-2:587601535321:scalingPolicy:2cdcf3f5-38f8-4abc-a726-5741e9522501:resource/ecs/service/multicloud-devops-dev-devops-cluster/multicloud-devops-dev-service-a:policyName/multicloud-devops-dev-service-a-scale-in",
              "arn:aws:sns:ap-southeast-2:587601535321:multicloud-devops-dev-notifications"
            ],
            "alarm_description": "Service A CPU \u003c= 30% – trigger scale-in",
            "alarm_name": "multicloud-devops-dev-service-a-cpu-low",
            "arn": "arn:aws:cloudwatch:ap-southeast-2:587601535321:alarm:multicloud-devops-dev-service-a-cpu-low",
            "comparison_operator": "LessThanOrEqualToThreshold",
            "datapoints_to_alarm": 0,
            "dimensions": {
              "ClusterName": "multicloud-devops-dev-devops-cluster",
              "ServiceName": "multicloud-devops-dev-service-a"
            },
            "evaluate_low_sample_count_percentiles": "",
            "evaluation_periods": 2,
            "extended_statistic": "",
            "id": "multicloud-devops-dev-service-a-cpu-low",
            "insufficient_data_actions": [],
            "metric_name": "CPUUtilization",
            "metric_query": [],
            "namespace": "AWS/ECS",
            "ok_actions": [],
            "period": 60,
            "statistic": "Average",
            "tags": {
              "Name": "multicloud-devops-dev-service-a-cpu-low"
            },
            "tags_all": {
              "Assessment": "DCE04.2-Assessment1",
              "Environment": "dev",
              "ManagedBy": "terraform",
              "Name": "multicloud-devops-dev-service-a-cpu-low",
              "Project": "multicloud-devops"
            },
            "threshold": 30,
            "threshold_metric_id": "",
            "treat_missing_data": "missing",
            "unit": ""
          },
          "sensitive_attributes": [],
          "identity_schema_version": 0,
          "private": "eyJzY2hlbWFfdmVyc2lvbiI6IjEifQ==",
          "dependencies": [
            "aws_appautoscaling_policy.service_a_scale_in",
            "aws_appautoscaling_target.service_a",
            "aws_cloudwatch_log_group.service_a",
            "aws_dynamodb_table.transactions",
            "aws_ecr_repository.service_a",
            "aws_ecs_cluster.main",
            "aws_ecs_service.service_a",
            "aws_ecs_task_definition.service_a",
            "aws_iam_role.ecs_task_execution",
            "aws_iam_role.service_a_task",
            "aws_lb.service_a",
            "aws_lb_listener.service_a",
            "aws_lb_target_group.service_a",
            "aws_security_group.alb",
            "aws_security_group.ecs_tasks",
            "aws_sns_topic.notifications",
            "aws_subnet.public",
            "aws_vpc.main",
            "data.aws_iam_policy_document.ecs_assume_role"
          ]
        }
      ]
    },
    {
      "mode": "managed",
      "type": "aws_cloudwatch_metric_alarm",
      "name": "service_b_cpu_high",
      "provider": "provider[\"registry.terraform.io/hashicorp/aws\"]",
      "instances": [
        {
          "schema_version": 1,
          "attributes": {
            "actions_enabled": true,
            "alarm_actions": [
              "arn:aws:autoscaling:ap-southeast-2:587601535321:scalingPolicy:d4f9f1b1-8c55-4d78-b5bd-492330215b76:resource/ecs/service/multicloud-devops-dev-devops-cluster/multicloud-devops-dev-service-b:policyName/multicloud-devops-dev-service-b-scale-out",
              "arn:aws:sns:ap-southeast-2:587601535321:multicloud-devops-dev-notifications"
            ],
            "alarm_description": "Service B CPU \u003e= 70% – trigger scale-out",
            "alarm_name": "multicloud-devops-dev-service-b-cpu-high",
            "arn": "arn:aws:cloudwatch:ap-southeast-2:587601535321:alarm:multicloud-devops-dev-service-b-cpu-high",
            "comparison_operator": "GreaterThanOrEqualToThreshold",
            "datapoints_to_alarm": 0,
            "dimensions": {
              "ClusterName": "multicloud-devops-dev-devops-cluster",
              "ServiceName": "multicloud-devops-dev-service-b"
            },
            "evaluate_low_sample_count_percentiles": "",
            "evaluation_periods": 2,
            "extended_statistic": "",
            "id": "multicloud-devops-dev-service-b-cpu-high",
            "insufficient_data_actions": [],
            "metric_name": "CPUUtilization",
            "metric_query": [],
            "namespace": "AWS/ECS",
            "ok_actions": [],
            "period": 60,
            "statistic": "Average",
            "tags": {
              "Name": "multicloud-devops-dev-service-b-cpu-high"
            },
            "tags_all": {
              "Assessment": "DCE04.2-Assessment1",
              "Environment": "dev",
              "ManagedBy": "terraform",
              "Name": "multicloud-devops-dev-service-b-cpu-high",
              "Project": "multicloud-devops"
            },
            "threshold": 70,
            "threshold_metric_id": "",
            "treat_missing_data": "missing",
            "unit": ""
          },
          "sensitive_attributes": [],
          "identity_schema_version": 0,
          "private": "eyJzY2hlbWFfdmVyc2lvbiI6IjEifQ==",
          "dependencies": [
            "aws_appautoscaling_policy.service_b_scale_out",
            "aws_appautoscaling_target.service_b",
            "aws_cloudwatch_log_group.service_b",
            "aws_ecr_repository.service_b",
            "aws_ecs_cluster.main",
            "aws_ecs_service.service_b",
            "aws_ecs_task_definition.service_b",
            "aws_iam_role.ecs_task_execution",
            "aws_iam_role.service_b_task",
            "aws_lb.service_b",
            "aws_lb_listener.service_b",
            "aws_lb_target_group.service_b",
            "aws_security_group.alb",
            "aws_security_group.ecs_tasks",
            "aws_sns_topic.notifications",
            "aws_subnet.public",
            "aws_vpc.main",
            "data.aws_iam_policy_document.ecs_assume_role"
          ]
        }
      ]
    },
    {
      "mode": "managed",
      "type": "aws_cloudwatch_metric_alarm",
      "name": "service_b_cpu_low",
      "provider": "provider[\"registry.terraform.io/hashicorp/aws\"]",
      "instances": [
        {
          "schema_version": 1,
          "attributes": {
            "actions_enabled": true,
            "alarm_actions": [
              "arn:aws:autoscaling:ap-southeast-2:587601535321:scalingPolicy:d4f9f1b1-8c55-4d78-b5bd-492330215b76:resource/ecs/service/multicloud-devops-dev-devops-cluster/multicloud-devops-dev-service-b:policyName/multicloud-devops-dev-service-b-scale-in",
              "arn:aws:sns:ap-southeast-2:587601535321:multicloud-devops-dev-notifications"
            ],
            "alarm_description": "Service B CPU \u003c= 30% – trigger scale-in",
            "alarm_name": "multicloud-devops-dev-service-b-cpu-low",
            "arn": "arn:aws:cloudwatch:ap-southeast-2:587601535321:alarm:multicloud-devops-dev-service-b-cpu-low",
            "comparison_operator": "LessThanOrEqualToThreshold",
            "datapoints_to_alarm": 0,
            "dimensions": {
              "ClusterName": "multicloud-devops-dev-devops-cluster",
              "ServiceName": "multicloud-devops-dev-service-b"
            },
            "evaluate_low_sample_count_percentiles": "",
            "evaluation_periods": 2,
            "extended_statistic": "",
            "id": "multicloud-devops-dev-service-b-cpu-low",
            "insufficient_data_actions": [],
            "metric_name": "CPUUtilization",
            "metric_query": [],
            "namespace": "AWS/ECS",
            "ok_actions": [],
            "period": 60,
            "statistic": "Average",
            "tags": {
              "Name": "multicloud-devops-dev-service-b-cpu-low"
            },
            "tags_all": {
              "Assessment": "DCE04.2-Assessment1",
              "Environment": "dev",
              "ManagedBy": "terraform",
              "Name": "multicloud-devops-dev-service-b-cpu-low",
              "Project": "multicloud-devops"
            },
            "threshold": 30,
            "threshold_metric_id": "",
            "treat_missing_data": "missing",
            "unit": ""
          },
          "sensitive_attributes": [],
          "identity_schema_version": 0,
          "private": "eyJzY2hlbWFfdmVyc2lvbiI6IjEifQ==",
          "dependencies": [
            "aws_appautoscaling_policy.service_b_scale_in",
            "aws_appautoscaling_target.service_b",
            "aws_cloudwatch_log_group.service_b",
            "aws_ecr_repository.service_b",
            "aws_ecs_cluster.main",
            "aws_ecs_service.service_b",
            "aws_ecs_task_definition.service_b",
            "aws_iam_role.ecs_task_execution",
            "aws_iam_role.service_b_task",
            "aws_lb.service_b",
            "aws_lb_listener.service_b",
            "aws_lb_target_group.service_b",
            "aws_security_group.alb",
            "aws_security_group.ecs_tasks",
            "aws_sns_topic.notifications",
            "aws_subnet.public",
            "aws_vpc.main",
            "data.aws_iam_policy_document.ecs_assume_role"
          ]
        }
      ]
    },
    {
      "mode": "managed",
      "type": "aws_codebuild_project",
      "name": "deploy_service_a",
      "provider": "provider[\"registry.terraform.io/hashicorp/aws\"]",
      "instances": [
        {
          "schema_version": 0,
          "attributes": {
            "arn": "arn:aws:codebuild:ap-southeast-2:587601535321:project/multicloud-devops-dev-deploy-service-a",
            "artifacts": [
              {
                "artifact_identifier": "",
                "bucket_owner_access": "",
                "encryption_disabled": false,
                "location": "",
                "name": "multicloud-devops-dev-deploy-service-a",
                "namespace_type": "",
                "override_artifact_name": false,
                "packaging": "NONE",
                "path": "",
                "type": "CODEPIPELINE"
              }
            ],
            "badge_enabled": false,
            "badge_url": "",
            "build_batch_config": [],
            "build_timeout": 15,
            "cache": [
              {
                "location": "",
                "modes": [],
                "type": "NO_CACHE"
              }
            ],
            "concurrent_build_limit": 0,
            "description": "Blue/green deploy Service A via ALB listener swap",
            "encryption_key": "arn:aws:kms:ap-southeast-2:587601535321:alias/aws/s3",
            "environment": [
              {
                "certificate": "",
                "compute_type": "BUILD_GENERAL1_SMALL",
                "environment_variable": [
                  {
                    "name": "AWS_DEFAULT_REGION",
                    "type": "PLAINTEXT",
                    "value": "ap-southeast-2"
                  },
                  {
                    "name": "CLUSTER_NAME",
                    "type": "PLAINTEXT",
                    "value": "multicloud-devops-dev-devops-cluster"
                  },
                  {
                    "name": "SERVICE_NAME",
                    "type": "PLAINTEXT",
                    "value": "multicloud-devops-dev-service-a"
                  },
                  {
                    "name": "TASK_FAMILY",
                    "type": "PLAINTEXT",
                    "value": "multicloud-devops-dev-service-a"
                  },
                  {
                    "name": "CONTAINER_NAME",
                    "type": "PLAINTEXT",
                    "value": "service-a"
                  },
                  {
                    "name": "LISTENER_ARN",
                    "type": "PLAINTEXT",
                    "value": "arn:aws:elasticloadbalancing:ap-southeast-2:587601535321:listener/app/multicloud-devops-dev-alb-a/0b2e15716aecd04a/fa24909ba5ed94fa"
                  },
                  {
                    "name": "BLUE_TG_ARN",
                    "type": "PLAINTEXT",
                    "value": "arn:aws:elasticloadbalancing:ap-southeast-2:587601535321:targetgroup/multicloud-devops-dev-tg-a/f54c0f737cf6abc2"
                  },
                  {
                    "name": "GREEN_TG_ARN",
                    "type": "PLAINTEXT",
                    "value": "arn:aws:elasticloadbalancing:ap-southeast-2:587601535321:targetgroup/multicloud-devops-dev-tg-a-green/c07ac0274e8eca01"
                  }
                ],
                "fleet": [],
                "image": "aws/codebuild/standard:7.0",
                "image_pull_credentials_type": "CODEBUILD",
                "privileged_mode": false,
                "registry_credential": [],
                "type": "LINUX_CONTAINER"
              }
            ],
            "file_system_locations": [],
            "id": "arn:aws:codebuild:ap-southeast-2:587601535321:project/multicloud-devops-dev-deploy-service-a",
            "logs_config": [
              {
                "cloudwatch_logs": [
                  {
                    "group_name": "/codebuild/multicloud-devops-dev/deploy-a",
                    "status": "ENABLED",
                    "stream_name": "deploy"
                  }
                ],
                "s3_logs": [
                  {
                    "bucket_owner_access": "",
                    "encryption_disabled": false,
                    "location": "",
                    "status": "DISABLED"
                  }
                ]
              }
            ],
            "name": "multicloud-devops-dev-deploy-service-a",
            "project_visibility": "PRIVATE",
            "public_project_alias": "",
            "queued_timeout": 480,
            "resource_access_role": "",
            "secondary_artifacts": [],
            "secondary_source_version": [],
            "secondary_sources": [],
            "service_role": "arn:aws:iam::587601535321:role/multicloud-devops-dev-codebuild-role",
            "source": [
              {
                "auth": [],
                "build_status_config": [],
                "buildspec": "buildspec-deploy.yml",
                "git_clone_depth": 0,
                "git_submodules_config": [],
                "insecure_ssl": false,
                "location": "",
                "report_build_status": false,
                "type": "CODEPIPELINE"
              }
            ],
            "source_version": "",
            "tags": {
              "Name": "multicloud-devops-dev-deploy-service-a"
            },
            "tags_all": {
              "Assessment": "DCE04.2-Assessment1",
              "Environment": "dev",
              "ManagedBy": "terraform",
              "Name": "multicloud-devops-dev-deploy-service-a",
              "Project": "multicloud-devops"
            },
            "vpc_config": []
          },
          "sensitive_attributes": [],
          "identity_schema_version": 0,
          "private": "bnVsbA==",
          "dependencies": [
            "aws_ecs_cluster.main",
            "aws_iam_role.codebuild",
            "aws_lb.service_a",
            "aws_lb_listener.service_a",
            "aws_lb_target_group.service_a",
            "aws_lb_target_group.service_a_green",
            "aws_security_group.alb",
            "aws_subnet.public",
            "aws_vpc.main",
            "data.aws_iam_policy_document.codebuild_assume_role"
          ]
        }
      ]
    },
    {
      "mode": "managed",
      "type": "aws_codebuild_project",
      "name": "deploy_service_b",
      "provider": "provider[\"registry.terraform.io/hashicorp/aws\"]",
      "instances": [
        {
          "schema_version": 0,
          "attributes": {
            "arn": "arn:aws:codebuild:ap-southeast-2:587601535321:project/multicloud-devops-dev-deploy-service-b",
            "artifacts": [
              {
                "artifact_identifier": "",
                "bucket_owner_access": "",
                "encryption_disabled": false,
                "location": "",
                "name": "multicloud-devops-dev-deploy-service-b",
                "namespace_type": "",
                "override_artifact_name": false,
                "packaging": "NONE",
                "path": "",
                "type": "CODEPIPELINE"
              }
            ],
            "badge_enabled": false,
            "badge_url": "",
            "build_batch_config": [],
            "build_timeout": 15,
            "cache": [
              {
                "location": "",
                "modes": [],
                "type": "NO_CACHE"
              }
            ],
            "concurrent_build_limit": 0,
            "description": "Blue/green deploy Service B via ALB listener swap",
            "encryption_key": "arn:aws:kms:ap-southeast-2:587601535321:alias/aws/s3",
            "environment": [
              {
                "certificate": "",
                "compute_type": "BUILD_GENERAL1_SMALL",
                "environment_variable": [
                  {
                    "name": "AWS_DEFAULT_REGION",
                    "type": "PLAINTEXT",
                    "value": "ap-southeast-2"
                  },
                  {
                    "name": "CLUSTER_NAME",
                    "type": "PLAINTEXT",
                    "value": "multicloud-devops-dev-devops-cluster"
                  },
                  {
                    "name": "SERVICE_NAME",
                    "type": "PLAINTEXT",
                    "value": "multicloud-devops-dev-service-b"
                  },
                  {
                    "name": "TASK_FAMILY",
                    "type": "PLAINTEXT",
                    "value": "multicloud-devops-dev-service-b"
                  },
                  {
                    "name": "CONTAINER_NAME",
                    "type": "PLAINTEXT",
                    "value": "service-b"
                  },
                  {
                    "name": "LISTENER_ARN",
                    "type": "PLAINTEXT",
                    "value": "arn:aws:elasticloadbalancing:ap-southeast-2:587601535321:listener/app/multicloud-devops-dev-alb-b/06613edbc5691ca9/07719c1ccfaf8767"
                  },
                  {
                    "name": "BLUE_TG_ARN",
                    "type": "PLAINTEXT",
                    "value": "arn:aws:elasticloadbalancing:ap-southeast-2:587601535321:targetgroup/multicloud-devops-dev-tg-b/06f5f79d220b8255"
                  },
                  {
                    "name": "GREEN_TG_ARN",
                    "type": "PLAINTEXT",
                    "value": "arn:aws:elasticloadbalancing:ap-southeast-2:587601535321:targetgroup/multicloud-devops-dev-tg-b-green/c3905879bbdfdc89"
                  }
                ],
                "fleet": [],
                "image": "aws/codebuild/standard:7.0",
                "image_pull_credentials_type": "CODEBUILD",
                "privileged_mode": false,
                "registry_credential": [],
                "type": "LINUX_CONTAINER"
              }
            ],
            "file_system_locations": [],
            "id": "arn:aws:codebuild:ap-southeast-2:587601535321:project/multicloud-devops-dev-deploy-service-b",
            "logs_config": [
              {
                "cloudwatch_logs": [
                  {
                    "group_name": "/codebuild/multicloud-devops-dev/deploy-b",
                    "status": "ENABLED",
                    "stream_name": "deploy"
                  }
                ],
                "s3_logs": [
                  {
                    "bucket_owner_access": "",
                    "encryption_disabled": false,
                    "location": "",
                    "status": "DISABLED"
                  }
                ]
              }
            ],
            "name": "multicloud-devops-dev-deploy-service-b",
            "project_visibility": "PRIVATE",
            "public_project_alias": "",
            "queued_timeout": 480,
            "resource_access_role": "",
            "secondary_artifacts": [],
            "secondary_source_version": [],
            "secondary_sources": [],
            "service_role": "arn:aws:iam::587601535321:role/multicloud-devops-dev-codebuild-role",
            "source": [
              {
                "auth": [],
                "build_status_config": [],
                "buildspec": "buildspec-deploy.yml",
                "git_clone_depth": 0,
                "git_submodules_config": [],
                "insecure_ssl": false,
                "location": "",
                "report_build_status": false,
                "type": "CODEPIPELINE"
              }
            ],
            "source_version": "",
            "tags": {
              "Name": "multicloud-devops-dev-deploy-service-b"
            },
            "tags_all": {
              "Assessment": "DCE04.2-Assessment1",
              "Environment": "dev",
              "ManagedBy": "terraform",
              "Name": "multicloud-devops-dev-deploy-service-b",
              "Project": "multicloud-devops"
            },
            "vpc_config": []
          },
          "sensitive_attributes": [],
          "identity_schema_version": 0,
          "private": "bnVsbA==",
          "dependencies": [
            "aws_ecs_cluster.main",
            "aws_iam_role.codebuild",
            "aws_lb.service_b",
            "aws_lb_listener.service_b",
            "aws_lb_target_group.service_b",
            "aws_lb_target_group.service_b_green",
            "aws_security_group.alb",
            "aws_subnet.public",
            "aws_vpc.main",
            "data.aws_iam_policy_document.codebuild_assume_role"
          ]
        }
      ]
    },
    {
      "mode": "managed",
      "type": "aws_codebuild_project",
      "name": "service_a",
      "provider": "provider[\"registry.terraform.io/hashicorp/aws\"]",
      "instances": [
        {
          "schema_version": 0,
          "attributes": {
            "arn": "arn:aws:codebuild:ap-southeast-2:587601535321:project/multicloud-devops-dev-build-service-a",
            "artifacts": [
              {
                "artifact_identifier": "",
                "bucket_owner_access": "",
                "encryption_disabled": false,
                "location": "",
                "name": "multicloud-devops-dev-build-service-a",
                "namespace_type": "",
                "override_artifact_name": false,
                "packaging": "NONE",
                "path": "",
                "type": "CODEPIPELINE"
              }
            ],
            "badge_enabled": false,
            "badge_url": "",
            "build_batch_config": [],
            "build_timeout": 15,
            "cache": [
              {
                "location": "",
                "modes": [],
                "type": "NO_CACHE"
              }
            ],
            "concurrent_build_limit": 0,
            "description": "Build and push Service A Docker image to ECR",
            "encryption_key": "arn:aws:kms:ap-southeast-2:587601535321:alias/aws/s3",
            "environment": [
              {
                "certificate": "",
                "compute_type": "BUILD_GENERAL1_SMALL",
                "environment_variable": [
                  {
                    "name": "AWS_DEFAULT_REGION",
                    "type": "PLAINTEXT",
                    "value": "ap-southeast-2"
                  },
                  {
                    "name": "AWS_ACCOUNT_ID",
                    "type": "PLAINTEXT",
                    "value": "587601535321"
                  },
                  {
                    "name": "ECR_REPO_NAME_A",
                    "type": "PLAINTEXT",
                    "value": "multicloud-devops-dev-service-a"
                  }
                ],
                "fleet": [],
                "image": "aws/codebuild/standard:7.0",
                "image_pull_credentials_type": "CODEBUILD",
                "privileged_mode": true,
                "registry_credential": [],
                "type": "LINUX_CONTAINER"
              }
            ],
            "file_system_locations": [],
            "id": "arn:aws:codebuild:ap-southeast-2:587601535321:project/multicloud-devops-dev-build-service-a",
            "logs_config": [
              {
                "cloudwatch_logs": [
                  {
                    "group_name": "/codebuild/multicloud-devops-dev/service-a",
                    "status": "ENABLED",
                    "stream_name": "build"
                  }
                ],
                "s3_logs": [
                  {
                    "bucket_owner_access": "",
                    "encryption_disabled": false,
                    "location": "",
                    "status": "DISABLED"
                  }
                ]
              }
            ],
            "name": "multicloud-devops-dev-build-service-a",
            "project_visibility": "PRIVATE",
            "public_project_alias": "",
            "queued_timeout": 480,
            "resource_access_role": "",
            "secondary_artifacts": [],
            "secondary_source_version": [],
            "secondary_sources": [],
            "service_role": "arn:aws:iam::587601535321:role/multicloud-devops-dev-codebuild-role",
            "source": [
              {
                "auth": [],
                "build_status_config": [],
                "buildspec": "buildspec-service-a.yml",
                "git_clone_depth": 0,
                "git_submodules_config": [],
                "insecure_ssl": false,
                "location": "",
                "report_build_status": false,
                "type": "CODEPIPELINE"
              }
            ],
            "source_version": "",
            "tags": {
              "Name": "multicloud-devops-dev-build-service-a"
            },
            "tags_all": {
              "Assessment": "DCE04.2-Assessment1",
              "Environment": "dev",
              "ManagedBy": "terraform",
              "Name": "multicloud-devops-dev-build-service-a",
              "Project": "multicloud-devops"
            },
            "vpc_config": []
          },
          "sensitive_attributes": [],
          "identity_schema_version": 0,
          "private": "bnVsbA==",
          "dependencies": [
            "aws_ecr_repository.service_a",
            "aws_iam_role.codebuild",
            "data.aws_iam_policy_document.codebuild_assume_role"
          ]
        }
      ]
    },
    {
      "mode": "managed",
      "type": "aws_codebuild_project",
      "name": "service_b",
      "provider": "provider[\"registry.terraform.io/hashicorp/aws\"]",
      "instances": [
        {
          "schema_version": 0,
          "attributes": {
            "arn": "arn:aws:codebuild:ap-southeast-2:587601535321:project/multicloud-devops-dev-build-service-b",
            "artifacts": [
              {
                "artifact_identifier": "",
                "bucket_owner_access": "",
                "encryption_disabled": false,
                "location": "",
                "name": "multicloud-devops-dev-build-service-b",
                "namespace_type": "",
                "override_artifact_name": false,
                "packaging": "NONE",
                "path": "",
                "type": "CODEPIPELINE"
              }
            ],
            "badge_enabled": false,
            "badge_url": "",
            "build_batch_config": [],
            "build_timeout": 15,
            "cache": [
              {
                "location": "",
                "modes": [],
                "type": "NO_CACHE"
              }
            ],
            "concurrent_build_limit": 0,
            "description": "Build and push Service B Docker image to ECR",
            "encryption_key": "arn:aws:kms:ap-southeast-2:587601535321:alias/aws/s3",
            "environment": [
              {
                "certificate": "",
                "compute_type": "BUILD_GENERAL1_SMALL",
                "environment_variable": [
                  {
                    "name": "AWS_DEFAULT_REGION",
                    "type": "PLAINTEXT",
                    "value": "ap-southeast-2"
                  },
                  {
                    "name": "AWS_ACCOUNT_ID",
                    "type": "PLAINTEXT",
                    "value": "587601535321"
                  },
                  {
                    "name": "ECR_REPO_NAME_B",
                    "type": "PLAINTEXT",
                    "value": "multicloud-devops-dev-service-b"
                  }
                ],
                "fleet": [],
                "image": "aws/codebuild/standard:7.0",
                "image_pull_credentials_type": "CODEBUILD",
                "privileged_mode": true,
                "registry_credential": [],
                "type": "LINUX_CONTAINER"
              }
            ],
            "file_system_locations": [],
            "id": "arn:aws:codebuild:ap-southeast-2:587601535321:project/multicloud-devops-dev-build-service-b",
            "logs_config": [
              {
                "cloudwatch_logs": [
                  {
                    "group_name": "/codebuild/multicloud-devops-dev/service-b",
                    "status": "ENABLED",
                    "stream_name": "build"
                  }
                ],
                "s3_logs": [
                  {
                    "bucket_owner_access": "",
                    "encryption_disabled": false,
                    "location": "",
                    "status": "DISABLED"
                  }
                ]
              }
            ],
            "name": "multicloud-devops-dev-build-service-b",
            "project_visibility": "PRIVATE",
            "public_project_alias": "",
            "queued_timeout": 480,
            "resource_access_role": "",
            "secondary_artifacts": [],
            "secondary_source_version": [],
            "secondary_sources": [],
            "service_role": "arn:aws:iam::587601535321:role/multicloud-devops-dev-codebuild-role",
            "source": [
              {
                "auth": [],
                "build_status_config": [],
                "buildspec": "buildspec-service-b.yml",
                "git_clone_depth": 0,
                "git_submodules_config": [],
                "insecure_ssl": false,
                "location": "",
                "report_build_status": false,
                "type": "CODEPIPELINE"
              }
            ],
            "source_version": "",
            "tags": {
              "Name": "multicloud-devops-dev-build-service-b"
            },
            "tags_all": {
              "Assessment": "DCE04.2-Assessment1",
              "Environment": "dev",
              "ManagedBy": "terraform",
              "Name": "multicloud-devops-dev-build-service-b",
              "Project": "multicloud-devops"
            },
            "vpc_config": []
          },
          "sensitive_attributes": [],
          "identity_schema_version": 0,
          "private": "bnVsbA==",
          "dependencies": [
            "aws_ecr_repository.service_b",
            "aws_iam_role.codebuild",
            "data.aws_iam_policy_document.codebuild_assume_role"
          ]
        }
      ]
    },
    {
      "mode": "managed",
      "type": "aws_dynamodb_table",
      "name": "transactions",
      "provider": "provider[\"registry.terraform.io/hashicorp/aws\"]",
      "instances": [
        {
          "schema_version": 1,
          "attributes": {
            "arn": "arn:aws:dynamodb:ap-southeast-2:587601535321:table/multicloud-devops-dev-transactions",
            "attribute": [
              {
                "name": "transaction_id",
                "type": "S"
              }
            ],
            "billing_mode": "PAY_PER_REQUEST",
            "deletion_protection_enabled": false,
            "global_secondary_index": [],
            "hash_key": "transaction_id",
            "id": "multicloud-devops-dev-transactions",
            "import_table": [],
            "local_secondary_index": [],
            "name": "multicloud-devops-dev-transactions",
            "on_demand_throughput": [],
            "point_in_time_recovery": [
              {
                "enabled": false,
                "recovery_period_in_days": 0
              }
            ],
            "range_key": null,
            "read_capacity": 0,
            "replica": [],
            "restore_date_time": null,
            "restore_source_name": null,
            "restore_source_table_arn": null,
            "restore_to_latest_time": null,
            "server_side_encryption": [],
            "stream_arn": "",
            "stream_enabled": false,
            "stream_label": "",
            "stream_view_type": "",
            "table_class": "STANDARD",
            "tags": {
              "Name": "multicloud-devops-dev-transactions"
            },
            "tags_all": {
              "Assessment": "DCE04.2-Assessment1",
              "Environment": "dev",
              "ManagedBy": "terraform",
              "Name": "multicloud-devops-dev-transactions",
              "Project": "multicloud-devops"
            },
            "timeouts": null,
            "ttl": [
              {
                "attribute_name": "",
                "enabled": false
              }
            ],
            "write_capacity": 0
          },
          "sensitive_attributes": [],
          "identity_schema_version": 0,
          "private": "eyJlMmJmYjczMC1lY2FhLTExZTYtOGY4OC0zNDM2M2JjN2M0YzAiOnsiY3JlYXRlIjoxODAwMDAwMDAwMDAwLCJkZWxldGUiOjYwMDAwMDAwMDAwMCwidXBkYXRlIjozNjAwMDAwMDAwMDAwfSwic2NoZW1hX3ZlcnNpb24iOiIxIn0="
        }
      ]
    },
    {
      "mode": "managed",
      "type": "aws_ecr_lifecycle_policy",
      "name": "service_a",
      "provider": "provider[\"registry.terraform.io/hashicorp/aws\"]",
      "instances": [
        {
          "schema_version": 0,
          "attributes": {
            "id": "multicloud-devops-dev-service-a",
            "policy": "{\"rules\":[{\"action\":{\"type\":\"expire\"},\"description\":\"Keep last 5 images\",\"rulePriority\":1,\"selection\":{\"countNumber\":5,\"countType\":\"imageCountMoreThan\",\"tagStatus\":\"any\"}}]}",
            "registry_id": "587601535321",
            "repository": "multicloud-devops-dev-service-a"
          },
          "sensitive_attributes": [],
          "identity_schema_version": 0,
          "private": "bnVsbA==",
          "dependencies": [
            "aws_ecr_repository.service_a"
          ]
        }
      ]
    },
    {
      "mode": "managed",
      "type": "aws_ecr_lifecycle_policy",
      "name": "service_b",
      "provider": "provider[\"registry.terraform.io/hashicorp/aws\"]",
      "instances": [
        {
          "schema_version": 0,
          "attributes": {
            "id": "multicloud-devops-dev-service-b",
            "policy": "{\"rules\":[{\"action\":{\"type\":\"expire\"},\"description\":\"Keep last 5 images\",\"rulePriority\":1,\"selection\":{\"countNumber\":5,\"countType\":\"imageCountMoreThan\",\"tagStatus\":\"any\"}}]}",
            "registry_id": "587601535321",
            "repository": "multicloud-devops-dev-service-b"
          },
          "sensitive_attributes": [],
          "identity_schema_version": 0,
          "private": "bnVsbA==",
          "dependencies": [
            "aws_ecr_repository.service_b"
          ]
        }
      ]
    },
    {
      "mode": "managed",
      "type": "aws_ecr_repository",
      "name": "service_a",
      "provider": "provider[\"registry.terraform.io/hashicorp/aws\"]",
      "instances": [
        {
          "schema_version": 0,
          "attributes": {
            "arn": "arn:aws:ecr:ap-southeast-2:587601535321:repository/multicloud-devops-dev-service-a",
            "encryption_configuration": [
              {
                "encryption_type": "AES256",
                "kms_key": ""
              }
            ],
            "force_delete": true,
            "id": "multicloud-devops-dev-service-a",
            "image_scanning_configuration": [
              {
                "scan_on_push": true
              }
            ],
            "image_tag_mutability": "MUTABLE",
            "name": "multicloud-devops-dev-service-a",
            "registry_id": "587601535321",
            "repository_url": "587601535321.dkr.ecr.ap-southeast-2.amazonaws.com/multicloud-devops-dev-service-a",
            "tags": {
              "Name": "multicloud-devops-dev-service-a"
            },
            "tags_all": {
              "Assessment": "DCE04.2-Assessment1",
              "Environment": "dev",
              "ManagedBy": "terraform",
              "Name": "multicloud-devops-dev-service-a",
              "Project": "multicloud-devops"
            },
            "timeouts": null
          },
          "sensitive_attributes": [],
          "identity_schema_version": 0,
          "private": "eyJlMmJmYjczMC1lY2FhLTExZTYtOGY4OC0zNDM2M2JjN2M0YzAiOnsiZGVsZXRlIjoxMjAwMDAwMDAwMDAwfX0="
        }
      ]
    },
    {
      "mode": "managed",
      "type": "aws_ecr_repository",
      "name": "service_b",
      "provider": "provider[\"registry.terraform.io/hashicorp/aws\"]",
      "instances": [
        {
          "schema_version": 0,
          "attributes": {
            "arn": "arn:aws:ecr:ap-southeast-2:587601535321:repository/multicloud-devops-dev-service-b",
            "encryption_configuration": [
              {
                "encryption_type": "AES256",
                "kms_key": ""
              }
            ],
            "force_delete": true,
            "id": "multicloud-devops-dev-service-b",
            "image_scanning_configuration": [
              {
                "scan_on_push": true
              }
            ],
            "image_tag_mutability": "MUTABLE",
            "name": "multicloud-devops-dev-service-b",
            "registry_id": "587601535321",
            "repository_url": "587601535321.dkr.ecr.ap-southeast-2.amazonaws.com/multicloud-devops-dev-service-b",
            "tags": {
              "Name": "multicloud-devops-dev-service-b"
            },
            "tags_all": {
              "Assessment": "DCE04.2-Assessment1",
              "Environment": "dev",
              "ManagedBy": "terraform",
              "Name": "multicloud-devops-dev-service-b",
              "Project": "multicloud-devops"
            },
            "timeouts": null
          },
          "sensitive_attributes": [],
          "identity_schema_version": 0,
          "private": "eyJlMmJmYjczMC1lY2FhLTExZTYtOGY4OC0zNDM2M2JjN2M0YzAiOnsiZGVsZXRlIjoxMjAwMDAwMDAwMDAwfX0="
        }
      ]
    },
    {
      "mode": "managed",
      "type": "aws_ecs_cluster",
      "name": "main",
      "provider": "provider[\"registry.terraform.io/hashicorp/aws\"]",
      "instances": [
        {
          "schema_version": 0,
          "attributes": {
            "arn": "arn:aws:ecs:ap-southeast-2:587601535321:cluster/multicloud-devops-dev-devops-cluster",
            "configuration": [],
            "id": "arn:aws:ecs:ap-southeast-2:587601535321:cluster/multicloud-devops-dev-devops-cluster",
            "name": "multicloud-devops-dev-devops-cluster",
            "service_connect_defaults": [],
            "setting": [
              {
                "name": "containerInsights",
                "value": "enabled"
              }
            ],
            "tags": {
              "Name": "multicloud-devops-dev-devops-cluster"
            },
            "tags_all": {
              "Assessment": "DCE04.2-Assessment1",
              "Environment": "dev",
              "ManagedBy": "terraform",
              "Name": "multicloud-devops-dev-devops-cluster",
              "Project": "multicloud-devops"
            }
          },
          "sensitive_attributes": [],
          "identity_schema_version": 0,
          "private": "bnVsbA=="
        }
      ]
    },
    {
      "mode": "managed",
      "type": "aws_ecs_service",
      "name": "service_a",
      "provider": "provider[\"registry.terraform.io/hashicorp/aws\"]",
      "instances": [
        {
          "schema_version": 1,
          "attributes": {
            "alarms": [],
            "availability_zone_rebalancing": "DISABLED",
            "capacity_provider_strategy": [],
            "cluster": "arn:aws:ecs:ap-southeast-2:587601535321:cluster/multicloud-devops-dev-devops-cluster",
            "deployment_circuit_breaker": [
              {
                "enable": false,
                "rollback": false
              }
            ],
            "deployment_controller": [
              {
                "type": "ECS"
              }
            ],
            "deployment_maximum_percent": 200,
            "deployment_minimum_healthy_percent": 100,
            "desired_count": 1,
            "enable_ecs_managed_tags": false,
            "enable_execute_command": false,
            "force_delete": null,
            "force_new_deployment": null,
            "health_check_grace_period_seconds": 0,
            "iam_role": "/aws-service-role/ecs.amazonaws.com/AWSServiceRoleForECS",
            "id": "arn:aws:ecs:ap-southeast-2:587601535321:service/multicloud-devops-dev-devops-cluster/multicloud-devops-dev-service-a",
            "launch_type": "FARGATE",
            "load_balancer": [
              {
                "container_name": "service-a",
                "container_port": 8000,
                "elb_name": "",
                "target_group_arn": "arn:aws:elasticloadbalancing:ap-southeast-2:587601535321:targetgroup/multicloud-devops-dev-tg-a/f54c0f737cf6abc2"
              }
            ],
            "name": "multicloud-devops-dev-service-a",
            "network_configuration": [
              {
                "assign_public_ip": true,
                "security_groups": [
                  "sg-05f108336834096d0"
                ],
                "subnets": [
                  "subnet-02f48ffc540d2e299",
                  "subnet-04044d1108d4ba1a4"
                ]
              }
            ],
            "ordered_placement_strategy": [],
            "placement_constraints": [],
            "platform_version": "LATEST",
            "propagate_tags": "NONE",
            "scheduling_strategy": "REPLICA",
            "service_connect_configuration": [],
            "service_registries": [],
            "tags": {
              "Name": "multicloud-devops-dev-service-a"
            },
            "tags_all": {
              "Assessment": "DCE04.2-Assessment1",
              "Environment": "dev",
              "ManagedBy": "terraform",
              "Name": "multicloud-devops-dev-service-a",
              "Project": "multicloud-devops"
            },
            "task_definition": "arn:aws:ecs:ap-southeast-2:587601535321:task-definition/multicloud-devops-dev-service-a:1",
            "timeouts": null,
            "triggers": {},
            "volume_configuration": [],
            "vpc_lattice_configurations": [],
            "wait_for_steady_state": false
          },
          "sensitive_attributes": [],
          "identity_schema_version": 0,
          "private": "eyJlMmJmYjczMC1lY2FhLTExZTYtOGY4OC0zNDM2M2JjN2M0YzAiOnsiY3JlYXRlIjoxMjAwMDAwMDAwMDAwLCJkZWxldGUiOjEyMDAwMDAwMDAwMDAsInVwZGF0ZSI6MTIwMDAwMDAwMDAwMH0sInNjaGVtYV92ZXJzaW9uIjoiMSJ9",
          "dependencies": [
            "aws_cloudwatch_log_group.service_a",
            "aws_dynamodb_table.transactions",
            "aws_ecr_repository.service_a",
            "aws_ecs_cluster.main",
            "aws_ecs_task_definition.service_a",
            "aws_iam_role.ecs_task_execution",
            "aws_iam_role.service_a_task",
            "aws_lb.service_a",
            "aws_lb_listener.service_a",
            "aws_lb_target_group.service_a",
            "aws_security_group.alb",
            "aws_security_group.ecs_tasks",
            "aws_subnet.public",
            "aws_vpc.main",
            "data.aws_iam_policy_document.ecs_assume_role"
          ]
        }
      ]
    },
    {
      "mode": "managed",
      "type": "aws_ecs_service",
      "name": "service_b",
      "provider": "provider[\"registry.terraform.io/hashicorp/aws\"]",
      "instances": [
        {
          "schema_version": 1,
          "attributes": {
            "alarms": [],
            "availability_zone_rebalancing": "DISABLED",
            "capacity_provider_strategy": [],
            "cluster": "arn:aws:ecs:ap-southeast-2:587601535321:cluster/multicloud-devops-dev-devops-cluster",
            "deployment_circuit_breaker": [
              {
                "enable": false,
                "rollback": false
              }
            ],
            "deployment_controller": [
              {
                "type": "ECS"
              }
            ],
            "deployment_maximum_percent": 200,
            "deployment_minimum_healthy_percent": 100,
            "desired_count": 1,
            "enable_ecs_managed_tags": false,
            "enable_execute_command": false,
            "force_delete": null,
            "force_new_deployment": null,
            "health_check_grace_period_seconds": 0,
            "iam_role": "/aws-service-role/ecs.amazonaws.com/AWSServiceRoleForECS",
            "id": "arn:aws:ecs:ap-southeast-2:587601535321:service/multicloud-devops-dev-devops-cluster/multicloud-devops-dev-service-b",
            "launch_type": "FARGATE",
            "load_balancer": [
              {
                "container_name": "service-b",
                "container_port": 3000,
                "elb_name": "",
                "target_group_arn": "arn:aws:elasticloadbalancing:ap-southeast-2:587601535321:targetgroup/multicloud-devops-dev-tg-b/06f5f79d220b8255"
              }
            ],
            "name": "multicloud-devops-dev-service-b",
            "network_configuration": [
              {
                "assign_public_ip": true,
                "security_groups": [
                  "sg-05f108336834096d0"
                ],
                "subnets": [
                  "subnet-02f48ffc540d2e299",
                  "subnet-04044d1108d4ba1a4"
                ]
              }
            ],
            "ordered_placement_strategy": [],
            "placement_constraints": [],
            "platform_version": "LATEST",
            "propagate_tags": "NONE",
            "scheduling_strategy": "REPLICA",
            "service_connect_configuration": [],
            "service_registries": [],
            "tags": {
              "Name": "multicloud-devops-dev-service-b"
            },
            "tags_all": {
              "Assessment": "DCE04.2-Assessment1",
              "Environment": "dev",
              "ManagedBy": "terraform",
              "Name": "multicloud-devops-dev-service-b",
              "Project": "multicloud-devops"
            },
            "task_definition": "arn:aws:ecs:ap-southeast-2:587601535321:task-definition/multicloud-devops-dev-service-b:1",
            "timeouts": null,
            "triggers": {},
            "volume_configuration": [],
            "vpc_lattice_configurations": [],
            "wait_for_steady_state": false
          },
          "sensitive_attributes": [],
          "identity_schema_version": 0,
          "private": "eyJlMmJmYjczMC1lY2FhLTExZTYtOGY4OC0zNDM2M2JjN2M0YzAiOnsiY3JlYXRlIjoxMjAwMDAwMDAwMDAwLCJkZWxldGUiOjEyMDAwMDAwMDAwMDAsInVwZGF0ZSI6MTIwMDAwMDAwMDAwMH0sInNjaGVtYV92ZXJzaW9uIjoiMSJ9",
          "dependencies": [
            "aws_cloudwatch_log_group.service_b",
            "aws_ecr_repository.service_b",
            "aws_ecs_cluster.main",
            "aws_ecs_task_definition.service_b",
            "aws_iam_role.ecs_task_execution",
            "aws_iam_role.service_b_task",
            "aws_lb.service_b",
            "aws_lb_listener.service_b",
            "aws_lb_target_group.service_b",
            "aws_security_group.alb",
            "aws_security_group.ecs_tasks",
            "aws_subnet.public",
            "aws_vpc.main",
            "data.aws_iam_policy_document.ecs_assume_role"
          ]
        }
      ]
    },
    {
      "mode": "managed",
      "type": "aws_ecs_task_definition",
      "name": "service_a",
      "provider": "provider[\"registry.terraform.io/hashicorp/aws\"]",
      "instances": [
        {
          "schema_version": 1,
          "attributes": {
            "arn": "arn:aws:ecs:ap-southeast-2:587601535321:task-definition/multicloud-devops-dev-service-a:1",
            "arn_without_revision": "arn:aws:ecs:ap-southeast-2:587601535321:task-definition/multicloud-devops-dev-service-a",
            "container_definitions": "[{\"environment\":[{\"name\":\"AWS_REGION\",\"value\":\"ap-southeast-2\"},{\"name\":\"DYNAMODB_TABLE\",\"value\":\"multicloud-devops-dev-transactions\"}],\"essential\":true,\"image\":\"587601535321.dkr.ecr.ap-southeast-2.amazonaws.com/multicloud-devops-dev-service-a:latest\",\"logConfiguration\":{\"logDriver\":\"awslogs\",\"options\":{\"awslogs-region\":\"ap-southeast-2\",\"awslogs-stream-prefix\":\"ecs\",\"awslogs-group\":\"/ecs/multicloud-devops-dev/service-a\"}},\"mountPoints\":[],\"name\":\"service-a\",\"portMappings\":[{\"containerPort\":8000,\"hostPort\":8000,\"protocol\":\"tcp\"}],\"systemControls\":[],\"volumesFrom\":[]}]",
            "cpu": "256",
            "enable_fault_injection": false,
            "ephemeral_storage": [],
            "execution_role_arn": "arn:aws:iam::587601535321:role/multicloud-devops-dev-ecs-exec-role",
            "family": "multicloud-devops-dev-service-a",
            "id": "multicloud-devops-dev-service-a",
            "inference_accelerator": [],
            "ipc_mode": "",
            "memory": "512",
            "network_mode": "awsvpc",
            "pid_mode": "",
            "placement_constraints": [],
            "proxy_configuration": [],
            "requires_compatibilities": [
              "FARGATE"
            ],
            "revision": 1,
            "runtime_platform": [],
            "skip_destroy": false,
            "tags": {
              "Name": "multicloud-devops-dev-service-a-task"
            },
            "tags_all": {
              "Assessment": "DCE04.2-Assessment1",
              "Environment": "dev",
              "ManagedBy": "terraform",
              "Name": "multicloud-devops-dev-service-a-task",
              "Project": "multicloud-devops"
            },
            "task_role_arn": "arn:aws:iam::587601535321:role/multicloud-devops-dev-service-a-task-role",
            "track_latest": false,
            "volume": []
          },
          "sensitive_attributes": [],
          "identity_schema_version": 0,
          "private": "eyJzY2hlbWFfdmVyc2lvbiI6IjEifQ==",
          "dependencies": [
            "aws_cloudwatch_log_group.service_a",
            "aws_dynamodb_table.transactions",
            "aws_ecr_repository.service_a",
            "aws_iam_role.ecs_task_execution",
            "aws_iam_role.service_a_task",
            "data.aws_iam_policy_document.ecs_assume_role"
          ]
        }
      ]
    },
    {
      "mode": "managed",
      "type": "aws_ecs_task_definition",
      "name": "service_b",
      "provider": "provider[\"registry.terraform.io/hashicorp/aws\"]",
      "instances": [
        {
          "schema_version": 1,
          "attributes": {
            "arn": "arn:aws:ecs:ap-southeast-2:587601535321:task-definition/multicloud-devops-dev-service-b:1",
            "arn_without_revision": "arn:aws:ecs:ap-southeast-2:587601535321:task-definition/multicloud-devops-dev-service-b",
            "container_definitions": "[{\"environment\":[{\"name\":\"GCP_BUCKET\",\"value\":\"multicloud-devops-dev-assets\"},{\"name\":\"GCP_PROJECT\",\"value\":\"multicloud-devops-project\"},{\"name\":\"PORT\",\"value\":\"3000\"}],\"essential\":true,\"image\":\"587601535321.dkr.ecr.ap-southeast-2.amazonaws.com/multicloud-devops-dev-service-b:latest\",\"logConfiguration\":{\"logDriver\":\"awslogs\",\"options\":{\"awslogs-group\":\"/ecs/multicloud-devops-dev/service-b\",\"awslogs-region\":\"ap-southeast-2\",\"awslogs-stream-prefix\":\"ecs\"}},\"mountPoints\":[],\"name\":\"service-b\",\"portMappings\":[{\"containerPort\":3000,\"hostPort\":3000,\"protocol\":\"tcp\"}],\"systemControls\":[],\"volumesFrom\":[]}]",
            "cpu": "256",
            "enable_fault_injection": false,
            "ephemeral_storage": [],
            "execution_role_arn": "arn:aws:iam::587601535321:role/multicloud-devops-dev-ecs-exec-role",
            "family": "multicloud-devops-dev-service-b",
            "id": "multicloud-devops-dev-service-b",
            "inference_accelerator": [],
            "ipc_mode": "",
            "memory": "512",
            "network_mode": "awsvpc",
            "pid_mode": "",
            "placement_constraints": [],
            "proxy_configuration": [],
            "requires_compatibilities": [
              "FARGATE"
            ],
            "revision": 1,
            "runtime_platform": [],
            "skip_destroy": false,
            "tags": {
              "Name": "multicloud-devops-dev-service-b-task"
            },
            "tags_all": {
              "Assessment": "DCE04.2-Assessment1",
              "Environment": "dev",
              "ManagedBy": "terraform",
              "Name": "multicloud-devops-dev-service-b-task",
              "Project": "multicloud-devops"
            },
            "task_role_arn": "arn:aws:iam::587601535321:role/multicloud-devops-dev-service-b-task-role",
            "track_latest": false,
            "volume": []
          },
          "sensitive_attributes": [],
          "identity_schema_version": 0,
          "private": "eyJzY2hlbWFfdmVyc2lvbiI6IjEifQ==",
          "dependencies": [
            "aws_cloudwatch_log_group.service_b",
            "aws_ecr_repository.service_b",
            "aws_iam_role.ecs_task_execution",
            "aws_iam_role.service_b_task",
            "data.aws_iam_policy_document.ecs_assume_role"
          ]
        }
      ]
    },
    {
      "mode": "managed",
      "type": "aws_iam_role",
      "name": "codebuild",
      "provider": "provider[\"registry.terraform.io/hashicorp/aws\"]",
      "instances": [
        {
          "schema_version": 0,
          "attributes": {
            "arn": "arn:aws:iam::587601535321:role/multicloud-devops-dev-codebuild-role",
            "assume_role_policy": "{\"Statement\":[{\"Action\":\"sts:AssumeRole\",\"Effect\":\"Allow\",\"Principal\":{\"Service\":\"codebuild.amazonaws.com\"}}],\"Version\":\"2012-10-17\"}",
            "create_date": "2026-05-23T04:01:54Z",
            "description": "",
            "force_detach_policies": false,
            "id": "multicloud-devops-dev-codebuild-role",
            "inline_policy": [
              {
                "name": "codebuild-policy",
                "policy": "{\"Version\":\"2012-10-17\",\"Statement\":[{\"Action\":\"ecr:GetAuthorizationToken\",\"Effect\":\"Allow\",\"Resource\":\"*\"},{\"Action\":[\"ecr:UploadLayerPart\",\"ecr:PutImage\",\"ecr:InitiateLayerUpload\",\"ecr:GetDownloadUrlForLayer\",\"ecr:CompleteLayerUpload\",\"ecr:BatchGetImage\",\"ecr:BatchCheckLayerAvailability\"],\"Effect\":\"Allow\",\"Resource\":[\"arn:aws:ecr:ap-southeast-2:587601535321:repository/multicloud-devops-dev-service-b\",\"arn:aws:ecr:ap-southeast-2:587601535321:repository/multicloud-devops-dev-service-a\"]},{\"Action\":[\"logs:PutLogEvents\",\"logs:CreateLogStream\",\"logs:CreateLogGroup\"],\"Effect\":\"Allow\",\"Resource\":\"*\"},{\"Action\":[\"s3:PutObject\",\"s3:GetObject\",\"s3:GetBucketLocation\",\"s3:GetBucketAcl\"],\"Effect\":\"Allow\",\"Resource\":[\"arn:aws:s3:::multicloud-devops-dev-pipeline-artifacts-587601535321/*\",\"arn:aws:s3:::multicloud-devops-dev-pipeline-artifacts-587601535321\"]},{\"Action\":[\"ecs:UpdateService\",\"ecs:RegisterTaskDefinition\",\"ecs:ListTasks\",\"ecs:DescribeTasks\",\"ecs:DescribeTaskDefinition\",\"ecs:DescribeServices\"],\"Effect\":\"Allow\",\"Resource\":\"*\"},{\"Action\":[\"elasticloadbalancing:ModifyListener\",\"elasticloadbalancing:DescribeTargetHealth\",\"elasticloadbalancing:DescribeTargetGroups\",\"elasticloadbalancing:DescribeListeners\"],\"Effect\":\"Allow\",\"Resource\":\"*\"},{\"Action\":\"iam:PassRole\",\"Effect\":\"Allow\",\"Resource\":[\"arn:aws:iam::587601535321:role/multicloud-devops-dev-service-b-task-role\",\"arn:aws:iam::587601535321:role/multicloud-devops-dev-service-a-task-role\",\"arn:aws:iam::587601535321:role/multicloud-devops-dev-ecs-exec-role\"]}]}"
              }
            ],
            "managed_policy_arns": [],
            "max_session_duration": 3600,
            "name": "multicloud-devops-dev-codebuild-role",
            "name_prefix": "",
            "path": "/",
            "permissions_boundary": "",
            "tags": {
              "Name": "multicloud-devops-dev-codebuild-role"
            },
            "tags_all": {
              "Assessment": "DCE04.2-Assessment1",
              "Environment": "dev",
              "ManagedBy": "terraform",
              "Name": "multicloud-devops-dev-codebuild-role",
              "Project": "multicloud-devops"
            },
            "unique_id": "AROAYRT6H4FMRKPH3Q5T6"
          },
          "sensitive_attributes": [],
          "identity_schema_version": 0,
          "private": "bnVsbA==",
          "dependencies": [
            "data.aws_iam_policy_document.codebuild_assume_role"
          ]
        }
      ]
    },
    {
      "mode": "managed",
      "type": "aws_iam_role",
      "name": "codepipeline",
      "provider": "provider[\"registry.terraform.io/hashicorp/aws\"]",
      "instances": [
        {
          "schema_version": 0,
          "attributes": {
            "arn": "arn:aws:iam::587601535321:role/multicloud-devops-dev-codepipeline-role",
            "assume_role_policy": "{\"Statement\":[{\"Action\":\"sts:AssumeRole\",\"Effect\":\"Allow\",\"Principal\":{\"Service\":\"codepipeline.amazonaws.com\"}}],\"Version\":\"2012-10-17\"}",
            "create_date": "2026-05-23T04:01:54Z",
            "description": "",
            "force_detach_policies": false,
            "id": "multicloud-devops-dev-codepipeline-role",
            "inline_policy": [
              {
                "name": "codepipeline-policy",
                "policy": "{\"Version\":\"2012-10-17\",\"Statement\":[{\"Action\":[\"s3:PutObject\",\"s3:GetObject\",\"s3:GetBucketVersioning\"],\"Effect\":\"Allow\",\"Resource\":[\"arn:aws:s3:::multicloud-devops-dev-pipeline-artifacts-587601535321/*\",\"arn:aws:s3:::multicloud-devops-dev-pipeline-artifacts-587601535321\"]},{\"Action\":[\"codebuild:StartBuild\",\"codebuild:BatchGetBuilds\"],\"Effect\":\"Allow\",\"Resource\":[\"arn:aws:codebuild:ap-southeast-2:587601535321:project/multicloud-devops-dev-deploy-service-b\",\"arn:aws:codebuild:ap-southeast-2:587601535321:project/multicloud-devops-dev-deploy-service-a\",\"arn:aws:codebuild:ap-southeast-2:587601535321:project/multicloud-devops-dev-build-service-b\",\"arn:aws:codebuild:ap-southeast-2:587601535321:project/multicloud-devops-dev-build-service-a\"]}]}"
              }
            ],
            "managed_policy_arns": [],
            "max_session_duration": 3600,
            "name": "multicloud-devops-dev-codepipeline-role",
            "name_prefix": "",
            "path": "/",
            "permissions_boundary": "",
            "tags": {
              "Name": "multicloud-devops-dev-codepipeline-role"
            },
            "tags_all": {
              "Assessment": "DCE04.2-Assessment1",
              "Environment": "dev",
              "ManagedBy": "terraform",
              "Name": "multicloud-devops-dev-codepipeline-role",
              "Project": "multicloud-devops"
            },
            "unique_id": "AROAYRT6H4FM3DZLH22MD"
          },
          "sensitive_attributes": [],
          "identity_schema_version": 0,
          "private": "bnVsbA==",
          "dependencies": [
            "data.aws_iam_policy_document.codepipeline_assume_role"
          ]
        }
      ]
    },
    {
      "mode": "managed",
      "type": "aws_iam_role",
      "name": "ecs_task_execution",
      "provider": "provider[\"registry.terraform.io/hashicorp/aws\"]",
      "instances": [
        {
          "schema_version": 0,
          "attributes": {
            "arn": "arn:aws:iam::587601535321:role/multicloud-devops-dev-ecs-exec-role",
            "assume_role_policy": "{\"Statement\":[{\"Action\":\"sts:AssumeRole\",\"Effect\":\"Allow\",\"Principal\":{\"Service\":\"ecs-tasks.amazonaws.com\"}}],\"Version\":\"2012-10-17\"}",
            "create_date": "2026-05-23T04:01:56Z",
            "description": "",
            "force_detach_policies": false,
            "id": "multicloud-devops-dev-ecs-exec-role",
            "inline_policy": [],
            "managed_policy_arns": [
              "arn:aws:iam::aws:policy/service-role/AmazonECSTaskExecutionRolePolicy"
            ],
            "max_session_duration": 3600,
            "name": "multicloud-devops-dev-ecs-exec-role",
            "name_prefix": "",
            "path": "/",
            "permissions_boundary": "",
            "tags": {
              "Name": "multicloud-devops-dev-ecs-exec-role"
            },
            "tags_all": {
              "Assessment": "DCE04.2-Assessment1",
              "Environment": "dev",
              "ManagedBy": "terraform",
              "Name": "multicloud-devops-dev-ecs-exec-role",
              "Project": "multicloud-devops"
            },
            "unique_id": "AROAYRT6H4FMTNPW5D6O3"
          },
          "sensitive_attributes": [],
          "identity_schema_version": 0,
          "private": "bnVsbA==",
          "dependencies": [
            "data.aws_iam_policy_document.ecs_assume_role"
          ]
        }
      ]
    },
    {
      "mode": "managed",
      "type": "aws_iam_role",
      "name": "entra_devops_engineer",
      "provider": "provider[\"registry.terraform.io/hashicorp/aws\"]",
      "instances": [
        {
          "schema_version": 0,
          "attributes": {
            "arn": "arn:aws:iam::587601535321:role/multicloud-devops-dev-devops-engineer",
            "assume_role_policy": "{\"Statement\":[{\"Action\":\"sts:AssumeRoleWithSAML\",\"Condition\":{\"StringEquals\":{\"SAML:aud\":\"https://signin.aws.amazon.com/saml\"}},\"Effect\":\"Allow\",\"Principal\":{\"Federated\":\"arn:aws:iam::587601535321:saml-provider/multicloud-devops-dev-entra-id\"}}],\"Version\":\"2012-10-17\"}",
            "create_date": "2026-05-23T04:01:57Z",
            "description": "",
            "force_detach_policies": false,
            "id": "multicloud-devops-dev-devops-engineer",
            "inline_policy": [],
            "managed_policy_arns": [
              "arn:aws:iam::aws:policy/PowerUserAccess"
            ],
            "max_session_duration": 3600,
            "name": "multicloud-devops-dev-devops-engineer",
            "name_prefix": "",
            "path": "/",
            "permissions_boundary": "",
            "tags": {
              "Name": "multicloud-devops-dev-devops-engineer"
            },
            "tags_all": {
              "Assessment": "DCE04.2-Assessment1",
              "Environment": "dev",
              "ManagedBy": "terraform",
              "Name": "multicloud-devops-dev-devops-engineer",
              "Project": "multicloud-devops"
            },
            "unique_id": "AROAYRT6H4FMU4Q7VBBS3"
          },
          "sensitive_attributes": [],
          "identity_schema_version": 0,
          "private": "bnVsbA==",
          "dependencies": [
            "aws_iam_saml_provider.entra_id",
            "data.aws_iam_policy_document.entra_devops_assume"
          ]
        }
      ]
    },
    {
      "mode": "managed",
      "type": "aws_iam_role",
      "name": "entra_readonly_auditor",
      "provider": "provider[\"registry.terraform.io/hashicorp/aws\"]",
      "instances": [
        {
          "schema_version": 0,
          "attributes": {
            "arn": "arn:aws:iam::587601535321:role/multicloud-devops-dev-readonly-auditor",
            "assume_role_policy": "{\"Statement\":[{\"Action\":\"sts:AssumeRoleWithSAML\",\"Condition\":{\"StringEquals\":{\"SAML:aud\":\"https://signin.aws.amazon.com/saml\"}},\"Effect\":\"Allow\",\"Principal\":{\"Federated\":\"arn:aws:iam::587601535321:saml-provider/multicloud-devops-dev-entra-id\"}}],\"Version\":\"2012-10-17\"}",
            "create_date": "2026-05-23T04:01:57Z",
            "description": "",
            "force_detach_policies": false,
            "id": "multicloud-devops-dev-readonly-auditor",
            "inline_policy": [],
            "managed_policy_arns": [
              "arn:aws:iam::aws:policy/job-function/ViewOnlyAccess"
            ],
            "max_session_duration": 3600,
            "name": "multicloud-devops-dev-readonly-auditor",
            "name_prefix": "",
            "path": "/",
            "permissions_boundary": "",
            "tags": {
              "Name": "multicloud-devops-dev-readonly-auditor"
            },
            "tags_all": {
              "Assessment": "DCE04.2-Assessment1",
              "Environment": "dev",
              "ManagedBy": "terraform",
              "Name": "multicloud-devops-dev-readonly-auditor",
              "Project": "multicloud-devops"
            },
            "unique_id": "AROAYRT6H4FM7FDRQ3XGD"
          },
          "sensitive_attributes": [],
          "identity_schema_version": 0,
          "private": "bnVsbA==",
          "dependencies": [
            "aws_iam_saml_provider.entra_id",
            "data.aws_iam_policy_document.entra_auditor_assume"
          ]
        }
      ]
    },
    {
      "mode": "managed",
      "type": "aws_iam_role",
      "name": "service_a_task",
      "provider": "provider[\"registry.terraform.io/hashicorp/aws\"]",
      "instances": [
        {
          "schema_version": 0,
          "attributes": {
            "arn": "arn:aws:iam::587601535321:role/multicloud-devops-dev-service-a-task-role",
            "assume_role_policy": "{\"Statement\":[{\"Action\":\"sts:AssumeRole\",\"Effect\":\"Allow\",\"Principal\":{\"Service\":\"ecs-tasks.amazonaws.com\"}}],\"Version\":\"2012-10-17\"}",
            "create_date": "2026-05-23T04:01:54Z",
            "description": "",
            "force_detach_policies": false,
            "id": "multicloud-devops-dev-service-a-task-role",
            "inline_policy": [
              {
                "name": "dynamodb-access",
                "policy": "{\"Version\":\"2012-10-17\",\"Statement\":[{\"Action\":[\"dynamodb:UpdateItem\",\"dynamodb:Scan\",\"dynamodb:PutItem\",\"dynamodb:GetItem\",\"dynamodb:DeleteItem\"],\"Effect\":\"Allow\",\"Resource\":\"arn:aws:dynamodb:ap-southeast-2:587601535321:table/multicloud-devops-dev-transactions\"}]}"
              }
            ],
            "managed_policy_arns": [],
            "max_session_duration": 3600,
            "name": "multicloud-devops-dev-service-a-task-role",
            "name_prefix": "",
            "path": "/",
            "permissions_boundary": "",
            "tags": {
              "Name": "multicloud-devops-dev-service-a-task-role"
            },
            "tags_all": {
              "Assessment": "DCE04.2-Assessment1",
              "Environment": "dev",
              "ManagedBy": "terraform",
              "Name": "multicloud-devops-dev-service-a-task-role",
              "Project": "multicloud-devops"
            },
            "unique_id": "AROAYRT6H4FMS5JEP2KJR"
          },
          "sensitive_attributes": [],
          "identity_schema_version": 0,
          "private": "bnVsbA==",
          "dependencies": [
            "data.aws_iam_policy_document.ecs_assume_role"
          ]
        }
      ]
    },
    {
      "mode": "managed",
      "type": "aws_iam_role",
      "name": "service_b_task",
      "provider": "provider[\"registry.terraform.io/hashicorp/aws\"]",
      "instances": [
        {
          "schema_version": 0,
          "attributes": {
            "arn": "arn:aws:iam::587601535321:role/multicloud-devops-dev-service-b-task-role",
            "assume_role_policy": "{\"Statement\":[{\"Action\":\"sts:AssumeRole\",\"Effect\":\"Allow\",\"Principal\":{\"Service\":\"ecs-tasks.amazonaws.com\"}}],\"Version\":\"2012-10-17\"}",
            "create_date": "2026-05-23T04:01:55Z",
            "description": "",
            "force_detach_policies": false,
            "id": "multicloud-devops-dev-service-b-task-role",
            "inline_policy": [],
            "managed_policy_arns": [],
            "max_session_duration": 3600,
            "name": "multicloud-devops-dev-service-b-task-role",
            "name_prefix": "",
            "path": "/",
            "permissions_boundary": "",
            "tags": {
              "Name": "multicloud-devops-dev-service-b-task-role"
            },
            "tags_all": {
              "Assessment": "DCE04.2-Assessment1",
              "Environment": "dev",
              "ManagedBy": "terraform",
              "Name": "multicloud-devops-dev-service-b-task-role",
              "Project": "multicloud-devops"
            },
            "unique_id": "AROAYRT6H4FM2XWPBVP5H"
          },
          "sensitive_attributes": [],
          "identity_schema_version": 0,
          "private": "bnVsbA==",
          "dependencies": [
            "data.aws_iam_policy_document.ecs_assume_role"
          ]
        }
      ]
    },
    {
      "mode": "managed",
      "type": "aws_iam_role_policy",
      "name": "codebuild",
      "provider": "provider[\"registry.terraform.io/hashicorp/aws\"]",
      "instances": [
        {
          "schema_version": 0,
          "attributes": {
            "id": "multicloud-devops-dev-codebuild-role:codebuild-policy",
            "name": "codebuild-policy",
            "name_prefix": "",
            "policy": "{\"Version\":\"2012-10-17\",\"Statement\":[{\"Action\":\"ecr:GetAuthorizationToken\",\"Effect\":\"Allow\",\"Resource\":\"*\"},{\"Action\":[\"ecr:UploadLayerPart\",\"ecr:PutImage\",\"ecr:InitiateLayerUpload\",\"ecr:GetDownloadUrlForLayer\",\"ecr:CompleteLayerUpload\",\"ecr:BatchGetImage\",\"ecr:BatchCheckLayerAvailability\"],\"Effect\":\"Allow\",\"Resource\":[\"arn:aws:ecr:ap-southeast-2:587601535321:repository/multicloud-devops-dev-service-b\",\"arn:aws:ecr:ap-southeast-2:587601535321:repository/multicloud-devops-dev-service-a\"]},{\"Action\":[\"logs:PutLogEvents\",\"logs:CreateLogStream\",\"logs:CreateLogGroup\"],\"Effect\":\"Allow\",\"Resource\":\"*\"},{\"Action\":[\"s3:PutObject\",\"s3:GetObject\",\"s3:GetBucketLocation\",\"s3:GetBucketAcl\"],\"Effect\":\"Allow\",\"Resource\":[\"arn:aws:s3:::multicloud-devops-dev-pipeline-artifacts-587601535321/*\",\"arn:aws:s3:::multicloud-devops-dev-pipeline-artifacts-587601535321\"]},{\"Action\":[\"ecs:UpdateService\",\"ecs:RegisterTaskDefinition\",\"ecs:ListTasks\",\"ecs:DescribeTasks\",\"ecs:DescribeTaskDefinition\",\"ecs:DescribeServices\"],\"Effect\":\"Allow\",\"Resource\":\"*\"},{\"Action\":[\"elasticloadbalancing:ModifyListener\",\"elasticloadbalancing:DescribeTargetHealth\",\"elasticloadbalancing:DescribeTargetGroups\",\"elasticloadbalancing:DescribeListeners\"],\"Effect\":\"Allow\",\"Resource\":\"*\"},{\"Action\":\"iam:PassRole\",\"Effect\":\"Allow\",\"Resource\":[\"arn:aws:iam::587601535321:role/multicloud-devops-dev-service-b-task-role\",\"arn:aws:iam::587601535321:role/multicloud-devops-dev-service-a-task-role\",\"arn:aws:iam::587601535321:role/multicloud-devops-dev-ecs-exec-role\"]}]}",
            "role": "multicloud-devops-dev-codebuild-role"
          },
          "sensitive_attributes": [],
          "identity_schema_version": 0,
          "private": "bnVsbA==",
          "dependencies": [
            "aws_ecr_repository.service_a",
            "aws_ecr_repository.service_b",
            "aws_iam_role.codebuild",
            "aws_iam_role.ecs_task_execution",
            "aws_iam_role.service_a_task",
            "aws_iam_role.service_b_task",
            "aws_s3_bucket.pipeline_artifacts",
            "data.aws_iam_policy_document.codebuild",
            "data.aws_iam_policy_document.codebuild_assume_role",
            "data.aws_iam_policy_document.ecs_assume_role"
          ]
        }
      ]
    },
    {
      "mode": "managed",
      "type": "aws_iam_role_policy",
      "name": "codepipeline",
      "provider": "provider[\"registry.terraform.io/hashicorp/aws\"]",
      "instances": [
        {
          "schema_version": 0,
          "attributes": {
            "id": "multicloud-devops-dev-codepipeline-role:codepipeline-policy",
            "name": "codepipeline-policy",
            "name_prefix": "",
            "policy": "{\"Version\":\"2012-10-17\",\"Statement\":[{\"Action\":[\"s3:PutObject\",\"s3:GetObject\",\"s3:GetBucketVersioning\"],\"Effect\":\"Allow\",\"Resource\":[\"arn:aws:s3:::multicloud-devops-dev-pipeline-artifacts-587601535321/*\",\"arn:aws:s3:::multicloud-devops-dev-pipeline-artifacts-587601535321\"]},{\"Action\":[\"codebuild:StartBuild\",\"codebuild:BatchGetBuilds\"],\"Effect\":\"Allow\",\"Resource\":[\"arn:aws:codebuild:ap-southeast-2:587601535321:project/multicloud-devops-dev-deploy-service-b\",\"arn:aws:codebuild:ap-southeast-2:587601535321:project/multicloud-devops-dev-deploy-service-a\",\"arn:aws:codebuild:ap-southeast-2:587601535321:project/multicloud-devops-dev-build-service-b\",\"arn:aws:codebuild:ap-southeast-2:587601535321:project/multicloud-devops-dev-build-service-a\"]}]}",
            "role": "multicloud-devops-dev-codepipeline-role"
          },
          "sensitive_attributes": [],
          "identity_schema_version": 0,
          "private": "bnVsbA==",
          "dependencies": [
            "aws_codebuild_project.deploy_service_a",
            "aws_codebuild_project.deploy_service_b",
            "aws_codebuild_project.service_a",
            "aws_codebuild_project.service_b",
            "aws_ecr_repository.service_a",
            "aws_ecr_repository.service_b",
            "aws_ecs_cluster.main",
            "aws_iam_role.codebuild",
            "aws_iam_role.codepipeline",
            "aws_lb.service_a",
            "aws_lb.service_b",
            "aws_lb_listener.service_a",
            "aws_lb_listener.service_b",
            "aws_lb_target_group.service_a",
            "aws_lb_target_group.service_a_green",
            "aws_lb_target_group.service_b",
            "aws_lb_target_group.service_b_green",
            "aws_s3_bucket.pipeline_artifacts",
            "aws_security_group.alb",
            "aws_subnet.public",
            "aws_vpc.main",
            "data.aws_iam_policy_document.codebuild_assume_role",
            "data.aws_iam_policy_document.codepipeline",
            "data.aws_iam_policy_document.codepipeline_assume_role"
          ]
        }
      ]
    },
    {
      "mode": "managed",
      "type": "aws_iam_role_policy",
      "name": "service_a_dynamodb",
      "provider": "provider[\"registry.terraform.io/hashicorp/aws\"]",
      "instances": [
        {
          "schema_version": 0,
          "attributes": {
            "id": "multicloud-devops-dev-service-a-task-role:dynamodb-access",
            "name": "dynamodb-access",
            "name_prefix": "",
            "policy": "{\"Version\":\"2012-10-17\",\"Statement\":[{\"Action\":[\"dynamodb:UpdateItem\",\"dynamodb:Scan\",\"dynamodb:PutItem\",\"dynamodb:GetItem\",\"dynamodb:DeleteItem\"],\"Effect\":\"Allow\",\"Resource\":\"arn:aws:dynamodb:ap-southeast-2:587601535321:table/multicloud-devops-dev-transactions\"}]}",
            "role": "multicloud-devops-dev-service-a-task-role"
          },
          "sensitive_attributes": [],
          "identity_schema_version": 0,
          "private": "bnVsbA==",
          "dependencies": [
            "aws_dynamodb_table.transactions",
            "aws_iam_role.service_a_task",
            "data.aws_iam_policy_document.ecs_assume_role",
            "data.aws_iam_policy_document.service_a_dynamodb"
          ]
        }
      ]
    },
    {
      "mode": "managed",
      "type": "aws_iam_role_policy_attachment",
      "name": "auditor_view_only",
      "provider": "provider[\"registry.terraform.io/hashicorp/aws\"]",
      "instances": [
        {
          "schema_version": 0,
          "attributes": {
            "id": "multicloud-devops-dev-readonly-auditor-20260523040158382800000004",
            "policy_arn": "arn:aws:iam::aws:policy/job-function/ViewOnlyAccess",
            "role": "multicloud-devops-dev-readonly-auditor"
          },
          "sensitive_attributes": [],
          "identity_schema_version": 0,
          "private": "bnVsbA==",
          "dependencies": [
            "aws_iam_role.entra_readonly_auditor",
            "aws_iam_saml_provider.entra_id",
            "data.aws_iam_policy_document.entra_auditor_assume"
          ]
        }
      ]
    },
    {
      "mode": "managed",
      "type": "aws_iam_role_policy_attachment",
      "name": "devops_power_user",
      "provider": "provider[\"registry.terraform.io/hashicorp/aws\"]",
      "instances": [
        {
          "schema_version": 0,
          "attributes": {
            "id": "multicloud-devops-dev-devops-engineer-20260523040158280000000003",
            "policy_arn": "arn:aws:iam::aws:policy/PowerUserAccess",
            "role": "multicloud-devops-dev-devops-engineer"
          },
          "sensitive_attributes": [],
          "identity_schema_version": 0,
          "private": "bnVsbA==",
          "dependencies": [
            "aws_iam_role.entra_devops_engineer",
            "aws_iam_saml_provider.entra_id",
            "data.aws_iam_policy_document.entra_devops_assume"
          ]
        }
      ]
    },
    {
      "mode": "managed",
      "type": "aws_iam_role_policy_attachment",
      "name": "ecs_task_execution",
      "provider": "provider[\"registry.terraform.io/hashicorp/aws\"]",
      "instances": [
        {
          "schema_version": 0,
          "attributes": {
            "id": "multicloud-devops-dev-ecs-exec-role-20260523040157328300000002",
            "policy_arn": "arn:aws:iam::aws:policy/service-role/AmazonECSTaskExecutionRolePolicy",
            "role": "multicloud-devops-dev-ecs-exec-role"
          },
          "sensitive_attributes": [],
          "identity_schema_version": 0,
          "private": "bnVsbA==",
          "dependencies": [
            "aws_iam_role.ecs_task_execution",
            "data.aws_iam_policy_document.ecs_assume_role"
          ]
        }
      ]
    },
    {
      "mode": "managed",
      "type": "aws_iam_saml_provider",
      "name": "entra_id",
      "provider": "provider[\"registry.terraform.io/hashicorp/aws\"]",
      "instances": [
        {
          "schema_version": 0,
          "attributes": {
            "arn": "arn:aws:iam::587601535321:saml-provider/multicloud-devops-dev-entra-id",
            "id": "arn:aws:iam::587601535321:saml-provider/multicloud-devops-dev-entra-id",
            "name": "multicloud-devops-dev-entra-id",
            "saml_metadata_document": "\u003c?xml version=\"1.0\" encoding=\"utf-8\"?\u003e\u003cEntityDescriptor ID=\"_fc1f0995-7f37-40c4-9467-0a65b41e12c7\" entityID=\"https://sts.windows.net/fe7cd004-5636-423b-8e98-e0129e9dd400/\" xmlns=\"urn:oasis:names:tc:SAML:2.0:metadata\"\u003e\u003cSignature xmlns=\"http://www.w3.org/2000/09/xmldsig#\"\u003e\u003cSignedInfo\u003e\u003cCanonicalizationMethod Algorithm=\"http://www.w3.org/2001/10/xml-exc-c14n#\" /\u003e\u003cSignatureMethod Algorithm=\"http://www.w3.org/2001/04/xmldsig-more#rsa-sha256\" /\u003e\u003cReference URI=\"#_fc1f0995-7f37-40c4-9467-0a65b41e12c7\"\u003e\u003cTransforms\u003e\u003cTransform Algorithm=\"http://www.w3.org/2000/09/xmldsig#enveloped-signature\" /\u003e\u003cTransform Algorithm=\"http://www.w3.org/2001/10/xml-exc-c14n#\" /\u003e\u003c/Transforms\u003e\u003cDigestMethod Algorithm=\"http://www.w3.org/2001/04/xmlenc#sha256\" /\u003e\u003cDigestValue\u003eu9Q5OdqiSKnA/n+4ABVbu19uKjIYqSTyB2h83ETQ5rA=\u003c/DigestValue\u003e\u003c/Reference\u003e\u003c/SignedInfo\u003e\u003cSignatureValue\u003ecB0s+U2rOddLrqII39FRPNOhtgHDvAcNbmDCbLnuQUDT7ktlEer0ppUD3o26IKDOGJhI2oHZ9NhW5xeTrHpfyJjyl0qZMPNLOls3dqbOZtseJvrf2ZdmpGjbOp5Y0uIB6JvLjlwFmJPnL1gj6Bn8LEmBHb/MbzdodhbzHt4Xb9yDPpdWFhHzu+1t6ik/cNrS5B5Jek0onPL/aVcHOpAqA3nLJAgnXRthQ4ToNl+X0GIBT7a2XVJx2XIuX/bfYa3yMeFZYaDW6AJNHmGzQAzyB1M047SCtVAGbzlf4eBnx0LrC/+Cw0vy9VeBXadnXtdT8Scn9ak94dv87+Jfssnwbg==\u003c/SignatureValue\u003e\u003cds:KeyInfo xmlns:ds=\"http://www.w3.org/2000/09/xmldsig#\"\u003e\u003cds:X509Data\u003e\u003cds:X509Certificate\u003eMIIC8DCCAdigAwIBAgIQSs1G1udSpYRIiXQx4CrBszANBgkqhkiG9w0BAQsFADA0MTIwMAYDVQQDEylNaWNyb3NvZnQgQXp1cmUgRmVkZXJhdGVkIFNTTyBDZXJ0aWZpY2F0ZTAeFw0yNjA1MjMwMjQ2NTJaFw0yOTA1MjMwMjQ2NTJaMDQxMjAwBgNVBAMTKU1pY3Jvc29mdCBBenVyZSBGZWRlcmF0ZWQgU1NPIENlcnRpZmljYXRlMIIBIjANBgkqhkiG9w0BAQEFAAOCAQ8AMIIBCgKCAQEAwiTw9e+XMTOmrEa9KUiJa6W2YNUBrURjIJDmQjs1uUdRNr1EWAqBcQL5555SFwwN7v2Jy0WiP7+ExQ0zLDfteItyOs5uTrX1K9E3QJ1s1LR4hhf5HxgJy/tVQtLuWXkWeuZCf7Nto8lfXP87+ranhtVr0EOvTFgWW+y2vY3r5cZF2oBs7Z0MKBKaSC420qRkxjevrxLNGsyB8fEIOZtYVyjECRQLluzljSPTxsR3nV3SWEgAsDbFptJdsWxA77SXr/6l6Jl3NVYEMgMqYxZL0bNhLm8XlQTmboJCpBxdnTOstIfOyr5wCeF7Cl+NvMleX+xbCESr4nl5PzJoPpMNHQIDAQABMA0GCSqGSIb3DQEBCwUAA4IBAQCdRlM19gfsbGi9kxqLxJmO3bEg7W3VNxE/U5cuO3ys34cY9pMkj24bDjb5R5rOeP6/jct8995CvZOjuRzHuoUKCq2h1N8aRgX1noJco0SXO0Dc5cUBQ8yIpMwbqXYFka6nd56fS+tj7i4/WWx9xRCi+LRvTJKrniLX6BfJrrIbNkERxJffFee08WGQXgokJWOlgZZ+npWT5932Vonwmix7/g4zzhF4m18bRqKnruL6jlNdMZlOE6SLN8MLlf8/fZxwcho9xDBYHi1qgMo61iSx7RzoEVHygiHWxsiQd8TNSlfHtO/11MpjV4/OS979wZunyTUd1Od7bvhvZKUV5pK8\u003c/ds:X509Certificate\u003e\u003c/ds:X509Data\u003e\u003c/ds:KeyInfo\u003e\u003c/Signature\u003e\u003cRoleDescriptor xsi:type=\"fed:SecurityTokenServiceType\" protocolSupportEnumeration=\"http://docs.oasis-open.org/wsfed/federation/200706\" xmlns:xsi=\"http://www.w3.org/2001/XMLSchema-instance\" xmlns:fed=\"http://docs.oasis-open.org/wsfed/federation/200706\"\u003e\u003cKeyDescriptor use=\"signing\"\u003e\u003cKeyInfo xmlns=\"http://www.w3.org/2000/09/xmldsig#\"\u003e\u003cX509Data\u003e\u003cX509Certificate\u003eMIIC8DCCAdigAwIBAgIQSs1G1udSpYRIiXQx4CrBszANBgkqhkiG9w0BAQsFADA0MTIwMAYDVQQDEylNaWNyb3NvZnQgQXp1cmUgRmVkZXJhdGVkIFNTTyBDZXJ0aWZpY2F0ZTAeFw0yNjA1MjMwMjQ2NTJaFw0yOTA1MjMwMjQ2NTJaMDQxMjAwBgNVBAMTKU1pY3Jvc29mdCBBenVyZSBGZWRlcmF0ZWQgU1NPIENlcnRpZmljYXRlMIIBIjANBgkqhkiG9w0BAQEFAAOCAQ8AMIIBCgKCAQEAwiTw9e+XMTOmrEa9KUiJa6W2YNUBrURjIJDmQjs1uUdRNr1EWAqBcQL5555SFwwN7v2Jy0WiP7+ExQ0zLDfteItyOs5uTrX1K9E3QJ1s1LR4hhf5HxgJy/tVQtLuWXkWeuZCf7Nto8lfXP87+ranhtVr0EOvTFgWW+y2vY3r5cZF2oBs7Z0MKBKaSC420qRkxjevrxLNGsyB8fEIOZtYVyjECRQLluzljSPTxsR3nV3SWEgAsDbFptJdsWxA77SXr/6l6Jl3NVYEMgMqYxZL0bNhLm8XlQTmboJCpBxdnTOstIfOyr5wCeF7Cl+NvMleX+xbCESr4nl5PzJoPpMNHQIDAQABMA0GCSqGSIb3DQEBCwUAA4IBAQCdRlM19gfsbGi9kxqLxJmO3bEg7W3VNxE/U5cuO3ys34cY9pMkj24bDjb5R5rOeP6/jct8995CvZOjuRzHuoUKCq2h1N8aRgX1noJco0SXO0Dc5cUBQ8yIpMwbqXYFka6nd56fS+tj7i4/WWx9xRCi+LRvTJKrniLX6BfJrrIbNkERxJffFee08WGQXgokJWOlgZZ+npWT5932Vonwmix7/g4zzhF4m18bRqKnruL6jlNdMZlOE6SLN8MLlf8/fZxwcho9xDBYHi1qgMo61iSx7RzoEVHygiHWxsiQd8TNSlfHtO/11MpjV4/OS979wZunyTUd1Od7bvhvZKUV5pK8\u003c/X509Certificate\u003e\u003c/X509Data\u003e\u003c/KeyInfo\u003e\u003c/KeyDescriptor\u003e\u003cfed:ClaimTypesOffered\u003e\u003cauth:ClaimType Uri=\"http://schemas.xmlsoap.org/ws/2005/05/identity/claims/name\" xmlns:auth=\"http://docs.oasis-open.org/wsfed/authorization/200706\"\u003e\u003cauth:DisplayName\u003eName\u003c/auth:DisplayName\u003e\u003cauth:Description\u003eThe mutable display name of the user.\u003c/auth:Description\u003e\u003c/auth:ClaimType\u003e\u003cauth:ClaimType Uri=\"http://schemas.xmlsoap.org/ws/2005/05/identity/claims/nameidentifier\" xmlns:auth=\"http://docs.oasis-open.org/wsfed/authorization/200706\"\u003e\u003cauth:DisplayName\u003eSubject\u003c/auth:DisplayName\u003e\u003cauth:Description\u003eAn immutable, globally unique, non-reusable identifier of the user that is unique to the application for which a token is issued.\u003c/auth:Description\u003e\u003c/auth:ClaimType\u003e\u003cauth:ClaimType Uri=\"http://schemas.xmlsoap.org/ws/2005/05/identity/claims/givenname\" xmlns:auth=\"http://docs.oasis-open.org/wsfed/authorization/200706\"\u003e\u003cauth:DisplayName\u003eGiven Name\u003c/auth:DisplayName\u003e\u003cauth:Description\u003eFirst name of the user.\u003c/auth:Description\u003e\u003c/auth:ClaimType\u003e\u003cauth:ClaimType Uri=\"http://schemas.xmlsoap.org/ws/2005/05/identity/claims/surname\" xmlns:auth=\"http://docs.oasis-open.org/wsfed/authorization/200706\"\u003e\u003cauth:DisplayName\u003eSurname\u003c/auth:DisplayName\u003e\u003cauth:Description\u003eLast name of the user.\u003c/auth:Description\u003e\u003c/auth:ClaimType\u003e\u003cauth:ClaimType Uri=\"http://schemas.microsoft.com/identity/claims/displayname\" xmlns:auth=\"http://docs.oasis-open.org/wsfed/authorization/200706\"\u003e\u003cauth:DisplayName\u003eDisplay Name\u003c/auth:DisplayName\u003e\u003cauth:Description\u003eDisplay name of the user.\u003c/auth:Description\u003e\u003c/auth:ClaimType\u003e\u003cauth:ClaimType Uri=\"http://schemas.microsoft.com/identity/claims/nickname\" xmlns:auth=\"http://docs.oasis-open.org/wsfed/authorization/200706\"\u003e\u003cauth:DisplayName\u003eNick Name\u003c/auth:DisplayName\u003e\u003cauth:Description\u003eNick name of the user.\u003c/auth:Description\u003e\u003c/auth:ClaimType\u003e\u003cauth:ClaimType Uri=\"http://schemas.microsoft.com/ws/2008/06/identity/claims/authenticationinstant\" xmlns:auth=\"http://docs.oasis-open.org/wsfed/authorization/200706\"\u003e\u003cauth:DisplayName\u003eAuthentication Instant\u003c/auth:DisplayName\u003e\u003cauth:Description\u003eThe time (UTC) when the user is authenticated to Windows Azure Active Directory.\u003c/auth:Description\u003e\u003c/auth:ClaimType\u003e\u003cauth:ClaimType Uri=\"http://schemas.microsoft.com/ws/2008/06/identity/claims/authenticationmethod\" xmlns:auth=\"http://docs.oasis-open.org/wsfed/authorization/200706\"\u003e\u003cauth:DisplayName\u003eAuthentication Method\u003c/auth:DisplayName\u003e\u003cauth:Description\u003eThe method that Windows Azure Active Directory uses to authenticate users.\u003c/auth:Description\u003e\u003c/auth:ClaimType\u003e\u003cauth:ClaimType Uri=\"http://schemas.microsoft.com/identity/claims/objectidentifier\" xmlns:auth=\"http://docs.oasis-open.org/wsfed/authorization/200706\"\u003e\u003cauth:DisplayName\u003eObjectIdentifier\u003c/auth:DisplayName\u003e\u003cauth:Description\u003ePrimary identifier for the user in the directory. Immutable, globally unique, non-reusable.\u003c/auth:Description\u003e\u003c/auth:ClaimType\u003e\u003cauth:ClaimType Uri=\"http://schemas.microsoft.com/identity/claims/tenantid\" xmlns:auth=\"http://docs.oasis-open.org/wsfed/authorization/200706\"\u003e\u003cauth:DisplayName\u003eTenantId\u003c/auth:DisplayName\u003e\u003cauth:Description\u003eIdentifier for the user's tenant.\u003c/auth:Description\u003e\u003c/auth:ClaimType\u003e\u003cauth:ClaimType Uri=\"http://schemas.microsoft.com/identity/claims/identityprovider\" xmlns:auth=\"http://docs.oasis-open.org/wsfed/authorization/200706\"\u003e\u003cauth:DisplayName\u003eIdentityProvider\u003c/auth:DisplayName\u003e\u003cauth:Description\u003eIdentity provider for the user.\u003c/auth:Description\u003e\u003c/auth:ClaimType\u003e\u003cauth:ClaimType Uri=\"http://schemas.xmlsoap.org/ws/2005/05/identity/claims/emailaddress\" xmlns:auth=\"http://docs.oasis-open.org/wsfed/authorization/200706\"\u003e\u003cauth:DisplayName\u003eEmail\u003c/auth:DisplayName\u003e\u003cauth:Description\u003eEmail address of the user.\u003c/auth:Description\u003e\u003c/auth:ClaimType\u003e\u003cauth:ClaimType Uri=\"http://schemas.microsoft.com/ws/2008/06/identity/claims/groups\" xmlns:auth=\"http://docs.oasis-open.org/wsfed/authorization/200706\"\u003e\u003cauth:DisplayName\u003eGroups\u003c/auth:DisplayName\u003e\u003cauth:Description\u003eGroups of the user.\u003c/auth:Description\u003e\u003c/auth:ClaimType\u003e\u003cauth:ClaimType Uri=\"http://schemas.microsoft.com/identity/claims/accesstoken\" xmlns:auth=\"http://docs.oasis-open.org/wsfed/authorization/200706\"\u003e\u003cauth:DisplayName\u003eExternal Access Token\u003c/auth:DisplayName\u003e\u003cauth:Description\u003eAccess token issued by external identity provider.\u003c/auth:Description\u003e\u003c/auth:ClaimType\u003e\u003cauth:ClaimType Uri=\"http://schemas.microsoft.com/ws/2008/06/identity/claims/expiration\" xmlns:auth=\"http://docs.oasis-open.org/wsfed/authorization/200706\"\u003e\u003cauth:DisplayName\u003eExternal Access Token Expiration\u003c/auth:DisplayName\u003e\u003cauth:Description\u003eUTC expiration time of access token issued by external identity provider.\u003c/auth:Description\u003e\u003c/auth:ClaimType\u003e\u003cauth:ClaimType Uri=\"http://schemas.microsoft.com/identity/claims/openid2_id\" xmlns:auth=\"http://docs.oasis-open.org/wsfed/authorization/200706\"\u003e\u003cauth:DisplayName\u003eExternal OpenID 2.0 Identifier\u003c/auth:DisplayName\u003e\u003cauth:Description\u003eOpenID 2.0 identifier issued by external identity provider.\u003c/auth:Description\u003e\u003c/auth:ClaimType\u003e\u003cauth:ClaimType Uri=\"http://schemas.microsoft.com/claims/groups.link\" xmlns:auth=\"http://docs.oasis-open.org/wsfed/authorization/200706\"\u003e\u003cauth:DisplayName\u003eGroupsOverageClaim\u003c/auth:DisplayName\u003e\u003cauth:Description\u003eIssued when number of user's group claims exceeds return limit.\u003c/auth:Description\u003e\u003c/auth:ClaimType\u003e\u003cauth:ClaimType Uri=\"http://schemas.microsoft.com/ws/2008/06/identity/claims/role\" xmlns:auth=\"http://docs.oasis-open.org/wsfed/authorization/200706\"\u003e\u003cauth:DisplayName\u003eRole Claim\u003c/auth:DisplayName\u003e\u003cauth:Description\u003eRoles that the user or Service Principal is attached to\u003c/auth:Description\u003e\u003c/auth:ClaimType\u003e\u003cauth:ClaimType Uri=\"http://schemas.microsoft.com/ws/2008/06/identity/claims/wids\" xmlns:auth=\"http://docs.oasis-open.org/wsfed/authorization/200706\"\u003e\u003cauth:DisplayName\u003eRoleTemplate Id Claim\u003c/auth:DisplayName\u003e\u003cauth:Description\u003eRole template id of the Built-in Directory Roles that the user is a member of\u003c/auth:Description\u003e\u003c/auth:ClaimType\u003e\u003c/fed:ClaimTypesOffered\u003e\u003cfed:SecurityTokenServiceEndpoint\u003e\u003cwsa:EndpointReference xmlns:wsa=\"http://www.w3.org/2005/08/addressing\"\u003e\u003cwsa:Address\u003ehttps://login.microsoftonline.com/fe7cd004-5636-423b-8e98-e0129e9dd400/wsfed\u003c/wsa:Address\u003e\u003c/wsa:EndpointReference\u003e\u003c/fed:SecurityTokenServiceEndpoint\u003e\u003cfed:PassiveRequestorEndpoint\u003e\u003cwsa:EndpointReference xmlns:wsa=\"http://www.w3.org/2005/08/addressing\"\u003e\u003cwsa:Address\u003ehttps://login.microsoftonline.com/fe7cd004-5636-423b-8e98-e0129e9dd400/wsfed\u003c/wsa:Address\u003e\u003c/wsa:EndpointReference\u003e\u003c/fed:PassiveRequestorEndpoint\u003e\u003c/RoleDescriptor\u003e\u003cRoleDescriptor xsi:type=\"fed:ApplicationServiceType\" protocolSupportEnumeration=\"http://docs.oasis-open.org/wsfed/federation/200706\" xmlns:xsi=\"http://www.w3.org/2001/XMLSchema-instance\" xmlns:fed=\"http://docs.oasis-open.org/wsfed/federation/200706\"\u003e\u003cKeyDescriptor use=\"signing\"\u003e\u003cKeyInfo xmlns=\"http://www.w3.org/2000/09/xmldsig#\"\u003e\u003cX509Data\u003e\u003cX509Certificate\u003eMIIC8DCCAdigAwIBAgIQSs1G1udSpYRIiXQx4CrBszANBgkqhkiG9w0BAQsFADA0MTIwMAYDVQQDEylNaWNyb3NvZnQgQXp1cmUgRmVkZXJhdGVkIFNTTyBDZXJ0aWZpY2F0ZTAeFw0yNjA1MjMwMjQ2NTJaFw0yOTA1MjMwMjQ2NTJaMDQxMjAwBgNVBAMTKU1pY3Jvc29mdCBBenVyZSBGZWRlcmF0ZWQgU1NPIENlcnRpZmljYXRlMIIBIjANBgkqhkiG9w0BAQEFAAOCAQ8AMIIBCgKCAQEAwiTw9e+XMTOmrEa9KUiJa6W2YNUBrURjIJDmQjs1uUdRNr1EWAqBcQL5555SFwwN7v2Jy0WiP7+ExQ0zLDfteItyOs5uTrX1K9E3QJ1s1LR4hhf5HxgJy/tVQtLuWXkWeuZCf7Nto8lfXP87+ranhtVr0EOvTFgWW+y2vY3r5cZF2oBs7Z0MKBKaSC420qRkxjevrxLNGsyB8fEIOZtYVyjECRQLluzljSPTxsR3nV3SWEgAsDbFptJdsWxA77SXr/6l6Jl3NVYEMgMqYxZL0bNhLm8XlQTmboJCpBxdnTOstIfOyr5wCeF7Cl+NvMleX+xbCESr4nl5PzJoPpMNHQIDAQABMA0GCSqGSIb3DQEBCwUAA4IBAQCdRlM19gfsbGi9kxqLxJmO3bEg7W3VNxE/U5cuO3ys34cY9pMkj24bDjb5R5rOeP6/jct8995CvZOjuRzHuoUKCq2h1N8aRgX1noJco0SXO0Dc5cUBQ8yIpMwbqXYFka6nd56fS+tj7i4/WWx9xRCi+LRvTJKrniLX6BfJrrIbNkERxJffFee08WGQXgokJWOlgZZ+npWT5932Vonwmix7/g4zzhF4m18bRqKnruL6jlNdMZlOE6SLN8MLlf8/fZxwcho9xDBYHi1qgMo61iSx7RzoEVHygiHWxsiQd8TNSlfHtO/11MpjV4/OS979wZunyTUd1Od7bvhvZKUV5pK8\u003c/X509Certificate\u003e\u003c/X509Data\u003e\u003c/KeyInfo\u003e\u003c/KeyDescriptor\u003e\u003cfed:TargetScopes\u003e\u003cwsa:EndpointReference xmlns:wsa=\"http://www.w3.org/2005/08/addressing\"\u003e\u003cwsa:Address\u003ehttps://sts.windows.net/fe7cd004-5636-423b-8e98-e0129e9dd400/\u003c/wsa:Address\u003e\u003c/wsa:EndpointReference\u003e\u003c/fed:TargetScopes\u003e\u003cfed:ApplicationServiceEndpoint\u003e\u003cwsa:EndpointReference xmlns:wsa=\"http://www.w3.org/2005/08/addressing\"\u003e\u003cwsa:Address\u003ehttps://login.microsoftonline.com/fe7cd004-5636-423b-8e98-e0129e9dd400/wsfed\u003c/wsa:Address\u003e\u003c/wsa:EndpointReference\u003e\u003c/fed:ApplicationServiceEndpoint\u003e\u003cfed:PassiveRequestorEndpoint\u003e\u003cwsa:EndpointReference xmlns:wsa=\"http://www.w3.org/2005/08/addressing\"\u003e\u003cwsa:Address\u003ehttps://login.microsoftonline.com/fe7cd004-5636-423b-8e98-e0129e9dd400/wsfed\u003c/wsa:Address\u003e\u003c/wsa:EndpointReference\u003e\u003c/fed:PassiveRequestorEndpoint\u003e\u003c/RoleDescriptor\u003e\u003cIDPSSODescriptor protocolSupportEnumeration=\"urn:oasis:names:tc:SAML:2.0:protocol\"\u003e\u003cKeyDescriptor use=\"signing\"\u003e\u003cKeyInfo xmlns=\"http://www.w3.org/2000/09/xmldsig#\"\u003e\u003cX509Data\u003e\u003cX509Certificate\u003eMIIC8DCCAdigAwIBAgIQSs1G1udSpYRIiXQx4CrBszANBgkqhkiG9w0BAQsFADA0MTIwMAYDVQQDEylNaWNyb3NvZnQgQXp1cmUgRmVkZXJhdGVkIFNTTyBDZXJ0aWZpY2F0ZTAeFw0yNjA1MjMwMjQ2NTJaFw0yOTA1MjMwMjQ2NTJaMDQxMjAwBgNVBAMTKU1pY3Jvc29mdCBBenVyZSBGZWRlcmF0ZWQgU1NPIENlcnRpZmljYXRlMIIBIjANBgkqhkiG9w0BAQEFAAOCAQ8AMIIBCgKCAQEAwiTw9e+XMTOmrEa9KUiJa6W2YNUBrURjIJDmQjs1uUdRNr1EWAqBcQL5555SFwwN7v2Jy0WiP7+ExQ0zLDfteItyOs5uTrX1K9E3QJ1s1LR4hhf5HxgJy/tVQtLuWXkWeuZCf7Nto8lfXP87+ranhtVr0EOvTFgWW+y2vY3r5cZF2oBs7Z0MKBKaSC420qRkxjevrxLNGsyB8fEIOZtYVyjECRQLluzljSPTxsR3nV3SWEgAsDbFptJdsWxA77SXr/6l6Jl3NVYEMgMqYxZL0bNhLm8XlQTmboJCpBxdnTOstIfOyr5wCeF7Cl+NvMleX+xbCESr4nl5PzJoPpMNHQIDAQABMA0GCSqGSIb3DQEBCwUAA4IBAQCdRlM19gfsbGi9kxqLxJmO3bEg7W3VNxE/U5cuO3ys34cY9pMkj24bDjb5R5rOeP6/jct8995CvZOjuRzHuoUKCq2h1N8aRgX1noJco0SXO0Dc5cUBQ8yIpMwbqXYFka6nd56fS+tj7i4/WWx9xRCi+LRvTJKrniLX6BfJrrIbNkERxJffFee08WGQXgokJWOlgZZ+npWT5932Vonwmix7/g4zzhF4m18bRqKnruL6jlNdMZlOE6SLN8MLlf8/fZxwcho9xDBYHi1qgMo61iSx7RzoEVHygiHWxsiQd8TNSlfHtO/11MpjV4/OS979wZunyTUd1Od7bvhvZKUV5pK8\u003c/X509Certificate\u003e\u003c/X509Data\u003e\u003c/KeyInfo\u003e\u003c/KeyDescriptor\u003e\u003cSingleLogoutService Binding=\"urn:oasis:names:tc:SAML:2.0:bindings:HTTP-Redirect\" Location=\"https://login.microsoftonline.com/fe7cd004-5636-423b-8e98-e0129e9dd400/saml2\" /\u003e\u003cSingleSignOnService Binding=\"urn:oasis:names:tc:SAML:2.0:bindings:HTTP-Redirect\" Location=\"https://login.microsoftonline.com/fe7cd004-5636-423b-8e98-e0129e9dd400/saml2\" /\u003e\u003cSingleSignOnService Binding=\"urn:oasis:names:tc:SAML:2.0:bindings:HTTP-POST\" Location=\"https://login.microsoftonline.com/fe7cd004-5636-423b-8e98-e0129e9dd400/saml2\" /\u003e\u003c/IDPSSODescriptor\u003e\u003c/EntityDescriptor\u003e",
            "tags": {
              "Name": "multicloud-devops-dev-entra-id"
            },
            "tags_all": {
              "Assessment": "DCE04.2-Assessment1",
              "Environment": "dev",
              "ManagedBy": "terraform",
              "Name": "multicloud-devops-dev-entra-id",
              "Project": "multicloud-devops"
            },
            "valid_until": "2126-05-23T04:01:55Z"
          },
          "sensitive_attributes": [],
          "identity_schema_version": 0,
          "private": "bnVsbA=="
        }
      ]
    },
    {
      "mode": "managed",
      "type": "aws_internet_gateway",
      "name": "main",
      "provider": "provider[\"registry.terraform.io/hashicorp/aws\"]",
      "instances": [
        {
          "schema_version": 0,
          "attributes": {
            "arn": "arn:aws:ec2:ap-southeast-2:587601535321:internet-gateway/igw-00dffbf09da98d01d",
            "id": "igw-00dffbf09da98d01d",
            "owner_id": "587601535321",
            "tags": {
              "Name": "multicloud-devops-dev-igw"
            },
            "tags_all": {
              "Assessment": "DCE04.2-Assessment1",
              "Environment": "dev",
              "ManagedBy": "terraform",
              "Name": "multicloud-devops-dev-igw",
              "Project": "multicloud-devops"
            },
            "timeouts": null,
            "vpc_id": "vpc-0051b3bf31acfe29d"
          },
          "sensitive_attributes": [],
          "identity_schema_version": 0,
          "private": "eyJlMmJmYjczMC1lY2FhLTExZTYtOGY4OC0zNDM2M2JjN2M0YzAiOnsiY3JlYXRlIjoxMjAwMDAwMDAwMDAwLCJkZWxldGUiOjEyMDAwMDAwMDAwMDAsInVwZGF0ZSI6MTIwMDAwMDAwMDAwMH19",
          "dependencies": [
            "aws_vpc.main"
          ]
        }
      ]
    },
    {
      "mode": "managed",
      "type": "aws_lb",
      "name": "service_a",
      "provider": "provider[\"registry.terraform.io/hashicorp/aws\"]",
      "instances": [
        {
          "schema_version": 0,
          "attributes": {
            "access_logs": [
              {
                "bucket": "",
                "enabled": false,
                "prefix": ""
              }
            ],
            "arn": "arn:aws:elasticloadbalancing:ap-southeast-2:587601535321:loadbalancer/app/multicloud-devops-dev-alb-a/0b2e15716aecd04a",
            "arn_suffix": "app/multicloud-devops-dev-alb-a/0b2e15716aecd04a",
            "client_keep_alive": 3600,
            "connection_logs": [
              {
                "bucket": "",
                "enabled": false,
                "prefix": ""
              }
            ],
            "customer_owned_ipv4_pool": "",
            "desync_mitigation_mode": "defensive",
            "dns_name": "multicloud-devops-dev-alb-a-1170719732.ap-southeast-2.elb.amazonaws.com",
            "dns_record_client_routing_policy": null,
            "drop_invalid_header_fields": false,
            "enable_cross_zone_load_balancing": true,
            "enable_deletion_protection": false,
            "enable_http2": true,
            "enable_tls_version_and_cipher_suite_headers": false,
            "enable_waf_fail_open": false,
            "enable_xff_client_port": false,
            "enable_zonal_shift": false,
            "enforce_security_group_inbound_rules_on_private_link_traffic": "",
            "id": "arn:aws:elasticloadbalancing:ap-southeast-2:587601535321:loadbalancer/app/multicloud-devops-dev-alb-a/0b2e15716aecd04a",
            "idle_timeout": 60,
            "internal": false,
            "ip_address_type": "ipv4",
            "ipam_pools": [],
            "load_balancer_type": "application",
            "minimum_load_balancer_capacity": [],
            "name": "multicloud-devops-dev-alb-a",
            "name_prefix": "",
            "preserve_host_header": false,
            "security_groups": [
              "sg-0ac4a85b23dca4afb"
            ],
            "subnet_mapping": [
              {
                "allocation_id": "",
                "ipv6_address": "",
                "outpost_id": "",
                "private_ipv4_address": "",
                "subnet_id": "subnet-02f48ffc540d2e299"
              },
              {
                "allocation_id": "",
                "ipv6_address": "",
                "outpost_id": "",
                "private_ipv4_address": "",
                "subnet_id": "subnet-04044d1108d4ba1a4"
              }
            ],
            "subnets": [
              "subnet-02f48ffc540d2e299",
              "subnet-04044d1108d4ba1a4"
            ],
            "tags": {
              "Name": "multicloud-devops-dev-alb-a"
            },
            "tags_all": {
              "Assessment": "DCE04.2-Assessment1",
              "Environment": "dev",
              "ManagedBy": "terraform",
              "Name": "multicloud-devops-dev-alb-a",
              "Project": "multicloud-devops"
            },
            "timeouts": null,
            "vpc_id": "vpc-0051b3bf31acfe29d",
            "xff_header_processing_mode": "append",
            "zone_id": "Z1GM3OXH4ZPM65"
          },
          "sensitive_attributes": [],
          "identity_schema_version": 0,
          "private": "eyJlMmJmYjczMC1lY2FhLTExZTYtOGY4OC0zNDM2M2JjN2M0YzAiOnsiY3JlYXRlIjo2MDAwMDAwMDAwMDAsImRlbGV0ZSI6NjAwMDAwMDAwMDAwLCJ1cGRhdGUiOjYwMDAwMDAwMDAwMH19",
          "dependencies": [
            "aws_security_group.alb",
            "aws_subnet.public",
            "aws_vpc.main"
          ]
        }
      ]
    },
    {
      "mode": "managed",
      "type": "aws_lb",
      "name": "service_b",
      "provider": "provider[\"registry.terraform.io/hashicorp/aws\"]",
      "instances": [
        {
          "schema_version": 0,
          "attributes": {
            "access_logs": [
              {
                "bucket": "",
                "enabled": false,
                "prefix": ""
              }
            ],
            "arn": "arn:aws:elasticloadbalancing:ap-southeast-2:587601535321:loadbalancer/app/multicloud-devops-dev-alb-b/06613edbc5691ca9",
            "arn_suffix": "app/multicloud-devops-dev-alb-b/06613edbc5691ca9",
            "client_keep_alive": 3600,
            "connection_logs": [
              {
                "bucket": "",
                "enabled": false,
                "prefix": ""
              }
            ],
            "customer_owned_ipv4_pool": "",
            "desync_mitigation_mode": "defensive",
            "dns_name": "multicloud-devops-dev-alb-b-177230446.ap-southeast-2.elb.amazonaws.com",
            "dns_record_client_routing_policy": null,
            "drop_invalid_header_fields": false,
            "enable_cross_zone_load_balancing": true,
            "enable_deletion_protection": false,
            "enable_http2": true,
            "enable_tls_version_and_cipher_suite_headers": false,
            "enable_waf_fail_open": false,
            "enable_xff_client_port": false,
            "enable_zonal_shift": false,
            "enforce_security_group_inbound_rules_on_private_link_traffic": "",
            "id": "arn:aws:elasticloadbalancing:ap-southeast-2:587601535321:loadbalancer/app/multicloud-devops-dev-alb-b/06613edbc5691ca9",
            "idle_timeout": 60,
            "internal": false,
            "ip_address_type": "ipv4",
            "ipam_pools": [],
            "load_balancer_type": "application",
            "minimum_load_balancer_capacity": [],
            "name": "multicloud-devops-dev-alb-b",
            "name_prefix": "",
            "preserve_host_header": false,
            "security_groups": [
              "sg-0ac4a85b23dca4afb"
            ],
            "subnet_mapping": [
              {
                "allocation_id": "",
                "ipv6_address": "",
                "outpost_id": "",
                "private_ipv4_address": "",
                "subnet_id": "subnet-02f48ffc540d2e299"
              },
              {
                "allocation_id": "",
                "ipv6_address": "",
                "outpost_id": "",
                "private_ipv4_address": "",
                "subnet_id": "subnet-04044d1108d4ba1a4"
              }
            ],
            "subnets": [
              "subnet-02f48ffc540d2e299",
              "subnet-04044d1108d4ba1a4"
            ],
            "tags": {
              "Name": "multicloud-devops-dev-alb-b"
            },
            "tags_all": {
              "Assessment": "DCE04.2-Assessment1",
              "Environment": "dev",
              "ManagedBy": "terraform",
              "Name": "multicloud-devops-dev-alb-b",
              "Project": "multicloud-devops"
            },
            "timeouts": null,
            "vpc_id": "vpc-0051b3bf31acfe29d",
            "xff_header_processing_mode": "append",
            "zone_id": "Z1GM3OXH4ZPM65"
          },
          "sensitive_attributes": [],
          "identity_schema_version": 0,
          "private": "eyJlMmJmYjczMC1lY2FhLTExZTYtOGY4OC0zNDM2M2JjN2M0YzAiOnsiY3JlYXRlIjo2MDAwMDAwMDAwMDAsImRlbGV0ZSI6NjAwMDAwMDAwMDAwLCJ1cGRhdGUiOjYwMDAwMDAwMDAwMH19",
          "dependencies": [
            "aws_security_group.alb",
            "aws_subnet.public",
            "aws_vpc.main"
          ]
        }
      ]
    },
    {
      "mode": "managed",
      "type": "aws_lb_listener",
      "name": "service_a",
      "provider": "provider[\"registry.terraform.io/hashicorp/aws\"]",
      "instances": [
        {
          "schema_version": 0,
          "attributes": {
            "alpn_policy": null,
            "arn": "arn:aws:elasticloadbalancing:ap-southeast-2:587601535321:listener/app/multicloud-devops-dev-alb-a/0b2e15716aecd04a/fa24909ba5ed94fa",
            "certificate_arn": null,
            "default_action": [
              {
                "authenticate_cognito": [],
                "authenticate_oidc": [],
                "fixed_response": [],
                "forward": [],
                "order": 1,
                "redirect": [],
                "target_group_arn": "arn:aws:elasticloadbalancing:ap-southeast-2:587601535321:targetgroup/multicloud-devops-dev-tg-a/f54c0f737cf6abc2",
                "type": "forward"
              }
            ],
            "id": "arn:aws:elasticloadbalancing:ap-southeast-2:587601535321:listener/app/multicloud-devops-dev-alb-a/0b2e15716aecd04a/fa24909ba5ed94fa",
            "load_balancer_arn": "arn:aws:elasticloadbalancing:ap-southeast-2:587601535321:loadbalancer/app/multicloud-devops-dev-alb-a/0b2e15716aecd04a",
            "mutual_authentication": [],
            "port": 80,
            "protocol": "HTTP",
            "routing_http_request_x_amzn_mtls_clientcert_header_name": null,
            "routing_http_request_x_amzn_mtls_clientcert_issuer_header_name": null,
            "routing_http_request_x_amzn_mtls_clientcert_leaf_header_name": null,
            "routing_http_request_x_amzn_mtls_clientcert_serial_number_header_name": null,
            "routing_http_request_x_amzn_mtls_clientcert_subject_header_name": null,
            "routing_http_request_x_amzn_mtls_clientcert_validity_header_name": null,
            "routing_http_request_x_amzn_tls_cipher_suite_header_name": null,
            "routing_http_request_x_amzn_tls_version_header_name": null,
            "routing_http_response_access_control_allow_credentials_header_value": "",
            "routing_http_response_access_control_allow_headers_header_value": "",
            "routing_http_response_access_control_allow_methods_header_value": "",
            "routing_http_response_access_control_allow_origin_header_value": "",
            "routing_http_response_access_control_expose_headers_header_value": "",
            "routing_http_response_access_control_max_age_header_value": "",
            "routing_http_response_content_security_policy_header_value": "",
            "routing_http_response_server_enabled": true,
            "routing_http_response_strict_transport_security_header_value": "",
            "routing_http_response_x_content_type_options_header_value": "",
            "routing_http_response_x_frame_options_header_value": "",
            "ssl_policy": "",
            "tags": {},
            "tags_all": {
              "Assessment": "DCE04.2-Assessment1",
              "Environment": "dev",
              "ManagedBy": "terraform",
              "Project": "multicloud-devops"
            },
            "tcp_idle_timeout_seconds": null,
            "timeouts": null
          },
          "sensitive_attributes": [],
          "identity_schema_version": 0,
          "private": "eyJlMmJmYjczMC1lY2FhLTExZTYtOGY4OC0zNDM2M2JjN2M0YzAiOnsiY3JlYXRlIjozMDAwMDAwMDAwMDAsInVwZGF0ZSI6MzAwMDAwMDAwMDAwfX0=",
          "dependencies": [
            "aws_lb.service_a",
            "aws_lb_target_group.service_a",
            "aws_security_group.alb",
            "aws_subnet.public",
            "aws_vpc.main"
          ]
        }
      ]
    },
    {
      "mode": "managed",
      "type": "aws_lb_listener",
      "name": "service_a_test",
      "provider": "provider[\"registry.terraform.io/hashicorp/aws\"]",
      "instances": [
        {
          "schema_version": 0,
          "attributes": {
            "alpn_policy": null,
            "arn": "arn:aws:elasticloadbalancing:ap-southeast-2:587601535321:listener/app/multicloud-devops-dev-alb-a/0b2e15716aecd04a/60c570ee8d6634b3",
            "certificate_arn": null,
            "default_action": [
              {
                "authenticate_cognito": [],
                "authenticate_oidc": [],
                "fixed_response": [],
                "forward": [],
                "order": 1,
                "redirect": [],
                "target_group_arn": "arn:aws:elasticloadbalancing:ap-southeast-2:587601535321:targetgroup/multicloud-devops-dev-tg-a-green/c07ac0274e8eca01",
                "type": "forward"
              }
            ],
            "id": "arn:aws:elasticloadbalancing:ap-southeast-2:587601535321:listener/app/multicloud-devops-dev-alb-a/0b2e15716aecd04a/60c570ee8d6634b3",
            "load_balancer_arn": "arn:aws:elasticloadbalancing:ap-southeast-2:587601535321:loadbalancer/app/multicloud-devops-dev-alb-a/0b2e15716aecd04a",
            "mutual_authentication": [],
            "port": 8080,
            "protocol": "HTTP",
            "routing_http_request_x_amzn_mtls_clientcert_header_name": null,
            "routing_http_request_x_amzn_mtls_clientcert_issuer_header_name": null,
            "routing_http_request_x_amzn_mtls_clientcert_leaf_header_name": null,
            "routing_http_request_x_amzn_mtls_clientcert_serial_number_header_name": null,
            "routing_http_request_x_amzn_mtls_clientcert_subject_header_name": null,
            "routing_http_request_x_amzn_mtls_clientcert_validity_header_name": null,
            "routing_http_request_x_amzn_tls_cipher_suite_header_name": null,
            "routing_http_request_x_amzn_tls_version_header_name": null,
            "routing_http_response_access_control_allow_credentials_header_value": "",
            "routing_http_response_access_control_allow_headers_header_value": "",
            "routing_http_response_access_control_allow_methods_header_value": "",
            "routing_http_response_access_control_allow_origin_header_value": "",
            "routing_http_response_access_control_expose_headers_header_value": "",
            "routing_http_response_access_control_max_age_header_value": "",
            "routing_http_response_content_security_policy_header_value": "",
            "routing_http_response_server_enabled": true,
            "routing_http_response_strict_transport_security_header_value": "",
            "routing_http_response_x_content_type_options_header_value": "",
            "routing_http_response_x_frame_options_header_value": "",
            "ssl_policy": "",
            "tags": {},
            "tags_all": {
              "Assessment": "DCE04.2-Assessment1",
              "Environment": "dev",
              "ManagedBy": "terraform",
              "Project": "multicloud-devops"
            },
            "tcp_idle_timeout_seconds": null,
            "timeouts": null
          },
          "sensitive_attributes": [],
          "identity_schema_version": 0,
          "private": "eyJlMmJmYjczMC1lY2FhLTExZTYtOGY4OC0zNDM2M2JjN2M0YzAiOnsiY3JlYXRlIjozMDAwMDAwMDAwMDAsInVwZGF0ZSI6MzAwMDAwMDAwMDAwfX0=",
          "dependencies": [
            "aws_lb.service_a",
            "aws_lb_target_group.service_a_green",
            "aws_security_group.alb",
            "aws_subnet.public",
            "aws_vpc.main"
          ]
        }
      ]
    },
    {
      "mode": "managed",
      "type": "aws_lb_listener",
      "name": "service_b",
      "provider": "provider[\"registry.terraform.io/hashicorp/aws\"]",
      "instances": [
        {
          "schema_version": 0,
          "attributes": {
            "alpn_policy": null,
            "arn": "arn:aws:elasticloadbalancing:ap-southeast-2:587601535321:listener/app/multicloud-devops-dev-alb-b/06613edbc5691ca9/07719c1ccfaf8767",
            "certificate_arn": null,
            "default_action": [
              {
                "authenticate_cognito": [],
                "authenticate_oidc": [],
                "fixed_response": [],
                "forward": [],
                "order": 1,
                "redirect": [],
                "target_group_arn": "arn:aws:elasticloadbalancing:ap-southeast-2:587601535321:targetgroup/multicloud-devops-dev-tg-b/06f5f79d220b8255",
                "type": "forward"
              }
            ],
            "id": "arn:aws:elasticloadbalancing:ap-southeast-2:587601535321:listener/app/multicloud-devops-dev-alb-b/06613edbc5691ca9/07719c1ccfaf8767",
            "load_balancer_arn": "arn:aws:elasticloadbalancing:ap-southeast-2:587601535321:loadbalancer/app/multicloud-devops-dev-alb-b/06613edbc5691ca9",
            "mutual_authentication": [],
            "port": 80,
            "protocol": "HTTP",
            "routing_http_request_x_amzn_mtls_clientcert_header_name": null,
            "routing_http_request_x_amzn_mtls_clientcert_issuer_header_name": null,
            "routing_http_request_x_amzn_mtls_clientcert_leaf_header_name": null,
            "routing_http_request_x_amzn_mtls_clientcert_serial_number_header_name": null,
            "routing_http_request_x_amzn_mtls_clientcert_subject_header_name": null,
            "routing_http_request_x_amzn_mtls_clientcert_validity_header_name": null,
            "routing_http_request_x_amzn_tls_cipher_suite_header_name": null,
            "routing_http_request_x_amzn_tls_version_header_name": null,
            "routing_http_response_access_control_allow_credentials_header_value": "",
            "routing_http_response_access_control_allow_headers_header_value": "",
            "routing_http_response_access_control_allow_methods_header_value": "",
            "routing_http_response_access_control_allow_origin_header_value": "",
            "routing_http_response_access_control_expose_headers_header_value": "",
            "routing_http_response_access_control_max_age_header_value": "",
            "routing_http_response_content_security_policy_header_value": "",
            "routing_http_response_server_enabled": true,
            "routing_http_response_strict_transport_security_header_value": "",
            "routing_http_response_x_content_type_options_header_value": "",
            "routing_http_response_x_frame_options_header_value": "",
            "ssl_policy": "",
            "tags": {},
            "tags_all": {
              "Assessment": "DCE04.2-Assessment1",
              "Environment": "dev",
              "ManagedBy": "terraform",
              "Project": "multicloud-devops"
            },
            "tcp_idle_timeout_seconds": null,
            "timeouts": null
          },
          "sensitive_attributes": [],
          "identity_schema_version": 0,
          "private": "eyJlMmJmYjczMC1lY2FhLTExZTYtOGY4OC0zNDM2M2JjN2M0YzAiOnsiY3JlYXRlIjozMDAwMDAwMDAwMDAsInVwZGF0ZSI6MzAwMDAwMDAwMDAwfX0=",
          "dependencies": [
            "aws_lb.service_b",
            "aws_lb_target_group.service_b",
            "aws_security_group.alb",
            "aws_subnet.public",
            "aws_vpc.main"
          ]
        }
      ]
    },
    {
      "mode": "managed",
      "type": "aws_lb_listener",
      "name": "service_b_test",
      "provider": "provider[\"registry.terraform.io/hashicorp/aws\"]",
      "instances": [
        {
          "schema_version": 0,
          "attributes": {
            "alpn_policy": null,
            "arn": "arn:aws:elasticloadbalancing:ap-southeast-2:587601535321:listener/app/multicloud-devops-dev-alb-b/06613edbc5691ca9/05dd5b815b76a69e",
            "certificate_arn": null,
            "default_action": [
              {
                "authenticate_cognito": [],
                "authenticate_oidc": [],
                "fixed_response": [],
                "forward": [],
                "order": 1,
                "redirect": [],
                "target_group_arn": "arn:aws:elasticloadbalancing:ap-southeast-2:587601535321:targetgroup/multicloud-devops-dev-tg-b-green/c3905879bbdfdc89",
                "type": "forward"
              }
            ],
            "id": "arn:aws:elasticloadbalancing:ap-southeast-2:587601535321:listener/app/multicloud-devops-dev-alb-b/06613edbc5691ca9/05dd5b815b76a69e",
            "load_balancer_arn": "arn:aws:elasticloadbalancing:ap-southeast-2:587601535321:loadbalancer/app/multicloud-devops-dev-alb-b/06613edbc5691ca9",
            "mutual_authentication": [],
            "port": 8080,
            "protocol": "HTTP",
            "routing_http_request_x_amzn_mtls_clientcert_header_name": null,
            "routing_http_request_x_amzn_mtls_clientcert_issuer_header_name": null,
            "routing_http_request_x_amzn_mtls_clientcert_leaf_header_name": null,
            "routing_http_request_x_amzn_mtls_clientcert_serial_number_header_name": null,
            "routing_http_request_x_amzn_mtls_clientcert_subject_header_name": null,
            "routing_http_request_x_amzn_mtls_clientcert_validity_header_name": null,
            "routing_http_request_x_amzn_tls_cipher_suite_header_name": null,
            "routing_http_request_x_amzn_tls_version_header_name": null,
            "routing_http_response_access_control_allow_credentials_header_value": "",
            "routing_http_response_access_control_allow_headers_header_value": "",
            "routing_http_response_access_control_allow_methods_header_value": "",
            "routing_http_response_access_control_allow_origin_header_value": "",
            "routing_http_response_access_control_expose_headers_header_value": "",
            "routing_http_response_access_control_max_age_header_value": "",
            "routing_http_response_content_security_policy_header_value": "",
            "routing_http_response_server_enabled": true,
            "routing_http_response_strict_transport_security_header_value": "",
            "routing_http_response_x_content_type_options_header_value": "",
            "routing_http_response_x_frame_options_header_value": "",
            "ssl_policy": "",
            "tags": {},
            "tags_all": {
              "Assessment": "DCE04.2-Assessment1",
              "Environment": "dev",
              "ManagedBy": "terraform",
              "Project": "multicloud-devops"
            },
            "tcp_idle_timeout_seconds": null,
            "timeouts": null
          },
          "sensitive_attributes": [],
          "identity_schema_version": 0,
          "private": "eyJlMmJmYjczMC1lY2FhLTExZTYtOGY4OC0zNDM2M2JjN2M0YzAiOnsiY3JlYXRlIjozMDAwMDAwMDAwMDAsInVwZGF0ZSI6MzAwMDAwMDAwMDAwfX0=",
          "dependencies": [
            "aws_lb.service_b",
            "aws_lb_target_group.service_b_green",
            "aws_security_group.alb",
            "aws_subnet.public",
            "aws_vpc.main"
          ]
        }
      ]
    },
    {
      "mode": "managed",
      "type": "aws_lb_target_group",
      "name": "service_a",
      "provider": "provider[\"registry.terraform.io/hashicorp/aws\"]",
      "instances": [
        {
          "schema_version": 0,
          "attributes": {
            "arn": "arn:aws:elasticloadbalancing:ap-southeast-2:587601535321:targetgroup/multicloud-devops-dev-tg-a/f54c0f737cf6abc2",
            "arn_suffix": "targetgroup/multicloud-devops-dev-tg-a/f54c0f737cf6abc2",
            "connection_termination": null,
            "deregistration_delay": "300",
            "health_check": [
              {
                "enabled": true,
                "healthy_threshold": 2,
                "interval": 30,
                "matcher": "200",
                "path": "/health",
                "port": "traffic-port",
                "protocol": "HTTP",
                "timeout": 5,
                "unhealthy_threshold": 3
              }
            ],
            "id": "arn:aws:elasticloadbalancing:ap-southeast-2:587601535321:targetgroup/multicloud-devops-dev-tg-a/f54c0f737cf6abc2",
            "ip_address_type": "ipv4",
            "lambda_multi_value_headers_enabled": false,
            "load_balancer_arns": [
              "arn:aws:elasticloadbalancing:ap-southeast-2:587601535321:loadbalancer/app/multicloud-devops-dev-alb-a/0b2e15716aecd04a"
            ],
            "load_balancing_algorithm_type": "round_robin",
            "load_balancing_anomaly_mitigation": "off",
            "load_balancing_cross_zone_enabled": "use_load_balancer_configuration",
            "name": "multicloud-devops-dev-tg-a",
            "name_prefix": "",
            "port": 8000,
            "preserve_client_ip": null,
            "protocol": "HTTP",
            "protocol_version": "HTTP1",
            "proxy_protocol_v2": false,
            "slow_start": 0,
            "stickiness": [
              {
                "cookie_duration": 86400,
                "cookie_name": "",
                "enabled": false,
                "type": "lb_cookie"
              }
            ],
            "tags": {
              "Name": "multicloud-devops-dev-tg-a"
            },
            "tags_all": {
              "Assessment": "DCE04.2-Assessment1",
              "Environment": "dev",
              "ManagedBy": "terraform",
              "Name": "multicloud-devops-dev-tg-a",
              "Project": "multicloud-devops"
            },
            "target_failover": [
              {
                "on_deregistration": null,
                "on_unhealthy": null
              }
            ],
            "target_group_health": [
              {
                "dns_failover": [
                  {
                    "minimum_healthy_targets_count": "1",
                    "minimum_healthy_targets_percentage": "off"
                  }
                ],
                "unhealthy_state_routing": [
                  {
                    "minimum_healthy_targets_count": 1,
                    "minimum_healthy_targets_percentage": "off"
                  }
                ]
              }
            ],
            "target_health_state": [
              {
                "enable_unhealthy_connection_termination": null,
                "unhealthy_draining_interval": null
              }
            ],
            "target_type": "ip",
            "vpc_id": "vpc-0051b3bf31acfe29d"
          },
          "sensitive_attributes": [],
          "identity_schema_version": 0,
          "private": "bnVsbA==",
          "dependencies": [
            "aws_vpc.main"
          ]
        }
      ]
    },
    {
      "mode": "managed",
      "type": "aws_lb_target_group",
      "name": "service_a_green",
      "provider": "provider[\"registry.terraform.io/hashicorp/aws\"]",
      "instances": [
        {
          "schema_version": 0,
          "attributes": {
            "arn": "arn:aws:elasticloadbalancing:ap-southeast-2:587601535321:targetgroup/multicloud-devops-dev-tg-a-green/c07ac0274e8eca01",
            "arn_suffix": "targetgroup/multicloud-devops-dev-tg-a-green/c07ac0274e8eca01",
            "connection_termination": null,
            "deregistration_delay": "300",
            "health_check": [
              {
                "enabled": true,
                "healthy_threshold": 2,
                "interval": 30,
                "matcher": "200",
                "path": "/health",
                "port": "traffic-port",
                "protocol": "HTTP",
                "timeout": 5,
                "unhealthy_threshold": 3
              }
            ],
            "id": "arn:aws:elasticloadbalancing:ap-southeast-2:587601535321:targetgroup/multicloud-devops-dev-tg-a-green/c07ac0274e8eca01",
            "ip_address_type": "ipv4",
            "lambda_multi_value_headers_enabled": false,
            "load_balancer_arns": [
              "arn:aws:elasticloadbalancing:ap-southeast-2:587601535321:loadbalancer/app/multicloud-devops-dev-alb-a/0b2e15716aecd04a"
            ],
            "load_balancing_algorithm_type": "round_robin",
            "load_balancing_anomaly_mitigation": "off",
            "load_balancing_cross_zone_enabled": "use_load_balancer_configuration",
            "name": "multicloud-devops-dev-tg-a-green",
            "name_prefix": "",
            "port": 8000,
            "preserve_client_ip": null,
            "protocol": "HTTP",
            "protocol_version": "HTTP1",
            "proxy_protocol_v2": false,
            "slow_start": 0,
            "stickiness": [
              {
                "cookie_duration": 86400,
                "cookie_name": "",
                "enabled": false,
                "type": "lb_cookie"
              }
            ],
            "tags": {
              "Name": "multicloud-devops-dev-tg-a-green"
            },
            "tags_all": {
              "Assessment": "DCE04.2-Assessment1",
              "Environment": "dev",
              "ManagedBy": "terraform",
              "Name": "multicloud-devops-dev-tg-a-green",
              "Project": "multicloud-devops"
            },
            "target_failover": [
              {
                "on_deregistration": null,
                "on_unhealthy": null
              }
            ],
            "target_group_health": [
              {
                "dns_failover": [
                  {
                    "minimum_healthy_targets_count": "1",
                    "minimum_healthy_targets_percentage": "off"
                  }
                ],
                "unhealthy_state_routing": [
                  {
                    "minimum_healthy_targets_count": 1,
                    "minimum_healthy_targets_percentage": "off"
                  }
                ]
              }
            ],
            "target_health_state": [
              {
                "enable_unhealthy_connection_termination": null,
                "unhealthy_draining_interval": null
              }
            ],
            "target_type": "ip",
            "vpc_id": "vpc-0051b3bf31acfe29d"
          },
          "sensitive_attributes": [],
          "identity_schema_version": 0,
          "private": "bnVsbA==",
          "dependencies": [
            "aws_vpc.main"
          ]
        }
      ]
    },
    {
      "mode": "managed",
      "type": "aws_lb_target_group",
      "name": "service_b",
      "provider": "provider[\"registry.terraform.io/hashicorp/aws\"]",
      "instances": [
        {
          "schema_version": 0,
          "attributes": {
            "arn": "arn:aws:elasticloadbalancing:ap-southeast-2:587601535321:targetgroup/multicloud-devops-dev-tg-b/06f5f79d220b8255",
            "arn_suffix": "targetgroup/multicloud-devops-dev-tg-b/06f5f79d220b8255",
            "connection_termination": null,
            "deregistration_delay": "300",
            "health_check": [
              {
                "enabled": true,
                "healthy_threshold": 2,
                "interval": 30,
                "matcher": "200",
                "path": "/health",
                "port": "traffic-port",
                "protocol": "HTTP",
                "timeout": 5,
                "unhealthy_threshold": 3
              }
            ],
            "id": "arn:aws:elasticloadbalancing:ap-southeast-2:587601535321:targetgroup/multicloud-devops-dev-tg-b/06f5f79d220b8255",
            "ip_address_type": "ipv4",
            "lambda_multi_value_headers_enabled": false,
            "load_balancer_arns": [
              "arn:aws:elasticloadbalancing:ap-southeast-2:587601535321:loadbalancer/app/multicloud-devops-dev-alb-b/06613edbc5691ca9"
            ],
            "load_balancing_algorithm_type": "round_robin",
            "load_balancing_anomaly_mitigation": "off",
            "load_balancing_cross_zone_enabled": "use_load_balancer_configuration",
            "name": "multicloud-devops-dev-tg-b",
            "name_prefix": "",
            "port": 3000,
            "preserve_client_ip": null,
            "protocol": "HTTP",
            "protocol_version": "HTTP1",
            "proxy_protocol_v2": false,
            "slow_start": 0,
            "stickiness": [
              {
                "cookie_duration": 86400,
                "cookie_name": "",
                "enabled": false,
                "type": "lb_cookie"
              }
            ],
            "tags": {
              "Name": "multicloud-devops-dev-tg-b"
            },
            "tags_all": {
              "Assessment": "DCE04.2-Assessment1",
              "Environment": "dev",
              "ManagedBy": "terraform",
              "Name": "multicloud-devops-dev-tg-b",
              "Project": "multicloud-devops"
            },
            "target_failover": [
              {
                "on_deregistration": null,
                "on_unhealthy": null
              }
            ],
            "target_group_health": [
              {
                "dns_failover": [
                  {
                    "minimum_healthy_targets_count": "1",
                    "minimum_healthy_targets_percentage": "off"
                  }
                ],
                "unhealthy_state_routing": [
                  {
                    "minimum_healthy_targets_count": 1,
                    "minimum_healthy_targets_percentage": "off"
                  }
                ]
              }
            ],
            "target_health_state": [
              {
                "enable_unhealthy_connection_termination": null,
                "unhealthy_draining_interval": null
              }
            ],
            "target_type": "ip",
            "vpc_id": "vpc-0051b3bf31acfe29d"
          },
          "sensitive_attributes": [],
          "identity_schema_version": 0,
          "private": "bnVsbA==",
          "dependencies": [
            "aws_vpc.main"
          ]
        }
      ]
    },
    {
      "mode": "managed",
      "type": "aws_lb_target_group",
      "name": "service_b_green",
      "provider": "provider[\"registry.terraform.io/hashicorp/aws\"]",
      "instances": [
        {
          "schema_version": 0,
          "attributes": {
            "arn": "arn:aws:elasticloadbalancing:ap-southeast-2:587601535321:targetgroup/multicloud-devops-dev-tg-b-green/c3905879bbdfdc89",
            "arn_suffix": "targetgroup/multicloud-devops-dev-tg-b-green/c3905879bbdfdc89",
            "connection_termination": null,
            "deregistration_delay": "300",
            "health_check": [
              {
                "enabled": true,
                "healthy_threshold": 2,
                "interval": 30,
                "matcher": "200",
                "path": "/health",
                "port": "traffic-port",
                "protocol": "HTTP",
                "timeout": 5,
                "unhealthy_threshold": 3
              }
            ],
            "id": "arn:aws:elasticloadbalancing:ap-southeast-2:587601535321:targetgroup/multicloud-devops-dev-tg-b-green/c3905879bbdfdc89",
            "ip_address_type": "ipv4",
            "lambda_multi_value_headers_enabled": false,
            "load_balancer_arns": [
              "arn:aws:elasticloadbalancing:ap-southeast-2:587601535321:loadbalancer/app/multicloud-devops-dev-alb-b/06613edbc5691ca9"
            ],
            "load_balancing_algorithm_type": "round_robin",
            "load_balancing_anomaly_mitigation": "off",
            "load_balancing_cross_zone_enabled": "use_load_balancer_configuration",
            "name": "multicloud-devops-dev-tg-b-green",
            "name_prefix": "",
            "port": 3000,
            "preserve_client_ip": null,
            "protocol": "HTTP",
            "protocol_version": "HTTP1",
            "proxy_protocol_v2": false,
            "slow_start": 0,
            "stickiness": [
              {
                "cookie_duration": 86400,
                "cookie_name": "",
                "enabled": false,
                "type": "lb_cookie"
              }
            ],
            "tags": {
              "Name": "multicloud-devops-dev-tg-b-green"
            },
            "tags_all": {
              "Assessment": "DCE04.2-Assessment1",
              "Environment": "dev",
              "ManagedBy": "terraform",
              "Name": "multicloud-devops-dev-tg-b-green",
              "Project": "multicloud-devops"
            },
            "target_failover": [
              {
                "on_deregistration": null,
                "on_unhealthy": null
              }
            ],
            "target_group_health": [
              {
                "dns_failover": [
                  {
                    "minimum_healthy_targets_count": "1",
                    "minimum_healthy_targets_percentage": "off"
                  }
                ],
                "unhealthy_state_routing": [
                  {
                    "minimum_healthy_targets_count": 1,
                    "minimum_healthy_targets_percentage": "off"
                  }
                ]
              }
            ],
            "target_health_state": [
              {
                "enable_unhealthy_connection_termination": null,
                "unhealthy_draining_interval": null
              }
            ],
            "target_type": "ip",
            "vpc_id": "vpc-0051b3bf31acfe29d"
          },
          "sensitive_attributes": [],
          "identity_schema_version": 0,
          "private": "bnVsbA==",
          "dependencies": [
            "aws_vpc.main"
          ]
        }
      ]
    },
    {
      "mode": "managed",
      "type": "aws_route_table",
      "name": "public",
      "provider": "provider[\"registry.terraform.io/hashicorp/aws\"]",
      "instances": [
        {
          "schema_version": 0,
          "attributes": {
            "arn": "arn:aws:ec2:ap-southeast-2:587601535321:route-table/rtb-01265908318f24be7",
            "id": "rtb-01265908318f24be7",
            "owner_id": "587601535321",
            "propagating_vgws": [],
            "route": [
              {
                "carrier_gateway_id": "",
                "cidr_block": "0.0.0.0/0",
                "core_network_arn": "",
                "destination_prefix_list_id": "",
                "egress_only_gateway_id": "",
                "gateway_id": "igw-00dffbf09da98d01d",
                "ipv6_cidr_block": "",
                "local_gateway_id": "",
                "nat_gateway_id": "",
                "network_interface_id": "",
                "transit_gateway_id": "",
                "vpc_endpoint_id": "",
                "vpc_peering_connection_id": ""
              }
            ],
            "tags": {
              "Name": "multicloud-devops-dev-public-rt"
            },
            "tags_all": {
              "Assessment": "DCE04.2-Assessment1",
              "Environment": "dev",
              "ManagedBy": "terraform",
              "Name": "multicloud-devops-dev-public-rt",
              "Project": "multicloud-devops"
            },
            "timeouts": null,
            "vpc_id": "vpc-0051b3bf31acfe29d"
          },
          "sensitive_attributes": [],
          "identity_schema_version": 0,
          "private": "eyJlMmJmYjczMC1lY2FhLTExZTYtOGY4OC0zNDM2M2JjN2M0YzAiOnsiY3JlYXRlIjozMDAwMDAwMDAwMDAsImRlbGV0ZSI6MzAwMDAwMDAwMDAwLCJ1cGRhdGUiOjEyMDAwMDAwMDAwMH19",
          "dependencies": [
            "aws_internet_gateway.main",
            "aws_vpc.main"
          ]
        }
      ]
    },
    {
      "mode": "managed",
      "type": "aws_route_table_association",
      "name": "public",
      "provider": "provider[\"registry.terraform.io/hashicorp/aws\"]",
      "instances": [
        {
          "index_key": 0,
          "schema_version": 0,
          "attributes": {
            "gateway_id": "",
            "id": "rtbassoc-0298682933f76247f",
            "route_table_id": "rtb-01265908318f24be7",
            "subnet_id": "subnet-04044d1108d4ba1a4",
            "timeouts": null
          },
          "sensitive_attributes": [],
          "identity_schema_version": 0,
          "private": "eyJlMmJmYjczMC1lY2FhLTExZTYtOGY4OC0zNDM2M2JjN2M0YzAiOnsiY3JlYXRlIjozMDAwMDAwMDAwMDAsImRlbGV0ZSI6MzAwMDAwMDAwMDAwLCJ1cGRhdGUiOjEyMDAwMDAwMDAwMH19",
          "dependencies": [
            "aws_internet_gateway.main",
            "aws_route_table.public",
            "aws_subnet.public",
            "aws_vpc.main"
          ]
        },
        {
          "index_key": 1,
          "schema_version": 0,
          "attributes": {
            "gateway_id": "",
            "id": "rtbassoc-0e6617a14684779be",
            "route_table_id": "rtb-01265908318f24be7",
            "subnet_id": "subnet-02f48ffc540d2e299",
            "timeouts": null
          },
          "sensitive_attributes": [],
          "identity_schema_version": 0,
          "private": "eyJlMmJmYjczMC1lY2FhLTExZTYtOGY4OC0zNDM2M2JjN2M0YzAiOnsiY3JlYXRlIjozMDAwMDAwMDAwMDAsImRlbGV0ZSI6MzAwMDAwMDAwMDAwLCJ1cGRhdGUiOjEyMDAwMDAwMDAwMH19",
          "dependencies": [
            "aws_internet_gateway.main",
            "aws_route_table.public",
            "aws_subnet.public",
            "aws_vpc.main"
          ]
        }
      ]
    },
    {
      "mode": "managed",
      "type": "aws_s3_bucket",
      "name": "pipeline_artifacts",
      "provider": "provider[\"registry.terraform.io/hashicorp/aws\"]",
      "instances": [
        {
          "schema_version": 0,
          "attributes": {
            "acceleration_status": "",
            "acl": null,
            "arn": "arn:aws:s3:::multicloud-devops-dev-pipeline-artifacts-587601535321",
            "bucket": "multicloud-devops-dev-pipeline-artifacts-587601535321",
            "bucket_domain_name": "multicloud-devops-dev-pipeline-artifacts-587601535321.s3.amazonaws.com",
            "bucket_prefix": "",
            "bucket_regional_domain_name": "multicloud-devops-dev-pipeline-artifacts-587601535321.s3.ap-southeast-2.amazonaws.com",
            "cors_rule": [],
            "force_destroy": true,
            "grant": [
              {
                "id": "561d1a427ac74f4cd348885733490f42409341cb4d7eefa6133f28f43f181d37",
                "permissions": [
                  "FULL_CONTROL"
                ],
                "type": "CanonicalUser",
                "uri": ""
              }
            ],
            "hosted_zone_id": "Z1WCIGYICN2BYD",
            "id": "multicloud-devops-dev-pipeline-artifacts-587601535321",
            "lifecycle_rule": [],
            "logging": [],
            "object_lock_configuration": [],
            "object_lock_enabled": false,
            "policy": "",
            "region": "ap-southeast-2",
            "replication_configuration": [],
            "request_payer": "BucketOwner",
            "server_side_encryption_configuration": [
              {
                "rule": [
                  {
                    "apply_server_side_encryption_by_default": [
                      {
                        "kms_master_key_id": "",
                        "sse_algorithm": "AES256"
                      }
                    ],
                    "bucket_key_enabled": false
                  }
                ]
              }
            ],
            "tags": {
              "Name": "multicloud-devops-dev-pipeline-artifacts"
            },
            "tags_all": {
              "Assessment": "DCE04.2-Assessment1",
              "Environment": "dev",
              "ManagedBy": "terraform",
              "Name": "multicloud-devops-dev-pipeline-artifacts",
              "Project": "multicloud-devops"
            },
            "timeouts": null,
            "versioning": [
              {
                "enabled": false,
                "mfa_delete": false
              }
            ],
            "website": [],
            "website_domain": null,
            "website_endpoint": null
          },
          "sensitive_attributes": [],
          "identity_schema_version": 0,
          "private": "eyJlMmJmYjczMC1lY2FhLTExZTYtOGY4OC0zNDM2M2JjN2M0YzAiOnsiY3JlYXRlIjoxMjAwMDAwMDAwMDAwLCJkZWxldGUiOjM2MDAwMDAwMDAwMDAsInJlYWQiOjEyMDAwMDAwMDAwMDAsInVwZGF0ZSI6MTIwMDAwMDAwMDAwMH19"
        }
      ]
    },
    {
      "mode": "managed",
      "type": "aws_s3_bucket_public_access_block",
      "name": "pipeline_artifacts",
      "provider": "provider[\"registry.terraform.io/hashicorp/aws\"]",
      "instances": [
        {
          "schema_version": 0,
          "attributes": {
            "block_public_acls": true,
            "block_public_policy": true,
            "bucket": "multicloud-devops-dev-pipeline-artifacts-587601535321",
            "id": "multicloud-devops-dev-pipeline-artifacts-587601535321",
            "ignore_public_acls": true,
            "restrict_public_buckets": true
          },
          "sensitive_attributes": [],
          "identity_schema_version": 0,
          "private": "bnVsbA==",
          "dependencies": [
            "aws_s3_bucket.pipeline_artifacts"
          ]
        }
      ]
    },
    {
      "mode": "managed",
      "type": "aws_s3_bucket_server_side_encryption_configuration",
      "name": "pipeline_artifacts",
      "provider": "provider[\"registry.terraform.io/hashicorp/aws\"]",
      "instances": [
        {
          "schema_version": 0,
          "attributes": {
            "bucket": "multicloud-devops-dev-pipeline-artifacts-587601535321",
            "expected_bucket_owner": "",
            "id": "multicloud-devops-dev-pipeline-artifacts-587601535321",
            "rule": [
              {
                "apply_server_side_encryption_by_default": [
                  {
                    "kms_master_key_id": "",
                    "sse_algorithm": "AES256"
                  }
                ],
                "bucket_key_enabled": false
              }
            ]
          },
          "sensitive_attributes": [],
          "identity_schema_version": 0,
          "private": "bnVsbA==",
          "dependencies": [
            "aws_s3_bucket.pipeline_artifacts"
          ]
        }
      ]
    },
    {
      "mode": "managed",
      "type": "aws_security_group",
      "name": "alb",
      "provider": "provider[\"registry.terraform.io/hashicorp/aws\"]",
      "instances": [
        {
          "schema_version": 1,
          "attributes": {
            "arn": "arn:aws:ec2:ap-southeast-2:587601535321:security-group/sg-0ac4a85b23dca4afb",
            "description": "Allow inbound HTTP traffic to ALBs",
            "egress": [
              {
                "cidr_blocks": [
                  "0.0.0.0/0"
                ],
                "description": "Allow all outbound traffic",
                "from_port": 0,
                "ipv6_cidr_blocks": [],
                "prefix_list_ids": [],
                "protocol": "-1",
                "security_groups": [],
                "self": false,
                "to_port": 0
              }
            ],
            "id": "sg-0ac4a85b23dca4afb",
            "ingress": [
              {
                "cidr_blocks": [
                  "0.0.0.0/0"
                ],
                "description": "HTTP from anywhere",
                "from_port": 80,
                "ipv6_cidr_blocks": [],
                "prefix_list_ids": [],
                "protocol": "tcp",
                "security_groups": [],
                "self": false,
                "to_port": 80
              },
              {
                "cidr_blocks": [
                  "0.0.0.0/0"
                ],
                "description": "HTTPS from anywhere",
                "from_port": 443,
                "ipv6_cidr_blocks": [],
                "prefix_list_ids": [],
                "protocol": "tcp",
                "security_groups": [],
                "self": false,
                "to_port": 443
              },
              {
                "cidr_blocks": [
                  "0.0.0.0/0"
                ],
                "description": "Test listener for blue/green deployments",
                "from_port": 8080,
                "ipv6_cidr_blocks": [],
                "prefix_list_ids": [],
                "protocol": "tcp",
                "security_groups": [],
                "self": false,
                "to_port": 8080
              }
            ],
            "name": "multicloud-devops-dev-alb-sg",
            "name_prefix": "",
            "owner_id": "587601535321",
            "revoke_rules_on_delete": false,
            "tags": {
              "Name": "multicloud-devops-dev-alb-sg"
            },
            "tags_all": {
              "Assessment": "DCE04.2-Assessment1",
              "Environment": "dev",
              "ManagedBy": "terraform",
              "Name": "multicloud-devops-dev-alb-sg",
              "Project": "multicloud-devops"
            },
            "timeouts": null,
            "vpc_id": "vpc-0051b3bf31acfe29d"
          },
          "sensitive_attributes": [],
          "identity_schema_version": 0,
          "private": "eyJlMmJmYjczMC1lY2FhLTExZTYtOGY4OC0zNDM2M2JjN2M0YzAiOnsiY3JlYXRlIjo2MDAwMDAwMDAwMDAsImRlbGV0ZSI6OTAwMDAwMDAwMDAwfSwic2NoZW1hX3ZlcnNpb24iOiIxIn0=",
          "dependencies": [
            "aws_vpc.main"
          ]
        }
      ]
    },
    {
      "mode": "managed",
      "type": "aws_security_group",
      "name": "ecs_tasks",
      "provider": "provider[\"registry.terraform.io/hashicorp/aws\"]",
      "instances": [
        {
          "schema_version": 1,
          "attributes": {
            "arn": "arn:aws:ec2:ap-southeast-2:587601535321:security-group/sg-05f108336834096d0",
            "description": "Allow traffic from ALB only",
            "egress": [
              {
                "cidr_blocks": [
                  "0.0.0.0/0"
                ],
                "description": "Allow all outbound (DynamoDB, GCS, ECR, etc.)",
                "from_port": 0,
                "ipv6_cidr_blocks": [],
                "prefix_list_ids": [],
                "protocol": "-1",
                "security_groups": [],
                "self": false,
                "to_port": 0
              }
            ],
            "id": "sg-05f108336834096d0",
            "ingress": [
              {
                "cidr_blocks": [],
                "description": "Service A traffic from ALB",
                "from_port": 8000,
                "ipv6_cidr_blocks": [],
                "prefix_list_ids": [],
                "protocol": "tcp",
                "security_groups": [
                  "sg-0ac4a85b23dca4afb"
                ],
                "self": false,
                "to_port": 8000
              },
              {
                "cidr_blocks": [],
                "description": "Service B traffic from ALB",
                "from_port": 3000,
                "ipv6_cidr_blocks": [],
                "prefix_list_ids": [],
                "protocol": "tcp",
                "security_groups": [
                  "sg-0ac4a85b23dca4afb"
                ],
                "self": false,
                "to_port": 3000
              }
            ],
            "name": "multicloud-devops-dev-ecs-tasks-sg",
            "name_prefix": "",
            "owner_id": "587601535321",
            "revoke_rules_on_delete": false,
            "tags": {
              "Name": "multicloud-devops-dev-ecs-tasks-sg"
            },
            "tags_all": {
              "Assessment": "DCE04.2-Assessment1",
              "Environment": "dev",
              "ManagedBy": "terraform",
              "Name": "multicloud-devops-dev-ecs-tasks-sg",
              "Project": "multicloud-devops"
            },
            "timeouts": null,
            "vpc_id": "vpc-0051b3bf31acfe29d"
          },
          "sensitive_attributes": [],
          "identity_schema_version": 0,
          "private": "eyJlMmJmYjczMC1lY2FhLTExZTYtOGY4OC0zNDM2M2JjN2M0YzAiOnsiY3JlYXRlIjo2MDAwMDAwMDAwMDAsImRlbGV0ZSI6OTAwMDAwMDAwMDAwfSwic2NoZW1hX3ZlcnNpb24iOiIxIn0=",
          "dependencies": [
            "aws_vpc.main"
          ]
        }
      ]
    },
    {
      "mode": "managed",
      "type": "aws_sns_topic",
      "name": "notifications",
      "provider": "provider[\"registry.terraform.io/hashicorp/aws\"]",
      "instances": [
        {
          "schema_version": 0,
          "attributes": {
            "application_failure_feedback_role_arn": "",
            "application_success_feedback_role_arn": "",
            "application_success_feedback_sample_rate": 0,
            "archive_policy": "",
            "arn": "arn:aws:sns:ap-southeast-2:587601535321:multicloud-devops-dev-notifications",
            "beginning_archive_time": "",
            "content_based_deduplication": false,
            "delivery_policy": "",
            "display_name": "",
            "fifo_throughput_scope": "",
            "fifo_topic": false,
            "firehose_failure_feedback_role_arn": "",
            "firehose_success_feedback_role_arn": "",
            "firehose_success_feedback_sample_rate": 0,
            "http_failure_feedback_role_arn": "",
            "http_success_feedback_role_arn": "",
            "http_success_feedback_sample_rate": 0,
            "id": "arn:aws:sns:ap-southeast-2:587601535321:multicloud-devops-dev-notifications",
            "kms_master_key_id": "",
            "lambda_failure_feedback_role_arn": "",
            "lambda_success_feedback_role_arn": "",
            "lambda_success_feedback_sample_rate": 0,
            "name": "multicloud-devops-dev-notifications",
            "name_prefix": "",
            "owner": "587601535321",
            "policy": "{\"Id\":\"__default_policy_ID\",\"Statement\":[{\"Action\":[\"SNS:GetTopicAttributes\",\"SNS:SetTopicAttributes\",\"SNS:AddPermission\",\"SNS:RemovePermission\",\"SNS:DeleteTopic\",\"SNS:Subscribe\",\"SNS:ListSubscriptionsByTopic\",\"SNS:Publish\"],\"Condition\":{\"StringEquals\":{\"AWS:SourceOwner\":\"587601535321\"}},\"Effect\":\"Allow\",\"Principal\":{\"AWS\":\"*\"},\"Resource\":\"arn:aws:sns:ap-southeast-2:587601535321:multicloud-devops-dev-notifications\",\"Sid\":\"__default_statement_ID\"}],\"Version\":\"2008-10-17\"}",
            "signature_version": 0,
            "sqs_failure_feedback_role_arn": "",
            "sqs_success_feedback_role_arn": "",
            "sqs_success_feedback_sample_rate": 0,
            "tags": {
              "Name": "multicloud-devops-dev-notifications"
            },
            "tags_all": {
              "Assessment": "DCE04.2-Assessment1",
              "Environment": "dev",
              "ManagedBy": "terraform",
              "Name": "multicloud-devops-dev-notifications",
              "Project": "multicloud-devops"
            },
            "tracing_config": ""
          },
          "sensitive_attributes": [],
          "identity_schema_version": 0,
          "private": "bnVsbA=="
        }
      ]
    },
    {
      "mode": "managed",
      "type": "aws_sns_topic_subscription",
      "name": "email",
      "provider": "provider[\"registry.terraform.io/hashicorp/aws\"]",
      "instances": [
        {
          "index_key": 0,
          "schema_version": 0,
          "attributes": {
            "arn": "arn:aws:sns:ap-southeast-2:587601535321:multicloud-devops-dev-notifications:650ed8ac-22bf-42ac-829f-9532506e6985",
            "confirmation_timeout_in_minutes": 1,
            "confirmation_was_authenticated": false,
            "delivery_policy": "",
            "endpoint": "amishasingh2@gmail.com",
            "endpoint_auto_confirms": false,
            "filter_policy": "",
            "filter_policy_scope": "",
            "id": "arn:aws:sns:ap-southeast-2:587601535321:multicloud-devops-dev-notifications:650ed8ac-22bf-42ac-829f-9532506e6985",
            "owner_id": "587601535321",
            "pending_confirmation": false,
            "protocol": "email",
            "raw_message_delivery": false,
            "redrive_policy": "",
            "replay_policy": "",
            "subscription_role_arn": "",
            "topic_arn": "arn:aws:sns:ap-southeast-2:587601535321:multicloud-devops-dev-notifications"
          },
          "sensitive_attributes": [],
          "identity_schema_version": 0,
          "private": "bnVsbA==",
          "dependencies": [
            "aws_sns_topic.notifications"
          ]
        }
      ]
    },
    {
      "mode": "managed",
      "type": "aws_subnet",
      "name": "public",
      "provider": "provider[\"registry.terraform.io/hashicorp/aws\"]",
      "instances": [
        {
          "index_key": 0,
          "schema_version": 1,
          "attributes": {
            "arn": "arn:aws:ec2:ap-southeast-2:587601535321:subnet/subnet-04044d1108d4ba1a4",
            "assign_ipv6_address_on_creation": false,
            "availability_zone": "ap-southeast-2a",
            "availability_zone_id": "apse2-az1",
            "cidr_block": "10.0.1.0/24",
            "customer_owned_ipv4_pool": "",
            "enable_dns64": false,
            "enable_lni_at_device_index": 0,
            "enable_resource_name_dns_a_record_on_launch": false,
            "enable_resource_name_dns_aaaa_record_on_launch": false,
            "id": "subnet-04044d1108d4ba1a4",
            "ipv6_cidr_block": "",
            "ipv6_cidr_block_association_id": "",
            "ipv6_native": false,
            "map_customer_owned_ip_on_launch": false,
            "map_public_ip_on_launch": true,
            "outpost_arn": "",
            "owner_id": "587601535321",
            "private_dns_hostname_type_on_launch": "ip-name",
            "tags": {
              "Name": "multicloud-devops-dev-public-ap-southeast-2a"
            },
            "tags_all": {
              "Assessment": "DCE04.2-Assessment1",
              "Environment": "dev",
              "ManagedBy": "terraform",
              "Name": "multicloud-devops-dev-public-ap-southeast-2a",
              "Project": "multicloud-devops"
            },
            "timeouts": null,
            "vpc_id": "vpc-0051b3bf31acfe29d"
          },
          "sensitive_attributes": [],
          "identity_schema_version": 0,
          "private": "eyJlMmJmYjczMC1lY2FhLTExZTYtOGY4OC0zNDM2M2JjN2M0YzAiOnsiY3JlYXRlIjo2MDAwMDAwMDAwMDAsImRlbGV0ZSI6MTIwMDAwMDAwMDAwMH0sInNjaGVtYV92ZXJzaW9uIjoiMSJ9",
          "dependencies": [
            "aws_vpc.main"
          ]
        },
        {
          "index_key": 1,
          "schema_version": 1,
          "attributes": {
            "arn": "arn:aws:ec2:ap-southeast-2:587601535321:subnet/subnet-02f48ffc540d2e299",
            "assign_ipv6_address_on_creation": false,
            "availability_zone": "ap-southeast-2b",
            "availability_zone_id": "apse2-az3",
            "cidr_block": "10.0.2.0/24",
            "customer_owned_ipv4_pool": "",
            "enable_dns64": false,
            "enable_lni_at_device_index": 0,
            "enable_resource_name_dns_a_record_on_launch": false,
            "enable_resource_name_dns_aaaa_record_on_launch": false,
            "id": "subnet-02f48ffc540d2e299",
            "ipv6_cidr_block": "",
            "ipv6_cidr_block_association_id": "",
            "ipv6_native": false,
            "map_customer_owned_ip_on_launch": false,
            "map_public_ip_on_launch": true,
            "outpost_arn": "",
            "owner_id": "587601535321",
            "private_dns_hostname_type_on_launch": "ip-name",
            "tags": {
              "Name": "multicloud-devops-dev-public-ap-southeast-2b"
            },
            "tags_all": {
              "Assessment": "DCE04.2-Assessment1",
              "Environment": "dev",
              "ManagedBy": "terraform",
              "Name": "multicloud-devops-dev-public-ap-southeast-2b",
              "Project": "multicloud-devops"
            },
            "timeouts": null,
            "vpc_id": "vpc-0051b3bf31acfe29d"
          },
          "sensitive_attributes": [],
          "identity_schema_version": 0,
          "private": "eyJlMmJmYjczMC1lY2FhLTExZTYtOGY4OC0zNDM2M2JjN2M0YzAiOnsiY3JlYXRlIjo2MDAwMDAwMDAwMDAsImRlbGV0ZSI6MTIwMDAwMDAwMDAwMH0sInNjaGVtYV92ZXJzaW9uIjoiMSJ9",
          "dependencies": [
            "aws_vpc.main"
          ]
        }
      ]
    },
    {
      "mode": "managed",
      "type": "aws_vpc",
      "name": "main",
      "provider": "provider[\"registry.terraform.io/hashicorp/aws\"]",
      "instances": [
        {
          "schema_version": 1,
          "attributes": {
            "arn": "arn:aws:ec2:ap-southeast-2:587601535321:vpc/vpc-0051b3bf31acfe29d",
            "assign_generated_ipv6_cidr_block": false,
            "cidr_block": "10.0.0.0/16",
            "default_network_acl_id": "acl-0f2e149a1dafaf6b0",
            "default_route_table_id": "rtb-0f7b4d4b4dfb51db9",
            "default_security_group_id": "sg-078c580c3e2556f89",
            "dhcp_options_id": "dopt-03fb70fee99f8d433",
            "enable_dns_hostnames": true,
            "enable_dns_support": true,
            "enable_network_address_usage_metrics": false,
            "id": "vpc-0051b3bf31acfe29d",
            "instance_tenancy": "default",
            "ipv4_ipam_pool_id": null,
            "ipv4_netmask_length": null,
            "ipv6_association_id": "",
            "ipv6_cidr_block": "",
            "ipv6_cidr_block_network_border_group": "",
            "ipv6_ipam_pool_id": "",
            "ipv6_netmask_length": 0,
            "main_route_table_id": "rtb-0f7b4d4b4dfb51db9",
            "owner_id": "587601535321",
            "tags": {
              "Name": "multicloud-devops-dev-vpc"
            },
            "tags_all": {
              "Assessment": "DCE04.2-Assessment1",
              "Environment": "dev",
              "ManagedBy": "terraform",
              "Name": "multicloud-devops-dev-vpc",
              "Project": "multicloud-devops"
            }
          },
          "sensitive_attributes": [],
          "identity_schema_version": 0,
          "private": "eyJzY2hlbWFfdmVyc2lvbiI6IjEifQ=="
        }
      ]
    },
    {
      "mode": "managed",
      "type": "aws_vpc_security_group_egress_rule",
      "name": "alb_all_out",
      "provider": "provider[\"registry.terraform.io/hashicorp/aws\"]",
      "instances": [
        {
          "schema_version": 0,
          "attributes": {
            "arn": "arn:aws:ec2:ap-southeast-2:587601535321:security-group-rule/sgr-04c767f1a18b78e55",
            "cidr_ipv4": "0.0.0.0/0",
            "cidr_ipv6": null,
            "description": "Allow all outbound traffic",
            "from_port": null,
            "id": "sgr-04c767f1a18b78e55",
            "ip_protocol": "-1",
            "prefix_list_id": null,
            "referenced_security_group_id": null,
            "security_group_id": "sg-0ac4a85b23dca4afb",
            "security_group_rule_id": "sgr-04c767f1a18b78e55",
            "tags": null,
            "tags_all": {
              "Assessment": "DCE04.2-Assessment1",
              "Environment": "dev",
              "ManagedBy": "terraform",
              "Project": "multicloud-devops"
            },
            "to_port": null
          },
          "sensitive_attributes": [],
          "identity_schema_version": 0,
          "dependencies": [
            "aws_security_group.alb",
            "aws_vpc.main"
          ]
        }
      ]
    },
    {
      "mode": "managed",
      "type": "aws_vpc_security_group_egress_rule",
      "name": "ecs_all_out",
      "provider": "provider[\"registry.terraform.io/hashicorp/aws\"]",
      "instances": [
        {
          "schema_version": 0,
          "attributes": {
            "arn": "arn:aws:ec2:ap-southeast-2:587601535321:security-group-rule/sgr-08baa60f1f29ec2fe",
            "cidr_ipv4": "0.0.0.0/0",
            "cidr_ipv6": null,
            "description": "Allow all outbound (DynamoDB, GCS, ECR, etc.)",
            "from_port": null,
            "id": "sgr-08baa60f1f29ec2fe",
            "ip_protocol": "-1",
            "prefix_list_id": null,
            "referenced_security_group_id": null,
            "security_group_id": "sg-05f108336834096d0",
            "security_group_rule_id": "sgr-08baa60f1f29ec2fe",
            "tags": null,
            "tags_all": {
              "Assessment": "DCE04.2-Assessment1",
              "Environment": "dev",
              "ManagedBy": "terraform",
              "Project": "multicloud-devops"
            },
            "to_port": null
          },
          "sensitive_attributes": [],
          "identity_schema_version": 0,
          "dependencies": [
            "aws_security_group.ecs_tasks",
            "aws_vpc.main"
          ]
        }
      ]
    },
    {
      "mode": "managed",
      "type": "aws_vpc_security_group_ingress_rule",
      "name": "alb_http",
      "provider": "provider[\"registry.terraform.io/hashicorp/aws\"]",
      "instances": [
        {
          "schema_version": 0,
          "attributes": {
            "arn": "arn:aws:ec2:ap-southeast-2:587601535321:security-group-rule/sgr-0e238eea8907390c9",
            "cidr_ipv4": "0.0.0.0/0",
            "cidr_ipv6": null,
            "description": "HTTP from anywhere",
            "from_port": 80,
            "id": "sgr-0e238eea8907390c9",
            "ip_protocol": "tcp",
            "prefix_list_id": null,
            "referenced_security_group_id": null,
            "security_group_id": "sg-0ac4a85b23dca4afb",
            "security_group_rule_id": "sgr-0e238eea8907390c9",
            "tags": null,
            "tags_all": {
              "Assessment": "DCE04.2-Assessment1",
              "Environment": "dev",
              "ManagedBy": "terraform",
              "Project": "multicloud-devops"
            },
            "to_port": 80
          },
          "sensitive_attributes": [],
          "identity_schema_version": 0,
          "dependencies": [
            "aws_security_group.alb",
            "aws_vpc.main"
          ]
        }
      ]
    },
    {
      "mode": "managed",
      "type": "aws_vpc_security_group_ingress_rule",
      "name": "alb_https",
      "provider": "provider[\"registry.terraform.io/hashicorp/aws\"]",
      "instances": [
        {
          "schema_version": 0,
          "attributes": {
            "arn": "arn:aws:ec2:ap-southeast-2:587601535321:security-group-rule/sgr-095a973d6dba53ff5",
            "cidr_ipv4": "0.0.0.0/0",
            "cidr_ipv6": null,
            "description": "HTTPS from anywhere",
            "from_port": 443,
            "id": "sgr-095a973d6dba53ff5",
            "ip_protocol": "tcp",
            "prefix_list_id": null,
            "referenced_security_group_id": null,
            "security_group_id": "sg-0ac4a85b23dca4afb",
            "security_group_rule_id": "sgr-095a973d6dba53ff5",
            "tags": null,
            "tags_all": {
              "Assessment": "DCE04.2-Assessment1",
              "Environment": "dev",
              "ManagedBy": "terraform",
              "Project": "multicloud-devops"
            },
            "to_port": 443
          },
          "sensitive_attributes": [],
          "identity_schema_version": 0,
          "dependencies": [
            "aws_security_group.alb",
            "aws_vpc.main"
          ]
        }
      ]
    },
    {
      "mode": "managed",
      "type": "aws_vpc_security_group_ingress_rule",
      "name": "alb_test",
      "provider": "provider[\"registry.terraform.io/hashicorp/aws\"]",
      "instances": [
        {
          "schema_version": 0,
          "attributes": {
            "arn": "arn:aws:ec2:ap-southeast-2:587601535321:security-group-rule/sgr-02394cbbfd6528aa2",
            "cidr_ipv4": "0.0.0.0/0",
            "cidr_ipv6": null,
            "description": "Test listener for blue/green deployments",
            "from_port": 8080,
            "id": "sgr-02394cbbfd6528aa2",
            "ip_protocol": "tcp",
            "prefix_list_id": null,
            "referenced_security_group_id": null,
            "security_group_id": "sg-0ac4a85b23dca4afb",
            "security_group_rule_id": "sgr-02394cbbfd6528aa2",
            "tags": null,
            "tags_all": {
              "Assessment": "DCE04.2-Assessment1",
              "Environment": "dev",
              "ManagedBy": "terraform",
              "Project": "multicloud-devops"
            },
            "to_port": 8080
          },
          "sensitive_attributes": [],
          "identity_schema_version": 0,
          "dependencies": [
            "aws_security_group.alb",
            "aws_vpc.main"
          ]
        }
      ]
    },
    {
      "mode": "managed",
      "type": "aws_vpc_security_group_ingress_rule",
      "name": "ecs_from_alb_a",
      "provider": "provider[\"registry.terraform.io/hashicorp/aws\"]",
      "instances": [
        {
          "schema_version": 0,
          "attributes": {
            "arn": "arn:aws:ec2:ap-southeast-2:587601535321:security-group-rule/sgr-03c493285105cce53",
            "cidr_ipv4": null,
            "cidr_ipv6": null,
            "description": "Service A traffic from ALB",
            "from_port": 8000,
            "id": "sgr-03c493285105cce53",
            "ip_protocol": "tcp",
            "prefix_list_id": null,
            "referenced_security_group_id": "sg-0ac4a85b23dca4afb",
            "security_group_id": "sg-05f108336834096d0",
            "security_group_rule_id": "sgr-03c493285105cce53",
            "tags": null,
            "tags_all": {
              "Assessment": "DCE04.2-Assessment1",
              "Environment": "dev",
              "ManagedBy": "terraform",
              "Project": "multicloud-devops"
            },
            "to_port": 8000
          },
          "sensitive_attributes": [],
          "identity_schema_version": 0,
          "dependencies": [
            "aws_security_group.alb",
            "aws_security_group.ecs_tasks",
            "aws_vpc.main"
          ]
        }
      ]
    },
    {
      "mode": "managed",
      "type": "aws_vpc_security_group_ingress_rule",
      "name": "ecs_from_alb_b",
      "provider": "provider[\"registry.terraform.io/hashicorp/aws\"]",
      "instances": [
        {
          "schema_version": 0,
          "attributes": {
            "arn": "arn:aws:ec2:ap-southeast-2:587601535321:security-group-rule/sgr-0fce16d0dafdc742c",
            "cidr_ipv4": null,
            "cidr_ipv6": null,
            "description": "Service B traffic from ALB",
            "from_port": 3000,
            "id": "sgr-0fce16d0dafdc742c",
            "ip_protocol": "tcp",
            "prefix_list_id": null,
            "referenced_security_group_id": "sg-0ac4a85b23dca4afb",
            "security_group_id": "sg-05f108336834096d0",
            "security_group_rule_id": "sgr-0fce16d0dafdc742c",
            "tags": null,
            "tags_all": {
              "Assessment": "DCE04.2-Assessment1",
              "Environment": "dev",
              "ManagedBy": "terraform",
              "Project": "multicloud-devops"
            },
            "to_port": 3000
          },
          "sensitive_attributes": [],
          "identity_schema_version": 0,
          "dependencies": [
            "aws_security_group.alb",
            "aws_security_group.ecs_tasks",
            "aws_vpc.main"
          ]
        }
      ]
    },
    {
      "mode": "managed",
      "type": "google_service_account",
      "name": "service_b",
      "provider": "provider[\"registry.terraform.io/hashicorp/google\"]",
      "instances": [
        {
          "schema_version": 0,
          "attributes": {
            "account_id": "multicloud-devops-dev-svc-b",
            "create_ignore_already_exists": null,
            "description": "",
            "disabled": false,
            "display_name": "Service B - GCS Access (dev)",
            "email": "multicloud-devops-dev-svc-b@multicloud-devops-project.iam.gserviceaccount.com",
            "id": "projects/multicloud-devops-project/serviceAccounts/multicloud-devops-dev-svc-b@multicloud-devops-project.iam.gserviceaccount.com",
            "member": "serviceAccount:multicloud-devops-dev-svc-b@multicloud-devops-project.iam.gserviceaccount.com",
            "name": "projects/multicloud-devops-project/serviceAccounts/multicloud-devops-dev-svc-b@multicloud-devops-project.iam.gserviceaccount.com",
            "project": "multicloud-devops-project",
            "timeouts": null,
            "unique_id": "105836741244494734426"
          },
          "sensitive_attributes": [],
          "identity_schema_version": 0,
          "private": "eyJlMmJmYjczMC1lY2FhLTExZTYtOGY4OC0zNDM2M2JjN2M0YzAiOnsiY3JlYXRlIjozMDAwMDAwMDAwMDB9fQ=="
        }
      ]
    },
    {
      "mode": "managed",
      "type": "google_storage_bucket",
      "name": "app_assets",
      "provider": "provider[\"registry.terraform.io/hashicorp/google\"]",
      "instances": [
        {
          "schema_version": 2,
          "attributes": {
            "autoclass": [],
            "cors": [],
            "custom_placement_config": [],
            "default_event_based_hold": false,
            "effective_labels": {
              "environment": "dev",
              "managed-by": "terraform",
              "project": "multicloud-devops"
            },
            "enable_object_retention": false,
            "encryption": [],
            "force_destroy": true,
            "id": "multicloud-devops-dev-assets-multicloud-devops-project",
            "labels": {
              "environment": "dev",
              "managed-by": "terraform",
              "project": "multicloud-devops"
            },
            "lifecycle_rule": [],
            "location": "AUSTRALIA-SOUTHEAST1",
            "logging": [],
            "name": "multicloud-devops-dev-assets-multicloud-devops-project",
            "project": "multicloud-devops-project",
            "project_number": 827051130007,
            "public_access_prevention": "inherited",
            "requester_pays": false,
            "retention_policy": [],
            "rpo": null,
            "self_link": "https://www.googleapis.com/storage/v1/b/multicloud-devops-dev-assets-multicloud-devops-project",
            "soft_delete_policy": [
              {
                "effective_time": "2026-05-23T06:17:30.631Z",
                "retention_duration_seconds": 604800
              }
            ],
            "storage_class": "STANDARD",
            "terraform_labels": {
              "environment": "dev",
              "managed-by": "terraform",
              "project": "multicloud-devops"
            },
            "timeouts": null,
            "uniform_bucket_level_access": true,
            "url": "gs://multicloud-devops-dev-assets-multicloud-devops-project",
            "versioning": [
              {
                "enabled": false
              }
            ],
            "website": []
          },
          "sensitive_attributes": [],
          "identity_schema_version": 0,
          "private": "eyJlMmJmYjczMC1lY2FhLTExZTYtOGY4OC0zNDM2M2JjN2M0YzAiOnsiY3JlYXRlIjo2MDAwMDAwMDAwMDAsInJlYWQiOjI0MDAwMDAwMDAwMCwidXBkYXRlIjoyNDAwMDAwMDAwMDB9LCJzY2hlbWFfdmVyc2lvbiI6IjIifQ=="
        }
      ]
    },
    {
      "mode": "managed",
      "type": "google_storage_bucket_iam_member",
      "name": "service_b_admin",
      "provider": "provider[\"registry.terraform.io/hashicorp/google\"]",
      "instances": [
        {
          "schema_version": 0,
          "attributes": {
            "bucket": "b/multicloud-devops-dev-assets-multicloud-devops-project",
            "condition": [],
            "etag": "CAI=",
            "id": "b/multicloud-devops-dev-assets-multicloud-devops-project/roles/storage.objectAdmin/serviceAccount:multicloud-devops-dev-svc-b@multicloud-devops-project.iam.gserviceaccount.com",
            "member": "serviceAccount:multicloud-devops-dev-svc-b@multicloud-devops-project.iam.gserviceaccount.com",
            "role": "roles/storage.objectAdmin"
          },
          "sensitive_attributes": [],
          "identity_schema_version": 0,
          "private": "bnVsbA==",
          "dependencies": [
            "google_service_account.service_b",
            "google_storage_bucket.app_assets"
          ]
        }
      ]
    }
  ],
  "check_results": null
}
